// !$*UTF8*$!
{
	archiveVersion = 1;
	classes = {
	};
	objectVersion = 46;
	objects = {

/* Begin PBXBuildFile section */
		014F22D79C8AFDD24AC8065A /* libPods.a in Frameworks */ = {isa = PBXBuildFile; fileRef = 54127559369C5508905B3990 /* libPods.a */; };
		0D1341BF1C4F7CF000051E2C /* IModifyViewModel.swift in Sources */ = {isa = PBXBuildFile; fileRef = 0D1341BE1C4F7CF000051E2C /* IModifyViewModel.swift */; };
		0D336D0E1C92596D0049883F /* RemoteNoticeHelper.swift in Sources */ = {isa = PBXBuildFile; fileRef = 0D336D0D1C92596D0049883F /* RemoteNoticeHelper.swift */; };
		0D35D5F61C488CDE009F8EB2 /* MessageHelper.swift in Sources */ = {isa = PBXBuildFile; fileRef = 0D35D5F51C488CDE009F8EB2 /* MessageHelper.swift */; };
		0D35D5FA1C4CC3D8009F8EB2 /* Message.plist in Resources */ = {isa = PBXBuildFile; fileRef = 0D35D5F91C4CC3D8009F8EB2 /* Message.plist */; };
		0D47F1B31DB8BB1F0012C078 /* AccountSettingController.swift in Sources */ = {isa = PBXBuildFile; fileRef = 0D47F1B21DB8BB1F0012C078 /* AccountSettingController.swift */; };
		0D47F1B71DB9A11B0012C078 /* PatientCodeAndName.swift in Sources */ = {isa = PBXBuildFile; fileRef = 0D47F1B61DB9A11B0012C078 /* PatientCodeAndName.swift */; };
		0D652BD11DB49E1100110E63 /* IAlarmViewModel.swift in Sources */ = {isa = PBXBuildFile; fileRef = 0D652BD01DB49E1100110E63 /* IAlarmViewModel.swift */; };
		0D6B4CBB1DB768EC00C6DD3E /* IBedUserInfo.swift in Sources */ = {isa = PBXBuildFile; fileRef = 0D6B4CBA1DB768EC00C6DD3E /* IBedUserInfo.swift */; };
		0D85F7171DB497E3000E5ADC /* AlarmInfo.swift in Sources */ = {isa = PBXBuildFile; fileRef = 0D85F70C1DB497E3000E5ADC /* AlarmInfo.swift */; };
		0D85F7181DB497E3000E5ADC /* AlarmList.swift in Sources */ = {isa = PBXBuildFile; fileRef = 0D85F70D1DB497E3000E5ADC /* AlarmList.swift */; };
		0D85F7191DB497E3000E5ADC /* IBedUserList.swift in Sources */ = {isa = PBXBuildFile; fileRef = 0D85F70E1DB497E3000E5ADC /* IBedUserList.swift */; };
		0D85F71C1DB497E3000E5ADC /* ILoginUser.swift in Sources */ = {isa = PBXBuildFile; fileRef = 0D85F7111DB497E3000E5ADC /* ILoginUser.swift */; };
		0D85F71D1DB497E3000E5ADC /* IMainInfo.swift in Sources */ = {isa = PBXBuildFile; fileRef = 0D85F7121DB497E3000E5ADC /* IMainInfo.swift */; };
		0D85F7271DB49817000E5ADC /* EMProperties.swift in Sources */ = {isa = PBXBuildFile; fileRef = 0D85F7221DB49817000E5ADC /* EMProperties.swift */; };
		0D85F7281DB49817000E5ADC /* EMServiceException.swift in Sources */ = {isa = PBXBuildFile; fileRef = 0D85F7231DB49817000E5ADC /* EMServiceException.swift */; };
		0D85F7291DB49817000E5ADC /* EMString.swift in Sources */ = {isa = PBXBuildFile; fileRef = 0D85F7241DB49817000E5ADC /* EMString.swift */; };
		0D85F72A1DB49817000E5ADC /* MessageFactory.swift in Sources */ = {isa = PBXBuildFile; fileRef = 0D85F7251DB49817000E5ADC /* MessageFactory.swift */; };
		0D85F72B1DB49817000E5ADC /* ServerResult.swift in Sources */ = {isa = PBXBuildFile; fileRef = 0D85F7261DB49817000E5ADC /* ServerResult.swift */; };
		0D85F72D1DB498D8000E5ADC /* IAlarmHelper.swift in Sources */ = {isa = PBXBuildFile; fileRef = 0D85F72C1DB498D8000E5ADC /* IAlarmHelper.swift */; };
		0D85F7321DB49926000E5ADC /* DatePickerView.swift in Sources */ = {isa = PBXBuildFile; fileRef = 0D85F72E1DB49926000E5ADC /* DatePickerView.swift */; };
		0D85F7331DB49926000E5ADC /* Li_common.swift in Sources */ = {isa = PBXBuildFile; fileRef = 0D85F72F1DB49926000E5ADC /* Li_common.swift */; };
		0D85F7341DB49926000E5ADC /* PopDownList.swift in Sources */ = {isa = PBXBuildFile; fileRef = 0D85F7301DB49926000E5ADC /* PopDownList.swift */; };
		0D85F7351DB49926000E5ADC /* Popover.swift in Sources */ = {isa = PBXBuildFile; fileRef = 0D85F7311DB49926000E5ADC /* Popover.swift */; };
		0D85F73D1DB49995000E5ADC /* BedPatientCell.swift in Sources */ = {isa = PBXBuildFile; fileRef = 0D85F7371DB49995000E5ADC /* BedPatientCell.swift */; };
		0D85F73E1DB49995000E5ADC /* BedPatientCell.xib in Resources */ = {isa = PBXBuildFile; fileRef = 0D85F7381DB49995000E5ADC /* BedPatientCell.xib */; };
		0D85F73F1DB49995000E5ADC /* CommonTableView.swift in Sources */ = {isa = PBXBuildFile; fileRef = 0D85F7391DB49995000E5ADC /* CommonTableView.swift */; };
		0D85F7401DB49995000E5ADC /* MyPatientsTableViewCell.swift in Sources */ = {isa = PBXBuildFile; fileRef = 0D85F73A1DB49995000E5ADC /* MyPatientsTableViewCell.swift */; };
		0D85F7411DB49995000E5ADC /* PartTableCell.xib in Resources */ = {isa = PBXBuildFile; fileRef = 0D85F73B1DB49995000E5ADC /* PartTableCell.xib */; };
		0D85F7421DB49995000E5ADC /* PartTableViewCell.swift in Sources */ = {isa = PBXBuildFile; fileRef = 0D85F73C1DB49995000E5ADC /* PartTableViewCell.swift */; };
		0D85F74A1DB49A10000E5ADC /* fs_main_login_normal.png in Resources */ = {isa = PBXBuildFile; fileRef = 0D85F7451DB49A10000E5ADC /* fs_main_login_normal.png */; };
		0D85F74B1DB49A10000E5ADC /* fs_main_login_selected.png in Resources */ = {isa = PBXBuildFile; fileRef = 0D85F7461DB49A10000E5ADC /* fs_main_login_selected.png */; };
		0D85F74C1DB49A10000E5ADC /* PopDownListForIphone.swift in Sources */ = {isa = PBXBuildFile; fileRef = 0D85F7471DB49A10000E5ADC /* PopDownListForIphone.swift */; };
		0D85F74D1DB49A10000E5ADC /* ZSYPopoverListView.m in Sources */ = {isa = PBXBuildFile; fileRef = 0D85F7491DB49A10000E5ADC /* ZSYPopoverListView.m */; };
		0D85F7561DB49A64000E5ADC /* THDate.swift in Sources */ = {isa = PBXBuildFile; fileRef = 0D85F74F1DB49A64000E5ADC /* THDate.swift */; };
		0D85F7571DB49A64000E5ADC /* THDateDay.m in Sources */ = {isa = PBXBuildFile; fileRef = 0D85F7511DB49A64000E5ADC /* THDateDay.m */; };
		0D85F7581DB49A64000E5ADC /* THDateDay.xib in Resources */ = {isa = PBXBuildFile; fileRef = 0D85F7521DB49A64000E5ADC /* THDateDay.xib */; };
		0D85F7591DB49A64000E5ADC /* THDatePickerViewController.m in Sources */ = {isa = PBXBuildFile; fileRef = 0D85F7541DB49A64000E5ADC /* THDatePickerViewController.m */; };
		0D85F75A1DB49A64000E5ADC /* THDatePickerViewController.xib in Resources */ = {isa = PBXBuildFile; fileRef = 0D85F7551DB49A64000E5ADC /* THDatePickerViewController.xib */; };
		0D85F75C1DB49AA6000E5ADC /* image in Resources */ = {isa = PBXBuildFile; fileRef = 0D85F75B1DB49AA6000E5ADC /* image */; };
		0D85F7741DB49B0A000E5ADC /* ModifyAccountController.swift in Sources */ = {isa = PBXBuildFile; fileRef = 0D85F7621DB49B0A000E5ADC /* ModifyAccountController.swift */; };
		0D85F7751DB49B0A000E5ADC /* IBaseViewController.swift in Sources */ = {isa = PBXBuildFile; fileRef = 0D85F7631DB49B0A000E5ADC /* IBaseViewController.swift */; };
		0D85F7761DB49B0A000E5ADC /* IChoosePatientsController.swift in Sources */ = {isa = PBXBuildFile; fileRef = 0D85F7641DB49B0A000E5ADC /* IChoosePatientsController.swift */; };
		0D85F7771DB49B0A000E5ADC /* IEmailViewController.swift in Sources */ = {isa = PBXBuildFile; fileRef = 0D85F7651DB49B0A000E5ADC /* IEmailViewController.swift */; };
		0D85F7781DB49B0A000E5ADC /* LoginViewController.swift in Sources */ = {isa = PBXBuildFile; fileRef = 0D85F7661DB49B0A000E5ADC /* LoginViewController.swift */; };
		0D85F7791DB49B0A000E5ADC /* IMyPatientsController.swift in Sources */ = {isa = PBXBuildFile; fileRef = 0D85F7671DB49B0A000E5ADC /* IMyPatientsController.swift */; };
		0D85F77B1DB49B0A000E5ADC /* IServerSettingController.swift in Sources */ = {isa = PBXBuildFile; fileRef = 0D85F7691DB49B0A000E5ADC /* IServerSettingController.swift */; };
		0D85F77C1DB49B0A000E5ADC /* IWeekSleepcareController.swift in Sources */ = {isa = PBXBuildFile; fileRef = 0D85F76A1DB49B0A000E5ADC /* IWeekSleepcareController.swift */; };
		0D85F77F1DB49B0A000E5ADC /* ShowAlarmViewController.swift in Sources */ = {isa = PBXBuildFile; fileRef = 0D85F76D1DB49B0A000E5ADC /* ShowAlarmViewController.swift */; };
		0D85F7841DB49B0A000E5ADC /* TabbarController.swift in Sources */ = {isa = PBXBuildFile; fileRef = 0D85F7721DB49B0A000E5ADC /* TabbarController.swift */; };
		0D85F7881DB49C41000E5ADC /* Main.storyboard in Resources */ = {isa = PBXBuildFile; fileRef = 0D85F7871DB49C41000E5ADC /* Main.storyboard */; };
		0D9AE0791C8E7FB800625D5E /* Const.swift in Sources */ = {isa = PBXBuildFile; fileRef = 0D9AE0781C8E7FB800625D5E /* Const.swift */; };
		0DC146621DB4C63300DE2E0D /* sleepcircle.m in Sources */ = {isa = PBXBuildFile; fileRef = 0DC146611DB4C63300DE2E0D /* sleepcircle.m */; };
		0DC146681DB4C65D00DE2E0D /* STLoopProgressView.m in Sources */ = {isa = PBXBuildFile; fileRef = 0DC146651DB4C65D00DE2E0D /* STLoopProgressView.m */; };
		0DC146691DB4C65D00DE2E0D /* STLoopProgressView+BaseConfiguration.m in Sources */ = {isa = PBXBuildFile; fileRef = 0DC146671DB4C65D00DE2E0D /* STLoopProgressView+BaseConfiguration.m */; };
		0DC146721DB4C69500DE2E0D /* ChartScrollView.swift in Sources */ = {isa = PBXBuildFile; fileRef = 0DC1466B1DB4C69500DE2E0D /* ChartScrollView.swift */; };
		0DC146731DB4C69500DE2E0D /* ChartView.m in Sources */ = {isa = PBXBuildFile; fileRef = 0DC1466D1DB4C69500DE2E0D /* ChartView.m */; };
		0DC146741DB4C69500DE2E0D /* ChatLineView.m in Sources */ = {isa = PBXBuildFile; fileRef = 0DC1466F1DB4C69500DE2E0D /* ChatLineView.m */; };
		0DC146751DB4C69500DE2E0D /* PointBtn.m in Sources */ = {isa = PBXBuildFile; fileRef = 0DC146711DB4C69500DE2E0D /* PointBtn.m */; };
		0DC1467A1DB4C7D800DE2E0D /* HRTabViewController.swift in Sources */ = {isa = PBXBuildFile; fileRef = 0DC146761DB4C7D800DE2E0D /* HRTabViewController.swift */; };
		0DC1467B1DB4C7D800DE2E0D /* MeViewController.swift in Sources */ = {isa = PBXBuildFile; fileRef = 0DC146771DB4C7D800DE2E0D /* MeViewController.swift */; };
		0DC1467C1DB4C7D800DE2E0D /* RRTabViewController.swift in Sources */ = {isa = PBXBuildFile; fileRef = 0DC146781DB4C7D800DE2E0D /* RRTabViewController.swift */; };
		0DC1467D1DB4C7D800DE2E0D /* SleepTabViewController.swift in Sources */ = {isa = PBXBuildFile; fileRef = 0DC146791DB4C7D800DE2E0D /* SleepTabViewController.swift */; };
		0DC146811DB4C8EA00DE2E0D /* HRTabViewModel.swift in Sources */ = {isa = PBXBuildFile; fileRef = 0DC1467E1DB4C8EA00DE2E0D /* HRTabViewModel.swift */; };
		0DC146821DB4C8EA00DE2E0D /* RRTabViewModel.swift in Sources */ = {isa = PBXBuildFile; fileRef = 0DC1467F1DB4C8EA00DE2E0D /* RRTabViewModel.swift */; };
		0DC146831DB4C8EA00DE2E0D /* SleepTabViewModel.swift in Sources */ = {isa = PBXBuildFile; fileRef = 0DC146801DB4C8EA00DE2E0D /* SleepTabViewModel.swift */; };
		0DC146851DB4CA0100DE2E0D /* HRRange.swift in Sources */ = {isa = PBXBuildFile; fileRef = 0DC146841DB4CA0100DE2E0D /* HRRange.swift */; };
		0DC146871DB4CDFC00DE2E0D /* SleepQualityReport.swift in Sources */ = {isa = PBXBuildFile; fileRef = 0DC146861DB4CDFC00DE2E0D /* SleepQualityReport.swift */; };
		0DC146891DB4CE0200DE2E0D /* RRRange.swift in Sources */ = {isa = PBXBuildFile; fileRef = 0DC146881DB4CE0200DE2E0D /* RRRange.swift */; };
		0DC1468D1DB60A7D00DE2E0D /* WeekReportViewModel.swift in Sources */ = {isa = PBXBuildFile; fileRef = 0DC1468C1DB60A7D00DE2E0D /* WeekReportViewModel.swift */; };
		0DC1468F1DB60B4800DE2E0D /* WeekSleep.swift in Sources */ = {isa = PBXBuildFile; fileRef = 0DC1468E1DB60B4800DE2E0D /* WeekSleep.swift */; };
		0DC146911DB60BC500DE2E0D /* WeekreportLabel.swift in Sources */ = {isa = PBXBuildFile; fileRef = 0DC146901DB60BC500DE2E0D /* WeekreportLabel.swift */; };
		0DC146931DB60C9B00DE2E0D /* MeTabLabel.swift in Sources */ = {isa = PBXBuildFile; fileRef = 0DC146921DB60C9B00DE2E0D /* MeTabLabel.swift */; };
		0DC146951DB60D0300DE2E0D /* HrRrSleepTabLabel.swift in Sources */ = {isa = PBXBuildFile; fileRef = 0DC146941DB60D0300DE2E0D /* HrRrSleepTabLabel.swift */; };
		0DC2280C1C1FD65600AF4737 /* JHSpinnerView.xib in Resources */ = {isa = PBXBuildFile; fileRef = 0DC2280B1C1FD65600AF4737 /* JHSpinnerView.xib */; };
		0DC2280E1C1FD65F00AF4737 /* JHSpinnerView.swift in Sources */ = {isa = PBXBuildFile; fileRef = 0DC2280D1C1FD65F00AF4737 /* JHSpinnerView.swift */; };
		0DC2284D1C212F0E00AF4737 /* PlistHelper.swift in Sources */ = {isa = PBXBuildFile; fileRef = 0DC2284C1C212F0E00AF4737 /* PlistHelper.swift */; };
		0DCC7ABD1C34C71700CC2498 /* RealTimeHelper.swift in Sources */ = {isa = PBXBuildFile; fileRef = 0DCC7ABC1C34C71700CC2498 /* RealTimeHelper.swift */; };
		0DF6BD821C59AB26007BF0A9 /* DateFormatterHelper.swift in Sources */ = {isa = PBXBuildFile; fileRef = 0DF6BD811C59AB26007BF0A9 /* DateFormatterHelper.swift */; };
		2C0DC3C71BF9A20F0048BEEA /* IEmailView.xib in Resources */ = {isa = PBXBuildFile; fileRef = 2C0DC3C61BF9A20F0048BEEA /* IEmailView.xib */; };
		2CB427AB1BF9B11A00BF7E15 /* IEmailViewModel.swift in Sources */ = {isa = PBXBuildFile; fileRef = 2CB427AA1BF9B11A00BF7E15 /* IEmailViewModel.swift */; };
		3A0B97171BF5791F00409AD9 /* SessionForIphone.swift in Sources */ = {isa = PBXBuildFile; fileRef = 3A0B97161BF5791F00409AD9 /* SessionForIphone.swift */; };
		3A325A341BD08B7B00DE4E78 /* BaseViewModel.swift in Sources */ = {isa = PBXBuildFile; fileRef = 3A325A331BD08B7B00DE4E78 /* BaseViewModel.swift */; };
		3A3262E01BB912180002687B /* OSSExceptionHelper.m in Sources */ = {isa = PBXBuildFile; fileRef = 3A3262DE1BB912180002687B /* OSSExceptionHelper.m */; };
		3A3262E11BB912180002687B /* OSSTry.swift in Sources */ = {isa = PBXBuildFile; fileRef = 3A3262DF1BB912180002687B /* OSSTry.swift */; };
		3A33EF851BAA56D700D82A4D /* MessageSubject.swift in Sources */ = {isa = PBXBuildFile; fileRef = 3A33EF841BAA56D700D82A4D /* MessageSubject.swift */; };
		3A35AB651BCCE8B000ED3293 /* SweetAlert.swift in Sources */ = {isa = PBXBuildFile; fileRef = 3A35AB641BCCE8B000ED3293 /* SweetAlert.swift */; };
		3A36B0211BA94E89000F4AED /* RealTimeDelegate.swift in Sources */ = {isa = PBXBuildFile; fileRef = 3A36B0201BA94E89000F4AED /* RealTimeDelegate.swift */; };
		3A36B0231BA96648000F4AED /* RealTimeReport.swift in Sources */ = {isa = PBXBuildFile; fileRef = 3A36B0221BA96648000F4AED /* RealTimeReport.swift */; };
		3A3EF7C01BDE05A800CDDAED /* TodoItem.swift in Sources */ = {isa = PBXBuildFile; fileRef = 3A3EF7BE1BDE05A800CDDAED /* TodoItem.swift */; };
		3A3EF7C11BDE05A800CDDAED /* TodoList.swift in Sources */ = {isa = PBXBuildFile; fileRef = 3A3EF7BF1BDE05A800CDDAED /* TodoList.swift */; };
		3A41ADC11BA7A65A000C109B /* AppDelegate.swift in Sources */ = {isa = PBXBuildFile; fileRef = 3A41ADC01BA7A65A000C109B /* AppDelegate.swift */; };
		3A41ADC81BA7A65A000C109B /* Images.xcassets in Resources */ = {isa = PBXBuildFile; fileRef = 3A41ADC71BA7A65A000C109B /* Images.xcassets */; };
		3A41ADD71BA7A65A000C109B /* ewell_sleepcareforpadTests.swift in Sources */ = {isa = PBXBuildFile; fileRef = 3A41ADD61BA7A65A000C109B /* ewell_sleepcareforpadTests.swift */; };
		3A41ADF01BA7B45D000C109B /* MessageDelegate.swift in Sources */ = {isa = PBXBuildFile; fileRef = 3A41ADED1BA7B45D000C109B /* MessageDelegate.swift */; };
		3A41ADF11BA7B45D000C109B /* ReactiveCocoa.swift in Sources */ = {isa = PBXBuildFile; fileRef = 3A41ADEE1BA7B45D000C109B /* ReactiveCocoa.swift */; };
		3A4B85C61BB14D34006E4CF1 /* SleepCareForIPhoneBussinessManager.swift in Sources */ = {isa = PBXBuildFile; fileRef = 3A4B85C51BB14D34006E4CF1 /* SleepCareForIPhoneBussinessManager.swift */; };
		3A4B85CA1BB14F28006E4CF1 /* SleepCareForIPhoneBussiness.swift in Sources */ = {isa = PBXBuildFile; fileRef = 3A4B85C91BB14F28006E4CF1 /* SleepCareForIPhoneBussiness.swift */; };
		3A4CD3F81BA804D2002C8A1A /* XmppMsgManager.swift in Sources */ = {isa = PBXBuildFile; fileRef = 3A4CD3F71BA804D2002C8A1A /* XmppMsgManager.swift */; };
		3A4CD3FA1BA80536002C8A1A /* CommonHelper.swift in Sources */ = {isa = PBXBuildFile; fileRef = 3A4CD3F91BA80536002C8A1A /* CommonHelper.swift */; };
		3A4CD3FD1BA80852002C8A1A /* BaseMessage.swift in Sources */ = {isa = PBXBuildFile; fileRef = 3A4CD3FC1BA80852002C8A1A /* BaseMessage.swift */; };
		3A4CD3FF1BA808C1002C8A1A /* XmppMsgHelper.swift in Sources */ = {isa = PBXBuildFile; fileRef = 3A4CD3FE1BA808C1002C8A1A /* XmppMsgHelper.swift */; };
		3AA3161D1BD0DD8500FC3C40 /* sleepcare.plist in Resources */ = {isa = PBXBuildFile; fileRef = 3AA3161C1BD0DD8500FC3C40 /* sleepcare.plist */; };
		3AB43E781BD4E17B005023D3 /* Date.swift in Sources */ = {isa = PBXBuildFile; fileRef = 3AB43E771BD4E17B005023D3 /* Date.swift */; };
		3AB43E8A1BD4E1B9005023D3 /* BizDayRule.swift in Sources */ = {isa = PBXBuildFile; fileRef = 3AB43E7C1BD4E1B9005023D3 /* BizDayRule.swift */; };
		3AB43E8B1BD4E1B9005023D3 /* Calendar.swift in Sources */ = {isa = PBXBuildFile; fileRef = 3AB43E7D1BD4E1B9005023D3 /* Calendar.swift */; };
		3AB43E8C1BD4E1B9005023D3 /* DateHelpers.swift in Sources */ = {isa = PBXBuildFile; fileRef = 3AB43E7E1BD4E1B9005023D3 /* DateHelpers.swift */; };
		3AB43E8D1BD4E1B9005023D3 /* DayCounter.swift in Sources */ = {isa = PBXBuildFile; fileRef = 3AB43E7F1BD4E1B9005023D3 /* DayCounter.swift */; };
		3AB43E911BD4E1B9005023D3 /* Term.swift in Sources */ = {isa = PBXBuildFile; fileRef = 3AB43E831BD4E1B9005023D3 /* Term.swift */; };
		3AC7B0E41BF42EFB002DE94C /* IloginViewModel.swift in Sources */ = {isa = PBXBuildFile; fileRef = 3AC7B0E31BF42EFB002DE94C /* IloginViewModel.swift */; };
		3AC7B10D1BF464D2002DE94C /* Foundation.framework in Frameworks */ = {isa = PBXBuildFile; fileRef = 3AC7B10C1BF464D2002DE94C /* Foundation.framework */; };
		3ACD645E1BFC577A00FB62BB /* IChoosePatientsViewModel.swift in Sources */ = {isa = PBXBuildFile; fileRef = 3ACD645D1BFC577A00FB62BB /* IChoosePatientsViewModel.swift */; };
		3AF844C51BFD619E00B5EDE3 /* IMyPatientsViewModel.swift in Sources */ = {isa = PBXBuildFile; fileRef = 3AF844C41BFD619E00B5EDE3 /* IMyPatientsViewModel.swift */; };
/* End PBXBuildFile section */

/* Begin PBXContainerItemProxy section */
		3A41ADD11BA7A65A000C109B /* PBXContainerItemProxy */ = {
			isa = PBXContainerItemProxy;
			containerPortal = 3A41ADB31BA7A65A000C109B /* Project object */;
			proxyType = 1;
			remoteGlobalIDString = 3A41ADBA1BA7A65A000C109B;
			remoteInfo = ewell.sleepcareforpad;
		};
/* End PBXContainerItemProxy section */

/* Begin PBXFileReference section */
		0D1341BE1C4F7CF000051E2C /* IModifyViewModel.swift */ = {isa = PBXFileReference; fileEncoding = 4; lastKnownFileType = sourcecode.swift; path = IModifyViewModel.swift; sourceTree = "<group>"; };
		0D336D0D1C92596D0049883F /* RemoteNoticeHelper.swift */ = {isa = PBXFileReference; fileEncoding = 4; lastKnownFileType = sourcecode.swift; path = RemoteNoticeHelper.swift; sourceTree = "<group>"; };
		0D35D5F51C488CDE009F8EB2 /* MessageHelper.swift */ = {isa = PBXFileReference; fileEncoding = 4; lastKnownFileType = sourcecode.swift; path = MessageHelper.swift; sourceTree = "<group>"; };
		0D35D5F91C4CC3D8009F8EB2 /* Message.plist */ = {isa = PBXFileReference; fileEncoding = 4; lastKnownFileType = text.plist.xml; path = Message.plist; sourceTree = "<group>"; };
		0D47F1B21DB8BB1F0012C078 /* AccountSettingController.swift */ = {isa = PBXFileReference; fileEncoding = 4; lastKnownFileType = sourcecode.swift; path = AccountSettingController.swift; sourceTree = "<group>"; };
		0D47F1B61DB9A11B0012C078 /* PatientCodeAndName.swift */ = {isa = PBXFileReference; fileEncoding = 4; lastKnownFileType = sourcecode.swift; path = PatientCodeAndName.swift; sourceTree = "<group>"; };
		0D652BD01DB49E1100110E63 /* IAlarmViewModel.swift */ = {isa = PBXFileReference; fileEncoding = 4; lastKnownFileType = sourcecode.swift; path = IAlarmViewModel.swift; sourceTree = "<group>"; };
		0D6B4CBA1DB768EC00C6DD3E /* IBedUserInfo.swift */ = {isa = PBXFileReference; fileEncoding = 4; lastKnownFileType = sourcecode.swift; path = IBedUserInfo.swift; sourceTree = "<group>"; };
		0D85F70C1DB497E3000E5ADC /* AlarmInfo.swift */ = {isa = PBXFileReference; fileEncoding = 4; lastKnownFileType = sourcecode.swift; path = AlarmInfo.swift; sourceTree = "<group>"; };
		0D85F70D1DB497E3000E5ADC /* AlarmList.swift */ = {isa = PBXFileReference; fileEncoding = 4; lastKnownFileType = sourcecode.swift; path = AlarmList.swift; sourceTree = "<group>"; };
		0D85F70E1DB497E3000E5ADC /* IBedUserList.swift */ = {isa = PBXFileReference; fileEncoding = 4; lastKnownFileType = sourcecode.swift; path = IBedUserList.swift; sourceTree = "<group>"; };
		0D85F7111DB497E3000E5ADC /* ILoginUser.swift */ = {isa = PBXFileReference; fileEncoding = 4; lastKnownFileType = sourcecode.swift; path = ILoginUser.swift; sourceTree = "<group>"; };
		0D85F7121DB497E3000E5ADC /* IMainInfo.swift */ = {isa = PBXFileReference; fileEncoding = 4; lastKnownFileType = sourcecode.swift; path = IMainInfo.swift; sourceTree = "<group>"; };
		0D85F7221DB49817000E5ADC /* EMProperties.swift */ = {isa = PBXFileReference; fileEncoding = 4; lastKnownFileType = sourcecode.swift; path = EMProperties.swift; sourceTree = "<group>"; };
		0D85F7231DB49817000E5ADC /* EMServiceException.swift */ = {isa = PBXFileReference; fileEncoding = 4; lastKnownFileType = sourcecode.swift; path = EMServiceException.swift; sourceTree = "<group>"; };
		0D85F7241DB49817000E5ADC /* EMString.swift */ = {isa = PBXFileReference; fileEncoding = 4; lastKnownFileType = sourcecode.swift; path = EMString.swift; sourceTree = "<group>"; };
		0D85F7251DB49817000E5ADC /* MessageFactory.swift */ = {isa = PBXFileReference; fileEncoding = 4; lastKnownFileType = sourcecode.swift; path = MessageFactory.swift; sourceTree = "<group>"; };
		0D85F7261DB49817000E5ADC /* ServerResult.swift */ = {isa = PBXFileReference; fileEncoding = 4; lastKnownFileType = sourcecode.swift; path = ServerResult.swift; sourceTree = "<group>"; };
		0D85F72C1DB498D8000E5ADC /* IAlarmHelper.swift */ = {isa = PBXFileReference; fileEncoding = 4; lastKnownFileType = sourcecode.swift; path = IAlarmHelper.swift; sourceTree = "<group>"; };
		0D85F72E1DB49926000E5ADC /* DatePickerView.swift */ = {isa = PBXFileReference; fileEncoding = 4; lastKnownFileType = sourcecode.swift; path = DatePickerView.swift; sourceTree = "<group>"; };
		0D85F72F1DB49926000E5ADC /* Li_common.swift */ = {isa = PBXFileReference; fileEncoding = 4; lastKnownFileType = sourcecode.swift; path = Li_common.swift; sourceTree = "<group>"; };
		0D85F7301DB49926000E5ADC /* PopDownList.swift */ = {isa = PBXFileReference; fileEncoding = 4; lastKnownFileType = sourcecode.swift; path = PopDownList.swift; sourceTree = "<group>"; };
		0D85F7311DB49926000E5ADC /* Popover.swift */ = {isa = PBXFileReference; fileEncoding = 4; lastKnownFileType = sourcecode.swift; path = Popover.swift; sourceTree = "<group>"; };
		0D85F7371DB49995000E5ADC /* BedPatientCell.swift */ = {isa = PBXFileReference; fileEncoding = 4; lastKnownFileType = sourcecode.swift; path = BedPatientCell.swift; sourceTree = "<group>"; };
		0D85F7381DB49995000E5ADC /* BedPatientCell.xib */ = {isa = PBXFileReference; fileEncoding = 4; lastKnownFileType = file.xib; path = BedPatientCell.xib; sourceTree = "<group>"; };
		0D85F7391DB49995000E5ADC /* CommonTableView.swift */ = {isa = PBXFileReference; fileEncoding = 4; lastKnownFileType = sourcecode.swift; path = CommonTableView.swift; sourceTree = "<group>"; };
		0D85F73A1DB49995000E5ADC /* MyPatientsTableViewCell.swift */ = {isa = PBXFileReference; fileEncoding = 4; lastKnownFileType = sourcecode.swift; path = MyPatientsTableViewCell.swift; sourceTree = "<group>"; };
		0D85F73B1DB49995000E5ADC /* PartTableCell.xib */ = {isa = PBXFileReference; fileEncoding = 4; lastKnownFileType = file.xib; path = PartTableCell.xib; sourceTree = "<group>"; };
		0D85F73C1DB49995000E5ADC /* PartTableViewCell.swift */ = {isa = PBXFileReference; fileEncoding = 4; lastKnownFileType = sourcecode.swift; path = PartTableViewCell.swift; sourceTree = "<group>"; };
		0D85F7451DB49A10000E5ADC /* fs_main_login_normal.png */ = {isa = PBXFileReference; lastKnownFileType = image.png; path = fs_main_login_normal.png; sourceTree = "<group>"; };
		0D85F7461DB49A10000E5ADC /* fs_main_login_selected.png */ = {isa = PBXFileReference; lastKnownFileType = image.png; path = fs_main_login_selected.png; sourceTree = "<group>"; };
		0D85F7471DB49A10000E5ADC /* PopDownListForIphone.swift */ = {isa = PBXFileReference; fileEncoding = 4; lastKnownFileType = sourcecode.swift; path = PopDownListForIphone.swift; sourceTree = "<group>"; };
		0D85F7481DB49A10000E5ADC /* ZSYPopoverListView.h */ = {isa = PBXFileReference; fileEncoding = 4; lastKnownFileType = sourcecode.c.h; path = ZSYPopoverListView.h; sourceTree = "<group>"; };
		0D85F7491DB49A10000E5ADC /* ZSYPopoverListView.m */ = {isa = PBXFileReference; fileEncoding = 4; lastKnownFileType = sourcecode.c.objc; path = ZSYPopoverListView.m; sourceTree = "<group>"; };
		0D85F74F1DB49A64000E5ADC /* THDate.swift */ = {isa = PBXFileReference; fileEncoding = 4; lastKnownFileType = sourcecode.swift; path = THDate.swift; sourceTree = "<group>"; };
		0D85F7501DB49A64000E5ADC /* THDateDay.h */ = {isa = PBXFileReference; fileEncoding = 4; lastKnownFileType = sourcecode.c.h; path = THDateDay.h; sourceTree = "<group>"; };
		0D85F7511DB49A64000E5ADC /* THDateDay.m */ = {isa = PBXFileReference; fileEncoding = 4; lastKnownFileType = sourcecode.c.objc; path = THDateDay.m; sourceTree = "<group>"; };
		0D85F7521DB49A64000E5ADC /* THDateDay.xib */ = {isa = PBXFileReference; fileEncoding = 4; lastKnownFileType = file.xib; path = THDateDay.xib; sourceTree = "<group>"; };
		0D85F7531DB49A64000E5ADC /* THDatePickerViewController.h */ = {isa = PBXFileReference; fileEncoding = 4; lastKnownFileType = sourcecode.c.h; path = THDatePickerViewController.h; sourceTree = "<group>"; };
		0D85F7541DB49A64000E5ADC /* THDatePickerViewController.m */ = {isa = PBXFileReference; fileEncoding = 4; lastKnownFileType = sourcecode.c.objc; path = THDatePickerViewController.m; sourceTree = "<group>"; };
		0D85F7551DB49A64000E5ADC /* THDatePickerViewController.xib */ = {isa = PBXFileReference; fileEncoding = 4; lastKnownFileType = file.xib; path = THDatePickerViewController.xib; sourceTree = "<group>"; };
		0D85F75B1DB49AA6000E5ADC /* image */ = {isa = PBXFileReference; lastKnownFileType = folder; path = image; sourceTree = "<group>"; };
		0D85F7621DB49B0A000E5ADC /* ModifyAccountController.swift */ = {isa = PBXFileReference; fileEncoding = 4; lastKnownFileType = sourcecode.swift; path = ModifyAccountController.swift; sourceTree = "<group>"; };
		0D85F7631DB49B0A000E5ADC /* IBaseViewController.swift */ = {isa = PBXFileReference; fileEncoding = 4; lastKnownFileType = sourcecode.swift; path = IBaseViewController.swift; sourceTree = "<group>"; };
		0D85F7641DB49B0A000E5ADC /* IChoosePatientsController.swift */ = {isa = PBXFileReference; fileEncoding = 4; lastKnownFileType = sourcecode.swift; path = IChoosePatientsController.swift; sourceTree = "<group>"; };
		0D85F7651DB49B0A000E5ADC /* IEmailViewController.swift */ = {isa = PBXFileReference; fileEncoding = 4; lastKnownFileType = sourcecode.swift; path = IEmailViewController.swift; sourceTree = "<group>"; };
		0D85F7661DB49B0A000E5ADC /* LoginViewController.swift */ = {isa = PBXFileReference; fileEncoding = 4; lastKnownFileType = sourcecode.swift; path = LoginViewController.swift; sourceTree = "<group>"; };
		0D85F7671DB49B0A000E5ADC /* IMyPatientsController.swift */ = {isa = PBXFileReference; fileEncoding = 4; lastKnownFileType = sourcecode.swift; path = IMyPatientsController.swift; sourceTree = "<group>"; };
		0D85F7691DB49B0A000E5ADC /* IServerSettingController.swift */ = {isa = PBXFileReference; fileEncoding = 4; lastKnownFileType = sourcecode.swift; path = IServerSettingController.swift; sourceTree = "<group>"; };
		0D85F76A1DB49B0A000E5ADC /* IWeekSleepcareController.swift */ = {isa = PBXFileReference; fileEncoding = 4; lastKnownFileType = sourcecode.swift; path = IWeekSleepcareController.swift; sourceTree = "<group>"; };
		0D85F76D1DB49B0A000E5ADC /* ShowAlarmViewController.swift */ = {isa = PBXFileReference; fileEncoding = 4; lastKnownFileType = sourcecode.swift; path = ShowAlarmViewController.swift; sourceTree = "<group>"; };
		0D85F7721DB49B0A000E5ADC /* TabbarController.swift */ = {isa = PBXFileReference; fileEncoding = 4; lastKnownFileType = sourcecode.swift; path = TabbarController.swift; sourceTree = "<group>"; };
		0D85F7871DB49C41000E5ADC /* Main.storyboard */ = {isa = PBXFileReference; fileEncoding = 4; lastKnownFileType = file.storyboard; path = Main.storyboard; sourceTree = "<group>"; };
		0D9AE0781C8E7FB800625D5E /* Const.swift */ = {isa = PBXFileReference; fileEncoding = 4; lastKnownFileType = sourcecode.swift; path = Const.swift; sourceTree = "<group>"; };
		0DC146601DB4C63300DE2E0D /* sleepcircle.h */ = {isa = PBXFileReference; fileEncoding = 4; lastKnownFileType = sourcecode.c.h; path = sleepcircle.h; sourceTree = "<group>"; };
		0DC146611DB4C63300DE2E0D /* sleepcircle.m */ = {isa = PBXFileReference; fileEncoding = 4; lastKnownFileType = sourcecode.c.objc; path = sleepcircle.m; sourceTree = "<group>"; };
		0DC146641DB4C65D00DE2E0D /* STLoopProgressView.h */ = {isa = PBXFileReference; fileEncoding = 4; lastKnownFileType = sourcecode.c.h; path = STLoopProgressView.h; sourceTree = "<group>"; };
		0DC146651DB4C65D00DE2E0D /* STLoopProgressView.m */ = {isa = PBXFileReference; fileEncoding = 4; lastKnownFileType = sourcecode.c.objc; path = STLoopProgressView.m; sourceTree = "<group>"; };
		0DC146661DB4C65D00DE2E0D /* STLoopProgressView+BaseConfiguration.h */ = {isa = PBXFileReference; fileEncoding = 4; lastKnownFileType = sourcecode.c.h; path = "STLoopProgressView+BaseConfiguration.h"; sourceTree = "<group>"; };
		0DC146671DB4C65D00DE2E0D /* STLoopProgressView+BaseConfiguration.m */ = {isa = PBXFileReference; fileEncoding = 4; lastKnownFileType = sourcecode.c.objc; path = "STLoopProgressView+BaseConfiguration.m"; sourceTree = "<group>"; };
		0DC1466B1DB4C69500DE2E0D /* ChartScrollView.swift */ = {isa = PBXFileReference; fileEncoding = 4; lastKnownFileType = sourcecode.swift; path = ChartScrollView.swift; sourceTree = "<group>"; };
		0DC1466C1DB4C69500DE2E0D /* ChartView.h */ = {isa = PBXFileReference; fileEncoding = 4; lastKnownFileType = sourcecode.c.h; path = ChartView.h; sourceTree = "<group>"; };
		0DC1466D1DB4C69500DE2E0D /* ChartView.m */ = {isa = PBXFileReference; fileEncoding = 4; lastKnownFileType = sourcecode.c.objc; path = ChartView.m; sourceTree = "<group>"; };
		0DC1466E1DB4C69500DE2E0D /* ChatLineView.h */ = {isa = PBXFileReference; fileEncoding = 4; lastKnownFileType = sourcecode.c.h; path = ChatLineView.h; sourceTree = "<group>"; };
		0DC1466F1DB4C69500DE2E0D /* ChatLineView.m */ = {isa = PBXFileReference; fileEncoding = 4; lastKnownFileType = sourcecode.c.objc; path = ChatLineView.m; sourceTree = "<group>"; };
		0DC146701DB4C69500DE2E0D /* PointBtn.h */ = {isa = PBXFileReference; fileEncoding = 4; lastKnownFileType = sourcecode.c.h; path = PointBtn.h; sourceTree = "<group>"; };
		0DC146711DB4C69500DE2E0D /* PointBtn.m */ = {isa = PBXFileReference; fileEncoding = 4; lastKnownFileType = sourcecode.c.objc; path = PointBtn.m; sourceTree = "<group>"; };
		0DC146761DB4C7D800DE2E0D /* HRTabViewController.swift */ = {isa = PBXFileReference; fileEncoding = 4; lastKnownFileType = sourcecode.swift; path = HRTabViewController.swift; sourceTree = "<group>"; };
		0DC146771DB4C7D800DE2E0D /* MeViewController.swift */ = {isa = PBXFileReference; fileEncoding = 4; lastKnownFileType = sourcecode.swift; path = MeViewController.swift; sourceTree = "<group>"; };
		0DC146781DB4C7D800DE2E0D /* RRTabViewController.swift */ = {isa = PBXFileReference; fileEncoding = 4; lastKnownFileType = sourcecode.swift; path = RRTabViewController.swift; sourceTree = "<group>"; };
		0DC146791DB4C7D800DE2E0D /* SleepTabViewController.swift */ = {isa = PBXFileReference; fileEncoding = 4; lastKnownFileType = sourcecode.swift; path = SleepTabViewController.swift; sourceTree = "<group>"; };
		0DC1467E1DB4C8EA00DE2E0D /* HRTabViewModel.swift */ = {isa = PBXFileReference; fileEncoding = 4; lastKnownFileType = sourcecode.swift; path = HRTabViewModel.swift; sourceTree = "<group>"; };
		0DC1467F1DB4C8EA00DE2E0D /* RRTabViewModel.swift */ = {isa = PBXFileReference; fileEncoding = 4; lastKnownFileType = sourcecode.swift; path = RRTabViewModel.swift; sourceTree = "<group>"; };
		0DC146801DB4C8EA00DE2E0D /* SleepTabViewModel.swift */ = {isa = PBXFileReference; fileEncoding = 4; lastKnownFileType = sourcecode.swift; path = SleepTabViewModel.swift; sourceTree = "<group>"; };
		0DC146841DB4CA0100DE2E0D /* HRRange.swift */ = {isa = PBXFileReference; fileEncoding = 4; lastKnownFileType = sourcecode.swift; path = HRRange.swift; sourceTree = "<group>"; };
		0DC146861DB4CDFC00DE2E0D /* SleepQualityReport.swift */ = {isa = PBXFileReference; fileEncoding = 4; lastKnownFileType = sourcecode.swift; path = SleepQualityReport.swift; sourceTree = "<group>"; };
		0DC146881DB4CE0200DE2E0D /* RRRange.swift */ = {isa = PBXFileReference; fileEncoding = 4; lastKnownFileType = sourcecode.swift; path = RRRange.swift; sourceTree = "<group>"; };
		0DC1468C1DB60A7D00DE2E0D /* WeekReportViewModel.swift */ = {isa = PBXFileReference; fileEncoding = 4; lastKnownFileType = sourcecode.swift; path = WeekReportViewModel.swift; sourceTree = "<group>"; };
		0DC1468E1DB60B4800DE2E0D /* WeekSleep.swift */ = {isa = PBXFileReference; fileEncoding = 4; lastKnownFileType = sourcecode.swift; path = WeekSleep.swift; sourceTree = "<group>"; };
		0DC146901DB60BC500DE2E0D /* WeekreportLabel.swift */ = {isa = PBXFileReference; fileEncoding = 4; lastKnownFileType = sourcecode.swift; path = WeekreportLabel.swift; sourceTree = "<group>"; };
		0DC146921DB60C9B00DE2E0D /* MeTabLabel.swift */ = {isa = PBXFileReference; fileEncoding = 4; lastKnownFileType = sourcecode.swift; path = MeTabLabel.swift; sourceTree = "<group>"; };
		0DC146941DB60D0300DE2E0D /* HrRrSleepTabLabel.swift */ = {isa = PBXFileReference; fileEncoding = 4; lastKnownFileType = sourcecode.swift; path = HrRrSleepTabLabel.swift; sourceTree = "<group>"; };
		0DC2280B1C1FD65600AF4737 /* JHSpinnerView.xib */ = {isa = PBXFileReference; fileEncoding = 4; lastKnownFileType = file.xib; path = JHSpinnerView.xib; sourceTree = "<group>"; };
		0DC2280D1C1FD65F00AF4737 /* JHSpinnerView.swift */ = {isa = PBXFileReference; fileEncoding = 4; lastKnownFileType = sourcecode.swift; path = JHSpinnerView.swift; sourceTree = "<group>"; };
		0DC2284C1C212F0E00AF4737 /* PlistHelper.swift */ = {isa = PBXFileReference; fileEncoding = 4; lastKnownFileType = sourcecode.swift; path = PlistHelper.swift; sourceTree = "<group>"; };
		0DCC7ABC1C34C71700CC2498 /* RealTimeHelper.swift */ = {isa = PBXFileReference; fileEncoding = 4; lastKnownFileType = sourcecode.swift; path = RealTimeHelper.swift; sourceTree = "<group>"; };
		0DF6BD811C59AB26007BF0A9 /* DateFormatterHelper.swift */ = {isa = PBXFileReference; fileEncoding = 4; lastKnownFileType = sourcecode.swift; path = DateFormatterHelper.swift; sourceTree = "<group>"; };
		2C0DC3C61BF9A20F0048BEEA /* IEmailView.xib */ = {isa = PBXFileReference; fileEncoding = 4; lastKnownFileType = file.xib; path = IEmailView.xib; sourceTree = "<group>"; };
		2CB427AA1BF9B11A00BF7E15 /* IEmailViewModel.swift */ = {isa = PBXFileReference; fileEncoding = 4; lastKnownFileType = sourcecode.swift; path = IEmailViewModel.swift; sourceTree = "<group>"; };
		2CB435331C06A6A9000751D1 /* libxml2.dylib */ = {isa = PBXFileReference; lastKnownFileType = "compiled.mach-o.dylib"; name = libxml2.dylib; path = usr/lib/libxml2.dylib; sourceTree = SDKROOT; };
		3A0B97161BF5791F00409AD9 /* SessionForIphone.swift */ = {isa = PBXFileReference; fileEncoding = 4; lastKnownFileType = sourcecode.swift; path = SessionForIphone.swift; sourceTree = "<group>"; };
		3A325A331BD08B7B00DE4E78 /* BaseViewModel.swift */ = {isa = PBXFileReference; fileEncoding = 4; lastKnownFileType = sourcecode.swift; path = BaseViewModel.swift; sourceTree = "<group>"; };
		3A3262DD1BB912180002687B /* OSSExceptionHelper.h */ = {isa = PBXFileReference; fileEncoding = 4; lastKnownFileType = sourcecode.c.h; path = OSSExceptionHelper.h; sourceTree = "<group>"; };
		3A3262DE1BB912180002687B /* OSSExceptionHelper.m */ = {isa = PBXFileReference; fileEncoding = 4; lastKnownFileType = sourcecode.c.objc; path = OSSExceptionHelper.m; sourceTree = "<group>"; };
		3A3262DF1BB912180002687B /* OSSTry.swift */ = {isa = PBXFileReference; fileEncoding = 4; lastKnownFileType = sourcecode.swift; path = OSSTry.swift; sourceTree = "<group>"; };
		3A33EF841BAA56D700D82A4D /* MessageSubject.swift */ = {isa = PBXFileReference; fileEncoding = 4; lastKnownFileType = sourcecode.swift; path = MessageSubject.swift; sourceTree = "<group>"; };
		3A35AB641BCCE8B000ED3293 /* SweetAlert.swift */ = {isa = PBXFileReference; fileEncoding = 4; lastKnownFileType = sourcecode.swift; path = SweetAlert.swift; sourceTree = "<group>"; };
		3A36B0201BA94E89000F4AED /* RealTimeDelegate.swift */ = {isa = PBXFileReference; fileEncoding = 4; lastKnownFileType = sourcecode.swift; path = RealTimeDelegate.swift; sourceTree = "<group>"; };
		3A36B0221BA96648000F4AED /* RealTimeReport.swift */ = {isa = PBXFileReference; fileEncoding = 4; lastKnownFileType = sourcecode.swift; path = RealTimeReport.swift; sourceTree = "<group>"; };
		3A3D65E71BAAB67C00CEFB25 /* libxml2.2.dylib */ = {isa = PBXFileReference; lastKnownFileType = "compiled.mach-o.dylib"; name = libxml2.2.dylib; path = usr/lib/libxml2.2.dylib; sourceTree = SDKROOT; };
		3A3EF7BE1BDE05A800CDDAED /* TodoItem.swift */ = {isa = PBXFileReference; fileEncoding = 4; lastKnownFileType = sourcecode.swift; path = TodoItem.swift; sourceTree = "<group>"; };
		3A3EF7BF1BDE05A800CDDAED /* TodoList.swift */ = {isa = PBXFileReference; fileEncoding = 4; lastKnownFileType = sourcecode.swift; path = TodoList.swift; sourceTree = "<group>"; };
		3A41ADBB1BA7A65A000C109B /* ewell.sleepcareforpad.app */ = {isa = PBXFileReference; explicitFileType = wrapper.application; includeInIndex = 0; path = ewell.sleepcareforpad.app; sourceTree = BUILT_PRODUCTS_DIR; };
		3A41ADBF1BA7A65A000C109B /* Info.plist */ = {isa = PBXFileReference; lastKnownFileType = text.plist.xml; path = Info.plist; sourceTree = "<group>"; };
		3A41ADC01BA7A65A000C109B /* AppDelegate.swift */ = {isa = PBXFileReference; lastKnownFileType = sourcecode.swift; path = AppDelegate.swift; sourceTree = "<group>"; };
		3A41ADC71BA7A65A000C109B /* Images.xcassets */ = {isa = PBXFileReference; lastKnownFileType = folder.assetcatalog; path = Images.xcassets; sourceTree = "<group>"; };
		3A41ADD01BA7A65A000C109B /* ewell.sleepcareforpadTests.xctest */ = {isa = PBXFileReference; explicitFileType = wrapper.cfbundle; includeInIndex = 0; path = ewell.sleepcareforpadTests.xctest; sourceTree = BUILT_PRODUCTS_DIR; };
		3A41ADD51BA7A65A000C109B /* Info.plist */ = {isa = PBXFileReference; lastKnownFileType = text.plist.xml; path = Info.plist; sourceTree = "<group>"; };
		3A41ADD61BA7A65A000C109B /* ewell_sleepcareforpadTests.swift */ = {isa = PBXFileReference; lastKnownFileType = sourcecode.swift; path = ewell_sleepcareforpadTests.swift; sourceTree = "<group>"; };
		3A41ADED1BA7B45D000C109B /* MessageDelegate.swift */ = {isa = PBXFileReference; fileEncoding = 4; lastKnownFileType = sourcecode.swift; name = MessageDelegate.swift; path = ewell.sleepcareforpad/MessageDelegate.swift; sourceTree = "<group>"; };
		3A41ADEE1BA7B45D000C109B /* ReactiveCocoa.swift */ = {isa = PBXFileReference; fileEncoding = 4; lastKnownFileType = sourcecode.swift; name = ReactiveCocoa.swift; path = ewell.sleepcareforpad/ReactiveCocoa.swift; sourceTree = "<group>"; };
		3A41ADF31BA7B543000C109B /* ewell.sleepcareforpad-Bridging-Header.h */ = {isa = PBXFileReference; lastKnownFileType = sourcecode.c.h; path = "ewell.sleepcareforpad-Bridging-Header.h"; sourceTree = "<group>"; };
		3A4B85C51BB14D34006E4CF1 /* SleepCareForIPhoneBussinessManager.swift */ = {isa = PBXFileReference; fileEncoding = 4; lastKnownFileType = sourcecode.swift; path = SleepCareForIPhoneBussinessManager.swift; sourceTree = "<group>"; };
		3A4B85C91BB14F28006E4CF1 /* SleepCareForIPhoneBussiness.swift */ = {isa = PBXFileReference; fileEncoding = 4; lastKnownFileType = sourcecode.swift; path = SleepCareForIPhoneBussiness.swift; sourceTree = "<group>"; };
		3A4CD3F71BA804D2002C8A1A /* XmppMsgManager.swift */ = {isa = PBXFileReference; fileEncoding = 4; lastKnownFileType = sourcecode.swift; path = XmppMsgManager.swift; sourceTree = "<group>"; };
		3A4CD3F91BA80536002C8A1A /* CommonHelper.swift */ = {isa = PBXFileReference; fileEncoding = 4; lastKnownFileType = sourcecode.swift; path = CommonHelper.swift; sourceTree = "<group>"; };
		3A4CD3FC1BA80852002C8A1A /* BaseMessage.swift */ = {isa = PBXFileReference; fileEncoding = 4; lastKnownFileType = sourcecode.swift; path = BaseMessage.swift; sourceTree = "<group>"; };
		3A4CD3FE1BA808C1002C8A1A /* XmppMsgHelper.swift */ = {isa = PBXFileReference; fileEncoding = 4; lastKnownFileType = sourcecode.swift; path = XmppMsgHelper.swift; sourceTree = "<group>"; };
		3AA3161C1BD0DD8500FC3C40 /* sleepcare.plist */ = {isa = PBXFileReference; fileEncoding = 4; lastKnownFileType = text.plist.xml; name = sleepcare.plist; path = ../sleepcare.plist; sourceTree = "<group>"; };
		3AB43E771BD4E17B005023D3 /* Date.swift */ = {isa = PBXFileReference; fileEncoding = 4; lastKnownFileType = sourcecode.swift; path = Date.swift; sourceTree = "<group>"; };
		3AB43E7C1BD4E1B9005023D3 /* BizDayRule.swift */ = {isa = PBXFileReference; fileEncoding = 4; lastKnownFileType = sourcecode.swift; path = BizDayRule.swift; sourceTree = "<group>"; };
		3AB43E7D1BD4E1B9005023D3 /* Calendar.swift */ = {isa = PBXFileReference; fileEncoding = 4; lastKnownFileType = sourcecode.swift; path = Calendar.swift; sourceTree = "<group>"; };
		3AB43E7E1BD4E1B9005023D3 /* DateHelpers.swift */ = {isa = PBXFileReference; fileEncoding = 4; lastKnownFileType = sourcecode.swift; path = DateHelpers.swift; sourceTree = "<group>"; };
		3AB43E7F1BD4E1B9005023D3 /* DayCounter.swift */ = {isa = PBXFileReference; fileEncoding = 4; lastKnownFileType = sourcecode.swift; path = DayCounter.swift; sourceTree = "<group>"; };
		3AB43E831BD4E1B9005023D3 /* Term.swift */ = {isa = PBXFileReference; fileEncoding = 4; lastKnownFileType = sourcecode.swift; path = Term.swift; sourceTree = "<group>"; };
		3AC7B0E31BF42EFB002DE94C /* IloginViewModel.swift */ = {isa = PBXFileReference; fileEncoding = 4; lastKnownFileType = sourcecode.swift; path = IloginViewModel.swift; sourceTree = "<group>"; };
		3AC7B10C1BF464D2002DE94C /* Foundation.framework */ = {isa = PBXFileReference; lastKnownFileType = wrapper.framework; name = Foundation.framework; path = System/Library/Frameworks/Foundation.framework; sourceTree = SDKROOT; };
		3ACD645D1BFC577A00FB62BB /* IChoosePatientsViewModel.swift */ = {isa = PBXFileReference; fileEncoding = 4; lastKnownFileType = sourcecode.swift; path = IChoosePatientsViewModel.swift; sourceTree = "<group>"; };
		3AF844C41BFD619E00B5EDE3 /* IMyPatientsViewModel.swift */ = {isa = PBXFileReference; fileEncoding = 4; lastKnownFileType = sourcecode.swift; path = IMyPatientsViewModel.swift; sourceTree = "<group>"; };
		54127559369C5508905B3990 /* libPods.a */ = {isa = PBXFileReference; explicitFileType = archive.ar; includeInIndex = 0; path = libPods.a; sourceTree = BUILT_PRODUCTS_DIR; };
		5E7856675DBD0F8296CBE665 /* Pods.debug.xcconfig */ = {isa = PBXFileReference; includeInIndex = 1; lastKnownFileType = text.xcconfig; name = Pods.debug.xcconfig; path = "Pods/Target Support Files/Pods/Pods.debug.xcconfig"; sourceTree = "<group>"; };
		8E709AD7A0D77B12CA43D3D0 /* Pods.release.xcconfig */ = {isa = PBXFileReference; includeInIndex = 1; lastKnownFileType = text.xcconfig; name = Pods.release.xcconfig; path = "Pods/Target Support Files/Pods/Pods.release.xcconfig"; sourceTree = "<group>"; };
/* End PBXFileReference section */

/* Begin PBXFrameworksBuildPhase section */
		3A41ADB81BA7A65A000C109B /* Frameworks */ = {
			isa = PBXFrameworksBuildPhase;
			buildActionMask = 2147483647;
			files = (
				3AC7B10D1BF464D2002DE94C /* Foundation.framework in Frameworks */,
				014F22D79C8AFDD24AC8065A /* libPods.a in Frameworks */,
			);
			runOnlyForDeploymentPostprocessing = 0;
		};
		3A41ADCD1BA7A65A000C109B /* Frameworks */ = {
			isa = PBXFrameworksBuildPhase;
			buildActionMask = 2147483647;
			files = (
			);
			runOnlyForDeploymentPostprocessing = 0;
		};
/* End PBXFrameworksBuildPhase section */

/* Begin PBXGroup section */
		06AD0B292D0E3508E9178FF1 /* Pods */ = {
			isa = PBXGroup;
			children = (
				5E7856675DBD0F8296CBE665 /* Pods.debug.xcconfig */,
				8E709AD7A0D77B12CA43D3D0 /* Pods.release.xcconfig */,
			);
			name = Pods;
			sourceTree = "<group>";
		};
		0D1341C51C50B9F800051E2C /* common */ = {
			isa = PBXGroup;
			children = (
				0DC146941DB60D0300DE2E0D /* HrRrSleepTabLabel.swift */,
				0DC146921DB60C9B00DE2E0D /* MeTabLabel.swift */,
				0DC146901DB60BC500DE2E0D /* WeekreportLabel.swift */,
				0D85F72E1DB49926000E5ADC /* DatePickerView.swift */,
				0D85F72F1DB49926000E5ADC /* Li_common.swift */,
				0D85F7301DB49926000E5ADC /* PopDownList.swift */,
				0D85F7311DB49926000E5ADC /* Popover.swift */,
				0DC2280D1C1FD65F00AF4737 /* JHSpinnerView.swift */,
				0DC2280B1C1FD65600AF4737 /* JHSpinnerView.xib */,
			);
			name = common;
			sourceTree = "<group>";
		};
		0D85F7361DB49961000E5ADC /* Patient */ = {
			isa = PBXGroup;
			children = (
				0D85F7371DB49995000E5ADC /* BedPatientCell.swift */,
				0D85F7381DB49995000E5ADC /* BedPatientCell.xib */,
				0D85F7391DB49995000E5ADC /* CommonTableView.swift */,
				0D85F73A1DB49995000E5ADC /* MyPatientsTableViewCell.swift */,
				0D85F73B1DB49995000E5ADC /* PartTableCell.xib */,
				0D85F73C1DB49995000E5ADC /* PartTableViewCell.swift */,
			);
			name = Patient;
			sourceTree = "<group>";
		};
		0D85F7431DB499EA000E5ADC /* PopDownList */ = {
			isa = PBXGroup;
			children = (
				0D85F7451DB49A10000E5ADC /* fs_main_login_normal.png */,
				0D85F7461DB49A10000E5ADC /* fs_main_login_selected.png */,
				0D85F7471DB49A10000E5ADC /* PopDownListForIphone.swift */,
				0D85F7481DB49A10000E5ADC /* ZSYPopoverListView.h */,
				0D85F7491DB49A10000E5ADC /* ZSYPopoverListView.m */,
			);
			name = PopDownList;
			sourceTree = "<group>";
		};
		0D85F7441DB499F7000E5ADC /* ChooseDate */ = {
			isa = PBXGroup;
			children = (
				0D85F75B1DB49AA6000E5ADC /* image */,
				0D85F74F1DB49A64000E5ADC /* THDate.swift */,
				0D85F7501DB49A64000E5ADC /* THDateDay.h */,
				0D85F7511DB49A64000E5ADC /* THDateDay.m */,
				0D85F7521DB49A64000E5ADC /* THDateDay.xib */,
				0D85F7531DB49A64000E5ADC /* THDatePickerViewController.h */,
				0D85F7541DB49A64000E5ADC /* THDatePickerViewController.m */,
				0D85F7551DB49A64000E5ADC /* THDatePickerViewController.xib */,
			);
			name = ChooseDate;
			sourceTree = "<group>";
		};
		0D85F74E1DB49A41000E5ADC /* AlarmCell */ = {
			isa = PBXGroup;
			children = (
			);
			name = AlarmCell;
			sourceTree = "<group>";
		};
		0DC1465F1DB4C62500DE2E0D /* sleepcircle */ = {
			isa = PBXGroup;
			children = (
				0DC146601DB4C63300DE2E0D /* sleepcircle.h */,
				0DC146611DB4C63300DE2E0D /* sleepcircle.m */,
			);
			name = sleepcircle;
			sourceTree = "<group>";
		};
		0DC146631DB4C65600DE2E0D /* circleview */ = {
			isa = PBXGroup;
			children = (
				0DC146641DB4C65D00DE2E0D /* STLoopProgressView.h */,
				0DC146651DB4C65D00DE2E0D /* STLoopProgressView.m */,
				0DC146661DB4C65D00DE2E0D /* STLoopProgressView+BaseConfiguration.h */,
				0DC146671DB4C65D00DE2E0D /* STLoopProgressView+BaseConfiguration.m */,
			);
			name = circleview;
			sourceTree = "<group>";
		};
		0DC1466A1DB4C68F00DE2E0D /* chartview */ = {
			isa = PBXGroup;
			children = (
				0DC1466B1DB4C69500DE2E0D /* ChartScrollView.swift */,
				0DC1466C1DB4C69500DE2E0D /* ChartView.h */,
				0DC1466D1DB4C69500DE2E0D /* ChartView.m */,
				0DC1466E1DB4C69500DE2E0D /* ChatLineView.h */,
				0DC1466F1DB4C69500DE2E0D /* ChatLineView.m */,
				0DC146701DB4C69500DE2E0D /* PointBtn.h */,
				0DC146711DB4C69500DE2E0D /* PointBtn.m */,
			);
			name = chartview;
			sourceTree = "<group>";
		};
		3A3EF7BD1BDE058100CDDAED /* Notify */ = {
			isa = PBXGroup;
			children = (
				3A3EF7BE1BDE05A800CDDAED /* TodoItem.swift */,
				3A3EF7BF1BDE05A800CDDAED /* TodoList.swift */,
			);
			name = Notify;
			sourceTree = "<group>";
		};
		3A41ADB21BA7A65A000C109B = {
			isa = PBXGroup;
			children = (
				3A4B85C41BB14C3F006E4CF1 /* IBLL */,
				3A4CD3FB1BA80826002C8A1A /* Model */,
				3A4CD3F61BA80423002C8A1A /* BLL */,
				3A4CD3F51BA80408002C8A1A /* Common */,
				3A41ADBD1BA7A65A000C109B /* ewell.sleepcareforpad */,
				3A41ADD31BA7A65A000C109B /* ewell.sleepcareforpadTests */,
				3A41ADBC1BA7A65A000C109B /* Products */,
				06AD0B292D0E3508E9178FF1 /* Pods */,
				3F28D28F10171C3606C8ADEE /* Frameworks */,
			);
			sourceTree = "<group>";
		};
		3A41ADBC1BA7A65A000C109B /* Products */ = {
			isa = PBXGroup;
			children = (
				3A41ADBB1BA7A65A000C109B /* ewell.sleepcareforpad.app */,
				3A41ADD01BA7A65A000C109B /* ewell.sleepcareforpadTests.xctest */,
			);
			name = Products;
			sourceTree = "<group>";
		};
		3A41ADBD1BA7A65A000C109B /* ewell.sleepcareforpad */ = {
			isa = PBXGroup;
			children = (
				3AB3CB091BD762C50067F9D4 /* UILib */,
				3A41ADE41BA7B3E9000C109B /* ViewController */,
				3A41ADE11BA7B3A2000C109B /* View */,
				3A41ADE01BA7B396000C109B /* ViewModel */,
				3A41ADC01BA7A65A000C109B /* AppDelegate.swift */,
				3A41ADC71BA7A65A000C109B /* Images.xcassets */,
				3A41ADBE1BA7A65A000C109B /* Supporting Files */,
				3A41ADF31BA7B543000C109B /* ewell.sleepcareforpad-Bridging-Header.h */,
			);
			path = ewell.sleepcareforpad;
			sourceTree = "<group>";
		};
		3A41ADBE1BA7A65A000C109B /* Supporting Files */ = {
			isa = PBXGroup;
			children = (
				3AA3161C1BD0DD8500FC3C40 /* sleepcare.plist */,
				0D35D5F91C4CC3D8009F8EB2 /* Message.plist */,
				3A41ADBF1BA7A65A000C109B /* Info.plist */,
			);
			name = "Supporting Files";
			sourceTree = "<group>";
		};
		3A41ADD31BA7A65A000C109B /* ewell.sleepcareforpadTests */ = {
			isa = PBXGroup;
			children = (
				3A41ADD61BA7A65A000C109B /* ewell_sleepcareforpadTests.swift */,
				3A41ADD41BA7A65A000C109B /* Supporting Files */,
			);
			path = ewell.sleepcareforpadTests;
			sourceTree = "<group>";
		};
		3A41ADD41BA7A65A000C109B /* Supporting Files */ = {
			isa = PBXGroup;
			children = (
				3A41ADD51BA7A65A000C109B /* Info.plist */,
			);
			name = "Supporting Files";
			sourceTree = "<group>";
		};
		3A41ADE01BA7B396000C109B /* ViewModel */ = {
			isa = PBXGroup;
			children = (
				3A325A331BD08B7B00DE4E78 /* BaseViewModel.swift */,
				3AC7B0E31BF42EFB002DE94C /* IloginViewModel.swift */,
				3AF844C41BFD619E00B5EDE3 /* IMyPatientsViewModel.swift */,
				3ACD645D1BFC577A00FB62BB /* IChoosePatientsViewModel.swift */,
				0D1341BE1C4F7CF000051E2C /* IModifyViewModel.swift */,
				0DC1468C1DB60A7D00DE2E0D /* WeekReportViewModel.swift */,
				2CB427AA1BF9B11A00BF7E15 /* IEmailViewModel.swift */,
				0D652BD01DB49E1100110E63 /* IAlarmViewModel.swift */,
				0DC1467E1DB4C8EA00DE2E0D /* HRTabViewModel.swift */,
				0DC1467F1DB4C8EA00DE2E0D /* RRTabViewModel.swift */,
				0DC146801DB4C8EA00DE2E0D /* SleepTabViewModel.swift */,
			);
			name = ViewModel;
			sourceTree = "<group>";
		};
		3A41ADE11BA7B3A2000C109B /* View */ = {
			isa = PBXGroup;
			children = (
				2C0DC3C61BF9A20F0048BEEA /* IEmailView.xib */,
				0D85F7871DB49C41000E5ADC /* Main.storyboard */,
			);
			name = View;
			sourceTree = "<group>";
		};
		3A41ADE41BA7B3E9000C109B /* ViewController */ = {
			isa = PBXGroup;
			children = (
				0D85F7631DB49B0A000E5ADC /* IBaseViewController.swift */,
				0D85F7691DB49B0A000E5ADC /* IServerSettingController.swift */,
				0D85F7661DB49B0A000E5ADC /* LoginViewController.swift */,
				0D85F7671DB49B0A000E5ADC /* IMyPatientsController.swift */,
				0D85F7641DB49B0A000E5ADC /* IChoosePatientsController.swift */,
				0DC146771DB4C7D800DE2E0D /* MeViewController.swift */,
				0D47F1B21DB8BB1F0012C078 /* AccountSettingController.swift */,
				0D85F7621DB49B0A000E5ADC /* ModifyAccountController.swift */,
				0D85F76A1DB49B0A000E5ADC /* IWeekSleepcareController.swift */,
				0D85F7651DB49B0A000E5ADC /* IEmailViewController.swift */,
				0D85F76D1DB49B0A000E5ADC /* ShowAlarmViewController.swift */,
				0D85F7721DB49B0A000E5ADC /* TabbarController.swift */,
				0DC146761DB4C7D800DE2E0D /* HRTabViewController.swift */,
				0DC146781DB4C7D800DE2E0D /* RRTabViewController.swift */,
				0DC146791DB4C7D800DE2E0D /* SleepTabViewController.swift */,
			);
			name = ViewController;
			sourceTree = "<group>";
		};
		3A4B85C41BB14C3F006E4CF1 /* IBLL */ = {
			isa = PBXGroup;
			children = (
				3A4B85C51BB14D34006E4CF1 /* SleepCareForIPhoneBussinessManager.swift */,
			);
			name = IBLL;
			sourceTree = "<group>";
		};
		3A4CD3F51BA80408002C8A1A /* Common */ = {
			isa = PBXGroup;
			children = (
				3A3EF7BD1BDE058100CDDAED /* Notify */,
				3AB43E761BD4E16B005023D3 /* Date */,
				3A35AB641BCCE8B000ED3293 /* SweetAlert.swift */,
				3A3262DD1BB912180002687B /* OSSExceptionHelper.h */,
				3A3262DE1BB912180002687B /* OSSExceptionHelper.m */,
				3A3262DF1BB912180002687B /* OSSTry.swift */,
				3A41ADED1BA7B45D000C109B /* MessageDelegate.swift */,
				3A41ADEE1BA7B45D000C109B /* ReactiveCocoa.swift */,
				3A4CD3F71BA804D2002C8A1A /* XmppMsgManager.swift */,
				3A4CD3F91BA80536002C8A1A /* CommonHelper.swift */,
				3A4CD3FE1BA808C1002C8A1A /* XmppMsgHelper.swift */,
				0DCC7ABC1C34C71700CC2498 /* RealTimeHelper.swift */,
				0D336D0D1C92596D0049883F /* RemoteNoticeHelper.swift */,
				3A36B0201BA94E89000F4AED /* RealTimeDelegate.swift */,
				3A0B97161BF5791F00409AD9 /* SessionForIphone.swift */,
				0D85F72C1DB498D8000E5ADC /* IAlarmHelper.swift */,
				0DC2284C1C212F0E00AF4737 /* PlistHelper.swift */,
				0D35D5F51C488CDE009F8EB2 /* MessageHelper.swift */,
				0DF6BD811C59AB26007BF0A9 /* DateFormatterHelper.swift */,
				0D9AE0781C8E7FB800625D5E /* Const.swift */,
			);
			name = Common;
			sourceTree = "<group>";
		};
		3A4CD3F61BA80423002C8A1A /* BLL */ = {
			isa = PBXGroup;
			children = (
				3A4B85C91BB14F28006E4CF1 /* SleepCareForIPhoneBussiness.swift */,
			);
			name = BLL;
			sourceTree = "<group>";
		};
		3A4CD3FB1BA80826002C8A1A /* Model */ = {
			isa = PBXGroup;
			children = (
				0D85F70C1DB497E3000E5ADC /* AlarmInfo.swift */,
				0D85F70D1DB497E3000E5ADC /* AlarmList.swift */,
				0D85F70E1DB497E3000E5ADC /* IBedUserList.swift */,
				0D6B4CBA1DB768EC00C6DD3E /* IBedUserInfo.swift */,
				0D85F7111DB497E3000E5ADC /* ILoginUser.swift */,
				0D85F7121DB497E3000E5ADC /* IMainInfo.swift */,
				0DC1468E1DB60B4800DE2E0D /* WeekSleep.swift */,
				0D85F7221DB49817000E5ADC /* EMProperties.swift */,
				0D85F7231DB49817000E5ADC /* EMServiceException.swift */,
				0D85F7241DB49817000E5ADC /* EMString.swift */,
				0D85F7251DB49817000E5ADC /* MessageFactory.swift */,
				0D85F7261DB49817000E5ADC /* ServerResult.swift */,
				0DC146841DB4CA0100DE2E0D /* HRRange.swift */,
				0DC146881DB4CE0200DE2E0D /* RRRange.swift */,
				0DC146861DB4CDFC00DE2E0D /* SleepQualityReport.swift */,
				3A4CD3FC1BA80852002C8A1A /* BaseMessage.swift */,
				3A33EF841BAA56D700D82A4D /* MessageSubject.swift */,
				3A36B0221BA96648000F4AED /* RealTimeReport.swift */,
				0D47F1B61DB9A11B0012C078 /* PatientCodeAndName.swift */,
			);
			name = Model;
			sourceTree = "<group>";
		};
		3AB3CB091BD762C50067F9D4 /* UILib */ = {
			isa = PBXGroup;
			children = (
				0DC1466A1DB4C68F00DE2E0D /* chartview */,
				0DC146631DB4C65600DE2E0D /* circleview */,
				0DC1465F1DB4C62500DE2E0D /* sleepcircle */,
				0D85F74E1DB49A41000E5ADC /* AlarmCell */,
				0D85F7441DB499F7000E5ADC /* ChooseDate */,
				0D85F7431DB499EA000E5ADC /* PopDownList */,
				0D85F7361DB49961000E5ADC /* Patient */,
				0D1341C51C50B9F800051E2C /* common */,
			);
			name = UILib;
			sourceTree = "<group>";
		};
		3AB43E761BD4E16B005023D3 /* Date */ = {
			isa = PBXGroup;
			children = (
				3AB43E7C1BD4E1B9005023D3 /* BizDayRule.swift */,
				3AB43E7D1BD4E1B9005023D3 /* Calendar.swift */,
				3AB43E7E1BD4E1B9005023D3 /* DateHelpers.swift */,
				3AB43E7F1BD4E1B9005023D3 /* DayCounter.swift */,
				3AB43E831BD4E1B9005023D3 /* Term.swift */,
				3AB43E771BD4E17B005023D3 /* Date.swift */,
			);
			name = Date;
			sourceTree = "<group>";
		};
		3F28D28F10171C3606C8ADEE /* Frameworks */ = {
			isa = PBXGroup;
			children = (
				2CB435331C06A6A9000751D1 /* libxml2.dylib */,
				3AC7B10C1BF464D2002DE94C /* Foundation.framework */,
				3A3D65E71BAAB67C00CEFB25 /* libxml2.2.dylib */,
				54127559369C5508905B3990 /* libPods.a */,
			);
			name = Frameworks;
			sourceTree = "<group>";
		};
/* End PBXGroup section */

/* Begin PBXNativeTarget section */
		3A41ADBA1BA7A65A000C109B /* ewell.sleepcareforpad */ = {
			isa = PBXNativeTarget;
			buildConfigurationList = 3A41ADDA1BA7A65A000C109B /* Build configuration list for PBXNativeTarget "ewell.sleepcareforpad" */;
			buildPhases = (
				94B8FF2FEC56491759EB62A4 /* Check Pods Manifest.lock */,
				3A41ADB71BA7A65A000C109B /* Sources */,
				3A41ADB81BA7A65A000C109B /* Frameworks */,
				3A41ADB91BA7A65A000C109B /* Resources */,
				8C7EF80D5231F3785268B921 /* Copy Pods Resources */,
				0D2F0140C68F05F12F6A88CA /* Embed Pods Frameworks */,
			);
			buildRules = (
			);
			dependencies = (
			);
			name = ewell.sleepcareforpad;
			productName = ewell.sleepcareforpad;
			productReference = 3A41ADBB1BA7A65A000C109B /* ewell.sleepcareforpad.app */;
			productType = "com.apple.product-type.application";
		};
		3A41ADCF1BA7A65A000C109B /* ewell.sleepcareforpadTests */ = {
			isa = PBXNativeTarget;
			buildConfigurationList = 3A41ADDD1BA7A65A000C109B /* Build configuration list for PBXNativeTarget "ewell.sleepcareforpadTests" */;
			buildPhases = (
				3A41ADCC1BA7A65A000C109B /* Sources */,
				3A41ADCD1BA7A65A000C109B /* Frameworks */,
				3A41ADCE1BA7A65A000C109B /* Resources */,
			);
			buildRules = (
			);
			dependencies = (
				3A41ADD21BA7A65A000C109B /* PBXTargetDependency */,
			);
			name = ewell.sleepcareforpadTests;
			productName = ewell.sleepcareforpadTests;
			productReference = 3A41ADD01BA7A65A000C109B /* ewell.sleepcareforpadTests.xctest */;
			productType = "com.apple.product-type.bundle.unit-test";
		};
/* End PBXNativeTarget section */

/* Begin PBXProject section */
		3A41ADB31BA7A65A000C109B /* Project object */ = {
			isa = PBXProject;
			attributes = {
				LastSwiftUpdateCheck = 0710;
				LastUpgradeCheck = 0630;
				ORGANIZATIONNAME = djg;
				TargetAttributes = {
					3A41ADBA1BA7A65A000C109B = {
						CreatedOnToolsVersion = 6.3;
						DevelopmentTeam = ZT8T3NTPYJ;
						SystemCapabilities = {
							com.apple.BackgroundModes = {
								enabled = 1;
							};
						};
					};
					3A41ADCF1BA7A65A000C109B = {
						CreatedOnToolsVersion = 6.3;
						DevelopmentTeam = ZT8T3NTPYJ;
						TestTargetID = 3A41ADBA1BA7A65A000C109B;
					};
				};
			};
			buildConfigurationList = 3A41ADB61BA7A65A000C109B /* Build configuration list for PBXProject "ewell.sleepcareforpad" */;
			compatibilityVersion = "Xcode 3.2";
			developmentRegion = English;
			hasScannedForEncodings = 0;
			knownRegions = (
				en,
				Base,
			);
			mainGroup = 3A41ADB21BA7A65A000C109B;
			productRefGroup = 3A41ADBC1BA7A65A000C109B /* Products */;
			projectDirPath = "";
			projectRoot = "";
			targets = (
				3A41ADBA1BA7A65A000C109B /* ewell.sleepcareforpad */,
				3A41ADCF1BA7A65A000C109B /* ewell.sleepcareforpadTests */,
			);
		};
/* End PBXProject section */

/* Begin PBXResourcesBuildPhase section */
		3A41ADB91BA7A65A000C109B /* Resources */ = {
			isa = PBXResourcesBuildPhase;
			buildActionMask = 2147483647;
			files = (
				2C0DC3C71BF9A20F0048BEEA /* IEmailView.xib in Resources */,
				0D85F73E1DB49995000E5ADC /* BedPatientCell.xib in Resources */,
				0D85F7411DB49995000E5ADC /* PartTableCell.xib in Resources */,
				0DC2280C1C1FD65600AF4737 /* JHSpinnerView.xib in Resources */,
				0D85F7581DB49A64000E5ADC /* THDateDay.xib in Resources */,
				0D85F7881DB49C41000E5ADC /* Main.storyboard in Resources */,
				0D85F75C1DB49AA6000E5ADC /* image in Resources */,
				0D85F74A1DB49A10000E5ADC /* fs_main_login_normal.png in Resources */,
				0D85F74B1DB49A10000E5ADC /* fs_main_login_selected.png in Resources */,
				3A41ADC81BA7A65A000C109B /* Images.xcassets in Resources */,
				3AA3161D1BD0DD8500FC3C40 /* sleepcare.plist in Resources */,
				0D85F75A1DB49A64000E5ADC /* THDatePickerViewController.xib in Resources */,
				0D35D5FA1C4CC3D8009F8EB2 /* Message.plist in Resources */,
			);
			runOnlyForDeploymentPostprocessing = 0;
		};
		3A41ADCE1BA7A65A000C109B /* Resources */ = {
			isa = PBXResourcesBuildPhase;
			buildActionMask = 2147483647;
			files = (
			);
			runOnlyForDeploymentPostprocessing = 0;
		};
/* End PBXResourcesBuildPhase section */

/* Begin PBXShellScriptBuildPhase section */
		0D2F0140C68F05F12F6A88CA /* Embed Pods Frameworks */ = {
			isa = PBXShellScriptBuildPhase;
			buildActionMask = 2147483647;
			files = (
			);
			inputPaths = (
			);
			name = "Embed Pods Frameworks";
			outputPaths = (
			);
			runOnlyForDeploymentPostprocessing = 0;
			shellPath = /bin/sh;
			shellScript = "\"${SRCROOT}/Pods/Target Support Files/Pods/Pods-frameworks.sh\"\n";
			showEnvVarsInLog = 0;
		};
		8C7EF80D5231F3785268B921 /* Copy Pods Resources */ = {
			isa = PBXShellScriptBuildPhase;
			buildActionMask = 2147483647;
			files = (
			);
			inputPaths = (
			);
			name = "Copy Pods Resources";
			outputPaths = (
			);
			runOnlyForDeploymentPostprocessing = 0;
			shellPath = /bin/sh;
			shellScript = "\"${SRCROOT}/Pods/Target Support Files/Pods/Pods-resources.sh\"\n";
			showEnvVarsInLog = 0;
		};
		94B8FF2FEC56491759EB62A4 /* Check Pods Manifest.lock */ = {
			isa = PBXShellScriptBuildPhase;
			buildActionMask = 2147483647;
			files = (
			);
			inputPaths = (
			);
			name = "Check Pods Manifest.lock";
			outputPaths = (
			);
			runOnlyForDeploymentPostprocessing = 0;
			shellPath = /bin/sh;
			shellScript = "diff \"${PODS_ROOT}/../Podfile.lock\" \"${PODS_ROOT}/Manifest.lock\" > /dev/null\nif [[ $? != 0 ]] ; then\n    cat << EOM\nerror: The sandbox is not in sync with the Podfile.lock. Run 'pod install' or update your CocoaPods installation.\nEOM\n    exit 1\nfi\n";
			showEnvVarsInLog = 0;
		};
/* End PBXShellScriptBuildPhase section */

/* Begin PBXSourcesBuildPhase section */
		3A41ADB71BA7A65A000C109B /* Sources */ = {
			isa = PBXSourcesBuildPhase;
			buildActionMask = 2147483647;
			files = (
				0DF6BD821C59AB26007BF0A9 /* DateFormatterHelper.swift in Sources */,
				0D85F73D1DB49995000E5ADC /* BedPatientCell.swift in Sources */,
				0D1341BF1C4F7CF000051E2C /* IModifyViewModel.swift in Sources */,
				0D85F7331DB49926000E5ADC /* Li_common.swift in Sources */,
				0D85F7751DB49B0A000E5ADC /* IBaseViewController.swift in Sources */,
				0D652BD11DB49E1100110E63 /* IAlarmViewModel.swift in Sources */,
				3A4CD3F81BA804D2002C8A1A /* XmppMsgManager.swift in Sources */,
				3A4CD3FF1BA808C1002C8A1A /* XmppMsgHelper.swift in Sources */,
				3A0B97171BF5791F00409AD9 /* SessionForIphone.swift in Sources */,
				3A41ADF01BA7B45D000C109B /* MessageDelegate.swift in Sources */,
				0D85F77B1DB49B0A000E5ADC /* IServerSettingController.swift in Sources */,
				3A4B85C61BB14D34006E4CF1 /* SleepCareForIPhoneBussinessManager.swift in Sources */,
				3AB43E8B1BD4E1B9005023D3 /* Calendar.swift in Sources */,
				0D85F7781DB49B0A000E5ADC /* LoginViewController.swift in Sources */,
				3A4B85CA1BB14F28006E4CF1 /* SleepCareForIPhoneBussiness.swift in Sources */,
				0DC1467D1DB4C7D800DE2E0D /* SleepTabViewController.swift in Sources */,
				0D85F71C1DB497E3000E5ADC /* ILoginUser.swift in Sources */,
				0D85F7341DB49926000E5ADC /* PopDownList.swift in Sources */,
				0D85F7281DB49817000E5ADC /* EMServiceException.swift in Sources */,
				3A3262E11BB912180002687B /* OSSTry.swift in Sources */,
				0D85F74C1DB49A10000E5ADC /* PopDownListForIphone.swift in Sources */,
				0DC2280E1C1FD65F00AF4737 /* JHSpinnerView.swift in Sources */,
				0DC1468D1DB60A7D00DE2E0D /* WeekReportViewModel.swift in Sources */,
				3A4CD3FD1BA80852002C8A1A /* BaseMessage.swift in Sources */,
				0DC1467A1DB4C7D800DE2E0D /* HRTabViewController.swift in Sources */,
				0DC146751DB4C69500DE2E0D /* PointBtn.m in Sources */,
				3AF844C51BFD619E00B5EDE3 /* IMyPatientsViewModel.swift in Sources */,
				3A325A341BD08B7B00DE4E78 /* BaseViewModel.swift in Sources */,
				0D85F77F1DB49B0A000E5ADC /* ShowAlarmViewController.swift in Sources */,
				0D85F7791DB49B0A000E5ADC /* IMyPatientsController.swift in Sources */,
				0DC146891DB4CE0200DE2E0D /* RRRange.swift in Sources */,
				0DC146811DB4C8EA00DE2E0D /* HRTabViewModel.swift in Sources */,
				3A3262E01BB912180002687B /* OSSExceptionHelper.m in Sources */,
				3AB43E911BD4E1B9005023D3 /* Term.swift in Sources */,
				0D336D0E1C92596D0049883F /* RemoteNoticeHelper.swift in Sources */,
				0DC146741DB4C69500DE2E0D /* ChatLineView.m in Sources */,
				0D85F74D1DB49A10000E5ADC /* ZSYPopoverListView.m in Sources */,
				0D85F7571DB49A64000E5ADC /* THDateDay.m in Sources */,
				3AB43E8A1BD4E1B9005023D3 /* BizDayRule.swift in Sources */,
				3AB43E781BD4E17B005023D3 /* Date.swift in Sources */,
				0DC146831DB4C8EA00DE2E0D /* SleepTabViewModel.swift in Sources */,
				0DC146851DB4CA0100DE2E0D /* HRRange.swift in Sources */,
				0D9AE0791C8E7FB800625D5E /* Const.swift in Sources */,
				3A41ADC11BA7A65A000C109B /* AppDelegate.swift in Sources */,
				0DC1468F1DB60B4800DE2E0D /* WeekSleep.swift in Sources */,
				0D85F7181DB497E3000E5ADC /* AlarmList.swift in Sources */,
				0D85F7561DB49A64000E5ADC /* THDate.swift in Sources */,
				0D85F72A1DB49817000E5ADC /* MessageFactory.swift in Sources */,
				0D35D5F61C488CDE009F8EB2 /* MessageHelper.swift in Sources */,
				0D85F73F1DB49995000E5ADC /* CommonTableView.swift in Sources */,
				0D85F72D1DB498D8000E5ADC /* IAlarmHelper.swift in Sources */,
				0D6B4CBB1DB768EC00C6DD3E /* IBedUserInfo.swift in Sources */,
				0DC146681DB4C65D00DE2E0D /* STLoopProgressView.m in Sources */,
				0DC146691DB4C65D00DE2E0D /* STLoopProgressView+BaseConfiguration.m in Sources */,
				0D47F1B71DB9A11B0012C078 /* PatientCodeAndName.swift in Sources */,
				3A36B0211BA94E89000F4AED /* RealTimeDelegate.swift in Sources */,
				0DC146931DB60C9B00DE2E0D /* MeTabLabel.swift in Sources */,
				3A33EF851BAA56D700D82A4D /* MessageSubject.swift in Sources */,
				0D85F77C1DB49B0A000E5ADC /* IWeekSleepcareController.swift in Sources */,
				0D85F7841DB49B0A000E5ADC /* TabbarController.swift in Sources */,
				0D85F7741DB49B0A000E5ADC /* ModifyAccountController.swift in Sources */,
				0D85F7351DB49926000E5ADC /* Popover.swift in Sources */,
				0D85F7171DB497E3000E5ADC /* AlarmInfo.swift in Sources */,
				0D85F71D1DB497E3000E5ADC /* IMainInfo.swift in Sources */,
				0D85F7761DB49B0A000E5ADC /* IChoosePatientsController.swift in Sources */,
				0DC146721DB4C69500DE2E0D /* ChartScrollView.swift in Sources */,
				3A4CD3FA1BA80536002C8A1A /* CommonHelper.swift in Sources */,
				0DC1467B1DB4C7D800DE2E0D /* MeViewController.swift in Sources */,
				0DC2284D1C212F0E00AF4737 /* PlistHelper.swift in Sources */,
				0D85F7321DB49926000E5ADC /* DatePickerView.swift in Sources */,
				3A3EF7C01BDE05A800CDDAED /* TodoItem.swift in Sources */,
				0D85F7271DB49817000E5ADC /* EMProperties.swift in Sources */,
				0DC146821DB4C8EA00DE2E0D /* RRTabViewModel.swift in Sources */,
				0D85F7591DB49A64000E5ADC /* THDatePickerViewController.m in Sources */,
				3AB43E8C1BD4E1B9005023D3 /* DateHelpers.swift in Sources */,
				3A36B0231BA96648000F4AED /* RealTimeReport.swift in Sources */,
				0DCC7ABD1C34C71700CC2498 /* RealTimeHelper.swift in Sources */,
				0DC1467C1DB4C7D800DE2E0D /* RRTabViewController.swift in Sources */,
				2CB427AB1BF9B11A00BF7E15 /* IEmailViewModel.swift in Sources */,
				0DC146871DB4CDFC00DE2E0D /* SleepQualityReport.swift in Sources */,
				0D47F1B31DB8BB1F0012C078 /* AccountSettingController.swift in Sources */,
				0D85F72B1DB49817000E5ADC /* ServerResult.swift in Sources */,
				0D85F7421DB49995000E5ADC /* PartTableViewCell.swift in Sources */,
				0D85F7401DB49995000E5ADC /* MyPatientsTableViewCell.swift in Sources */,
				0D85F7291DB49817000E5ADC /* EMString.swift in Sources */,
				0DC146731DB4C69500DE2E0D /* ChartView.m in Sources */,
				3AB43E8D1BD4E1B9005023D3 /* DayCounter.swift in Sources */,
				3A41ADF11BA7B45D000C109B /* ReactiveCocoa.swift in Sources */,
				0DC146951DB60D0300DE2E0D /* HrRrSleepTabLabel.swift in Sources */,
				3A35AB651BCCE8B000ED3293 /* SweetAlert.swift in Sources */,
				0DC146911DB60BC500DE2E0D /* WeekreportLabel.swift in Sources */,
				0D85F7771DB49B0A000E5ADC /* IEmailViewController.swift in Sources */,
				3ACD645E1BFC577A00FB62BB /* IChoosePatientsViewModel.swift in Sources */,
				3A3EF7C11BDE05A800CDDAED /* TodoList.swift in Sources */,
				0D85F7191DB497E3000E5ADC /* IBedUserList.swift in Sources */,
				3AC7B0E41BF42EFB002DE94C /* IloginViewModel.swift in Sources */,
				0DC146621DB4C63300DE2E0D /* sleepcircle.m in Sources */,
			);
			runOnlyForDeploymentPostprocessing = 0;
		};
		3A41ADCC1BA7A65A000C109B /* Sources */ = {
			isa = PBXSourcesBuildPhase;
			buildActionMask = 2147483647;
			files = (
				3A41ADD71BA7A65A000C109B /* ewell_sleepcareforpadTests.swift in Sources */,
			);
			runOnlyForDeploymentPostprocessing = 0;
		};
/* End PBXSourcesBuildPhase section */

/* Begin PBXTargetDependency section */
		3A41ADD21BA7A65A000C109B /* PBXTargetDependency */ = {
			isa = PBXTargetDependency;
			target = 3A41ADBA1BA7A65A000C109B /* ewell.sleepcareforpad */;
			targetProxy = 3A41ADD11BA7A65A000C109B /* PBXContainerItemProxy */;
		};
/* End PBXTargetDependency section */

/* Begin XCBuildConfiguration section */
		3A41ADD81BA7A65A000C109B /* Debug */ = {
			isa = XCBuildConfiguration;
			buildSettings = {
				ALWAYS_SEARCH_USER_PATHS = NO;
				CLANG_CXX_LANGUAGE_STANDARD = "gnu++0x";
				CLANG_CXX_LIBRARY = "libc++";
				CLANG_ENABLE_MODULES = YES;
				CLANG_ENABLE_OBJC_ARC = YES;
				CLANG_WARN_BOOL_CONVERSION = YES;
				CLANG_WARN_CONSTANT_CONVERSION = YES;
				CLANG_WARN_DIRECT_OBJC_ISA_USAGE = YES_ERROR;
				CLANG_WARN_EMPTY_BODY = YES;
				CLANG_WARN_ENUM_CONVERSION = YES;
				CLANG_WARN_INT_CONVERSION = YES;
				CLANG_WARN_OBJC_ROOT_CLASS = YES_ERROR;
				CLANG_WARN_UNREACHABLE_CODE = YES;
				CLANG_WARN__DUPLICATE_METHOD_MATCH = YES;
				CODE_SIGN_IDENTITY = "";
				COPY_PHASE_STRIP = NO;
				DEBUG_INFORMATION_FORMAT = "dwarf-with-dsym";
				ENABLE_STRICT_OBJC_MSGSEND = YES;
				GCC_C_LANGUAGE_STANDARD = gnu99;
				GCC_DYNAMIC_NO_PIC = NO;
				GCC_NO_COMMON_BLOCKS = YES;
				GCC_OPTIMIZATION_LEVEL = 0;
				GCC_PREPROCESSOR_DEFINITIONS = (
					"DEBUG=1",
					"$(inherited)",
				);
				GCC_SYMBOLS_PRIVATE_EXTERN = NO;
				GCC_WARN_64_TO_32_BIT_CONVERSION = YES;
				GCC_WARN_ABOUT_RETURN_TYPE = YES_ERROR;
				GCC_WARN_UNDECLARED_SELECTOR = YES;
				GCC_WARN_UNINITIALIZED_AUTOS = YES_AGGRESSIVE;
				GCC_WARN_UNUSED_FUNCTION = YES;
				GCC_WARN_UNUSED_VARIABLE = YES;
				IPHONEOS_DEPLOYMENT_TARGET = 7.1;
				MTL_ENABLE_DEBUG_INFO = YES;
				ONLY_ACTIVE_ARCH = YES;
				PROVISIONING_PROFILE = "";
				SDKROOT = iphoneos;
				SWIFT_OPTIMIZATION_LEVEL = "-Onone";
			};
			name = Debug;
		};
		3A41ADD91BA7A65A000C109B /* Release */ = {
			isa = XCBuildConfiguration;
			buildSettings = {
				ALWAYS_SEARCH_USER_PATHS = NO;
				CLANG_CXX_LANGUAGE_STANDARD = "gnu++0x";
				CLANG_CXX_LIBRARY = "libc++";
				CLANG_ENABLE_MODULES = YES;
				CLANG_ENABLE_OBJC_ARC = YES;
				CLANG_WARN_BOOL_CONVERSION = YES;
				CLANG_WARN_CONSTANT_CONVERSION = YES;
				CLANG_WARN_DIRECT_OBJC_ISA_USAGE = YES_ERROR;
				CLANG_WARN_EMPTY_BODY = YES;
				CLANG_WARN_ENUM_CONVERSION = YES;
				CLANG_WARN_INT_CONVERSION = YES;
				CLANG_WARN_OBJC_ROOT_CLASS = YES_ERROR;
				CLANG_WARN_UNREACHABLE_CODE = YES;
				CLANG_WARN__DUPLICATE_METHOD_MATCH = YES;
				CODE_SIGN_IDENTITY = "";
				COPY_PHASE_STRIP = NO;
				DEBUG_INFORMATION_FORMAT = "dwarf-with-dsym";
				ENABLE_NS_ASSERTIONS = NO;
				ENABLE_STRICT_OBJC_MSGSEND = YES;
				GCC_C_LANGUAGE_STANDARD = gnu99;
				GCC_NO_COMMON_BLOCKS = YES;
				GCC_WARN_64_TO_32_BIT_CONVERSION = YES;
				GCC_WARN_ABOUT_RETURN_TYPE = YES_ERROR;
				GCC_WARN_UNDECLARED_SELECTOR = YES;
				GCC_WARN_UNINITIALIZED_AUTOS = YES_AGGRESSIVE;
				GCC_WARN_UNUSED_FUNCTION = YES;
				GCC_WARN_UNUSED_VARIABLE = YES;
				IPHONEOS_DEPLOYMENT_TARGET = 7.1;
				MTL_ENABLE_DEBUG_INFO = NO;
				PROVISIONING_PROFILE = "";
				SDKROOT = iphoneos;
				VALIDATE_PRODUCT = YES;
			};
			name = Release;
		};
		3A41ADDB1BA7A65A000C109B /* Debug */ = {
			isa = XCBuildConfiguration;
			baseConfigurationReference = 5E7856675DBD0F8296CBE665 /* Pods.debug.xcconfig */;
			buildSettings = {
				ASSETCATALOG_COMPILER_APPICON_NAME = AppIcon;
				ASSETCATALOG_COMPILER_LAUNCHIMAGE_NAME = LaunchImage;
				CLANG_ENABLE_MODULES = YES;
				CLANG_ENABLE_OBJC_ARC = YES;
				CODE_SIGN_IDENTITY = "iPhone Developer";
				"CODE_SIGN_IDENTITY[sdk=*]" = "";
				"CODE_SIGN_IDENTITY[sdk=iphoneos*]" = "iPhone Developer";
				FRAMEWORK_SEARCH_PATHS = "$(inherited)";
				HEADER_SEARCH_PATHS = (
					"$(inherited)",
					"$(SDKROOT)/usr/include/libxml2/**",
					"$(PODS_ROOT)/XMPPFramework/module",
					"$(SDKROOT)/usr/include/libresolv",
					"$(inherited)",
					"\"${PODS_ROOT}/Headers/Public\"",
					"\"${PODS_ROOT}/Headers/Public/AFNetworking\"",
					"\"${PODS_ROOT}/Headers/Public/CocoaAsyncSocket\"",
					"\"${PODS_ROOT}/Headers/Public/CocoaLumberjack\"",
					"\"${PODS_ROOT}/Headers/Public/ReactiveCocoa\"",
					"\"${PODS_ROOT}/Headers/Public/XMPPFramework\"",
					"$(inherited)",
					"$(SDKROOT)/usr/include/libxml2",
					"$(PODS_ROOT)/XMPPFramework/module",
					"$(SDKROOT)/usr/include/libresolv",
					"$(inherited)",
					"$(SDKROOT)/usr/include/libxml2",
					"$(PODS_ROOT)/XMPPFramework/module",
					"$(SDKROOT)/usr/include/libresolv",
				);
				INFOPLIST_FILE = ewell.sleepcareforpad/Info.plist;
				IPHONEOS_DEPLOYMENT_TARGET = 7.1;
				LD_RUNPATH_SEARCH_PATHS = "$(inherited) @executable_path/Frameworks";
				PRODUCT_NAME = "$(TARGET_NAME)";
				PROVISIONING_PROFILE = "";
				SWIFT_OBJC_BRIDGING_HEADER = "ewell.sleepcareforpad/ewell.sleepcareforpad-Bridging-Header.h";
				SWIFT_OPTIMIZATION_LEVEL = "-Onone";
				TARGETED_DEVICE_FAMILY = 1;
			};
			name = Debug;
		};
		3A41ADDC1BA7A65A000C109B /* Release */ = {
			isa = XCBuildConfiguration;
			baseConfigurationReference = 8E709AD7A0D77B12CA43D3D0 /* Pods.release.xcconfig */;
			buildSettings = {
				ASSETCATALOG_COMPILER_APPICON_NAME = AppIcon;
				ASSETCATALOG_COMPILER_LAUNCHIMAGE_NAME = LaunchImage;
				CLANG_ENABLE_MODULES = YES;
				CLANG_ENABLE_OBJC_ARC = YES;
				CODE_SIGN_IDENTITY = "iPhone Developer";
				"CODE_SIGN_IDENTITY[sdk=*]" = "";
				"CODE_SIGN_IDENTITY[sdk=iphoneos*]" = "iPhone Developer";
				FRAMEWORK_SEARCH_PATHS = "$(inherited)";
				HEADER_SEARCH_PATHS = (
					"$(inherited)",
					"$(SDKROOT)/usr/include/libxml2/**",
					"$(PODS_ROOT)/XMPPFramework/module",
					"$(SDKROOT)/usr/include/libresolv",
					"$(inherited)",
					"\"${PODS_ROOT}/Headers/Public\"",
					"\"${PODS_ROOT}/Headers/Public/AFNetworking\"",
					"\"${PODS_ROOT}/Headers/Public/CocoaAsyncSocket\"",
					"\"${PODS_ROOT}/Headers/Public/CocoaLumberjack\"",
					"\"${PODS_ROOT}/Headers/Public/ReactiveCocoa\"",
					"\"${PODS_ROOT}/Headers/Public/XMPPFramework\"",
					"$(inherited)",
					"$(SDKROOT)/usr/include/libxml2",
					"$(PODS_ROOT)/XMPPFramework/module",
					"$(SDKROOT)/usr/include/libresolv",
					"$(inherited)",
					"$(SDKROOT)/usr/include/libxml2",
					"$(PODS_ROOT)/XMPPFramework/module",
					"$(SDKROOT)/usr/include/libresolv",
				);
				INFOPLIST_FILE = ewell.sleepcareforpad/Info.plist;
				IPHONEOS_DEPLOYMENT_TARGET = 7.1;
				LD_RUNPATH_SEARCH_PATHS = "$(inherited) @executable_path/Frameworks";
				PRODUCT_NAME = "$(TARGET_NAME)";
				PROVISIONING_PROFILE = "";
				SWIFT_OBJC_BRIDGING_HEADER = "ewell.sleepcareforpad/ewell.sleepcareforpad-Bridging-Header.h";
				TARGETED_DEVICE_FAMILY = 1;
			};
			name = Release;
		};
		3A41ADDE1BA7A65A000C109B /* Debug */ = {
			isa = XCBuildConfiguration;
			buildSettings = {
				BUNDLE_LOADER = "$(TEST_HOST)";
				CODE_SIGN_IDENTITY = "iPhone Developer";
				"CODE_SIGN_IDENTITY[sdk=iphoneos*]" = "iPhone Developer";
				FRAMEWORK_SEARCH_PATHS = (
					"$(SDKROOT)/Developer/Library/Frameworks",
					"$(inherited)",
				);
				GCC_PREPROCESSOR_DEFINITIONS = (
					"DEBUG=1",
					"$(inherited)",
				);
				INFOPLIST_FILE = ewell.sleepcareforpadTests/Info.plist;
				LD_RUNPATH_SEARCH_PATHS = "$(inherited) @executable_path/Frameworks @loader_path/Frameworks";
				PRODUCT_NAME = "$(TARGET_NAME)";
				PROVISIONING_PROFILE = "";
				TEST_HOST = "$(BUILT_PRODUCTS_DIR)/ewell.sleepcareforpad.app/ewell.sleepcareforpad";
			};
			name = Debug;
		};
		3A41ADDF1BA7A65A000C109B /* Release */ = {
			isa = XCBuildConfiguration;
			buildSettings = {
				BUNDLE_LOADER = "$(TEST_HOST)";
				CODE_SIGN_IDENTITY = "iPhone Developer";
				"CODE_SIGN_IDENTITY[sdk=iphoneos*]" = "iPhone Developer";
				FRAMEWORK_SEARCH_PATHS = (
					"$(SDKROOT)/Developer/Library/Frameworks",
					"$(inherited)",
				);
				INFOPLIST_FILE = ewell.sleepcareforpadTests/Info.plist;
				LD_RUNPATH_SEARCH_PATHS = "$(inherited) @executable_path/Frameworks @loader_path/Frameworks";
				PRODUCT_NAME = "$(TARGET_NAME)";
				PROVISIONING_PROFILE = "";
				TEST_HOST = "$(BUILT_PRODUCTS_DIR)/ewell.sleepcareforpad.app/ewell.sleepcareforpad";
			};
			name = Release;
		};
/* End XCBuildConfiguration section */

/* Begin XCConfigurationList section */
		3A41ADB61BA7A65A000C109B /* Build configuration list for PBXProject "ewell.sleepcareforpad" */ = {
			isa = XCConfigurationList;
			buildConfigurations = (
				3A41ADD81BA7A65A000C109B /* Debug */,
				3A41ADD91BA7A65A000C109B /* Release */,
			);
			defaultConfigurationIsVisible = 0;
			defaultConfigurationName = Debug;
		};
		3A41ADDA1BA7A65A000C109B /* Build configuration list for PBXNativeTarget "ewell.sleepcareforpad" */ = {
			isa = XCConfigurationList;
			buildConfigurations = (
				3A41ADDB1BA7A65A000C109B /* Debug */,
				3A41ADDC1BA7A65A000C109B /* Release */,
			);
			defaultConfigurationIsVisible = 0;
			defaultConfigurationName = Debug;
		};
		3A41ADDD1BA7A65A000C109B /* Build configuration list for PBXNativeTarget "ewell.sleepcareforpadTests" */ = {
			isa = XCConfigurationList;
			buildConfigurations = (
				3A41ADDE1BA7A65A000C109B /* Debug */,
				3A41ADDF1BA7A65A000C109B /* Release */,
			);
			defaultConfigurationIsVisible = 0;
			defaultConfigurationName = Debug;
		};
/* End XCConfigurationList section */
	};
	rootObject = 3A41ADB31BA7A65A000C109B /* Project object */;
}
