// !$*UTF8*$!
{
	archiveVersion = 1;
	classes = {
	};
	objectVersion = 46;
	objects = {

/* Begin PBXBuildFile section */
		014F22D79C8AFDD24AC8065A /* libPods.a in Frameworks */ = {isa = PBXBuildFile; fileRef = 54127559369C5508905B3990 /* libPods.a */; };
		2C2C067B1BCF955400AA2C8D /* SleepQualityPandect.xib in Resources */ = {isa = PBXBuildFile; fileRef = 2C2C067A1BCF955400AA2C8D /* SleepQualityPandect.xib */; };
		2C3150A51BCDFAF300EC749E /* LeaveBedReportList.swift in Sources */ = {isa = PBXBuildFile; fileRef = 2C3150A41BCDFAF300EC749E /* LeaveBedReportList.swift */; };
		2C3150A71BCDFB4500EC749E /* LeaveBedReport.swift in Sources */ = {isa = PBXBuildFile; fileRef = 2C3150A61BCDFB4500EC749E /* LeaveBedReport.swift */; };
		2C37F1391BD093280034D9F1 /* SleepQualityPandectViewModel.swift in Sources */ = {isa = PBXBuildFile; fileRef = 2C37F1381BD093280034D9F1 /* SleepQualityPandectViewModel.swift */; };
		2C3BAF131BCBA387003A2F48 /* AlarmViewModel.swift in Sources */ = {isa = PBXBuildFile; fileRef = 2C3BAF121BCBA387003A2F48 /* AlarmViewModel.swift */; };
		2C3BAF151BCBA481003A2F48 /* AlarmView.xib in Resources */ = {isa = PBXBuildFile; fileRef = 2C3BAF141BCBA481003A2F48 /* AlarmView.xib */; };
		2C3BAF171BCBA4C3003A2F48 /* AlarmView.swift in Sources */ = {isa = PBXBuildFile; fileRef = 2C3BAF161BCBA4C3003A2F48 /* AlarmView.swift */; };
		2C4814E21BCCD8E500663B08 /* AlarmTableViewCell.swift in Sources */ = {isa = PBXBuildFile; fileRef = 2C4814E01BCCD8E500663B08 /* AlarmTableViewCell.swift */; };
		2C4814E31BCCD8E500663B08 /* AlarmTableViewCell.xib in Resources */ = {isa = PBXBuildFile; fileRef = 2C4814E11BCCD8E500663B08 /* AlarmTableViewCell.xib */; };
		2C4911BD1BD0A15400A167A9 /* SleepQualityPandectView.swift in Sources */ = {isa = PBXBuildFile; fileRef = 2C4911BC1BD0A15400A167A9 /* SleepQualityPandectView.swift */; };
		2C4F5FD91BCE2C70004FE6C3 /* TurnOverTableViewCell.swift in Sources */ = {isa = PBXBuildFile; fileRef = 2C4F5FD71BCE2C70004FE6C3 /* TurnOverTableViewCell.swift */; };
		2C4F5FDA1BCE2C70004FE6C3 /* TurnOverTableViewCell.xib in Resources */ = {isa = PBXBuildFile; fileRef = 2C4F5FD81BCE2C70004FE6C3 /* TurnOverTableViewCell.xib */; };
		2C5AEC481BB397130096DF3F /* RoleList.swift in Sources */ = {isa = PBXBuildFile; fileRef = 2C5AEC471BB397130096DF3F /* RoleList.swift */; };
		2C6AE1171BD48713006FC007 /* searchBtn.png in Resources */ = {isa = PBXBuildFile; fileRef = 2C6AE1151BD48713006FC007 /* searchBtn.png */; };
		2C6AE1181BD48713006FC007 /* searchBtnChecked.png in Resources */ = {isa = PBXBuildFile; fileRef = 2C6AE1161BD48713006FC007 /* searchBtnChecked.png */; };
		3A2F02781BCBA4E4000B16B5 /* infoHeadred.png in Resources */ = {isa = PBXBuildFile; fileRef = 3A2F02771BCBA4E4000B16B5 /* infoHeadred.png */; };
		3A309C551BC607050005F475 /* SleepCareCollectionView.xib in Resources */ = {isa = PBXBuildFile; fileRef = 3A309C541BC607050005F475 /* SleepCareCollectionView.xib */; };
		3A325A341BD08B7B00DE4E78 /* BaseViewModel.swift in Sources */ = {isa = PBXBuildFile; fileRef = 3A325A331BD08B7B00DE4E78 /* BaseViewModel.swift */; };
		3A3262DA1BB90AD00002687B /* SleepCareCollectionView.swift in Sources */ = {isa = PBXBuildFile; fileRef = 3A3262D91BB90AD00002687B /* SleepCareCollectionView.swift */; };
		3A3262DC1BB90AF40002687B /* SleepCareCollectionViewCell.swift in Sources */ = {isa = PBXBuildFile; fileRef = 3A3262DB1BB90AF40002687B /* SleepCareCollectionViewCell.swift */; };
		3A3262E01BB912180002687B /* OSSExceptionHelper.m in Sources */ = {isa = PBXBuildFile; fileRef = 3A3262DE1BB912180002687B /* OSSExceptionHelper.m */; };
		3A3262E11BB912180002687B /* OSSTry.swift in Sources */ = {isa = PBXBuildFile; fileRef = 3A3262DF1BB912180002687B /* OSSTry.swift */; };
		3A33EF851BAA56D700D82A4D /* MessageSubject.swift in Sources */ = {isa = PBXBuildFile; fileRef = 3A33EF841BAA56D700D82A4D /* MessageSubject.swift */; };
		3A3452941BC63A5000292107 /* MainView.xib in Resources */ = {isa = PBXBuildFile; fileRef = 3A3452931BC63A5000292107 /* MainView.xib */; };
		3A346BF81BCCD36200E75E4E /* SleepcareMainViewModel.swift in Sources */ = {isa = PBXBuildFile; fileRef = 3A346BF71BCCD36200E75E4E /* SleepcareMainViewModel.swift */; };
		3A35AB651BCCE8B000ED3293 /* SweetAlert.swift in Sources */ = {isa = PBXBuildFile; fileRef = 3A35AB641BCCE8B000ED3293 /* SweetAlert.swift */; };
		3A35AB671BCCECF000ED3293 /* Session.swift in Sources */ = {isa = PBXBuildFile; fileRef = 3A35AB661BCCECF000ED3293 /* Session.swift */; };
		3A36B0211BA94E89000F4AED /* RealTimeDelegate.swift in Sources */ = {isa = PBXBuildFile; fileRef = 3A36B0201BA94E89000F4AED /* RealTimeDelegate.swift */; };
		3A36B0231BA96648000F4AED /* RealTimeReport.swift in Sources */ = {isa = PBXBuildFile; fileRef = 3A36B0221BA96648000F4AED /* RealTimeReport.swift */; };
		3A3756201BCB589600182DE4 /* DialogFrame.xib in Resources */ = {isa = PBXBuildFile; fileRef = 3A37561F1BCB589600182DE4 /* DialogFrame.xib */; };
		3A3756221BCB58F700182DE4 /* DialogFrameController.swift in Sources */ = {isa = PBXBuildFile; fileRef = 3A3756211BCB58F700182DE4 /* DialogFrameController.swift */; };
		3A3756241BCB5E7600182DE4 /* SleepCareDetail.swift in Sources */ = {isa = PBXBuildFile; fileRef = 3A3756231BCB5E7600182DE4 /* SleepCareDetail.swift */; };
		3A3756261BCB5E9600182DE4 /* SleepcareList.xib in Resources */ = {isa = PBXBuildFile; fileRef = 3A3756251BCB5E9600182DE4 /* SleepcareList.xib */; };
		3A376E421BABB3B700D70953 /* EMString.swift in Sources */ = {isa = PBXBuildFile; fileRef = 3A376E411BABB3B700D70953 /* EMString.swift */; };
		3A376E441BABB81100D70953 /* EMProperties.swift in Sources */ = {isa = PBXBuildFile; fileRef = 3A376E431BABB81100D70953 /* EMProperties.swift */; };
		3A376E461BABBB1200D70953 /* User.swift in Sources */ = {isa = PBXBuildFile; fileRef = 3A376E451BABBB1200D70953 /* User.swift */; };
		3A376E481BABD54200D70953 /* Role.swift in Sources */ = {isa = PBXBuildFile; fileRef = 3A376E471BABD54200D70953 /* Role.swift */; };
		3A376E4A1BABD9F400D70953 /* PartInfo.swift in Sources */ = {isa = PBXBuildFile; fileRef = 3A376E491BABD9F400D70953 /* PartInfo.swift */; };
		3A376E4C1BABDA3B00D70953 /* Bed.swift in Sources */ = {isa = PBXBuildFile; fileRef = 3A376E4B1BABDA3B00D70953 /* Bed.swift */; };
		3A376E4E1BABDE3500D70953 /* SignReport.swift in Sources */ = {isa = PBXBuildFile; fileRef = 3A376E4D1BABDE3500D70953 /* SignReport.swift */; };
		3A3C377A1BD48F0B00080D03 /* trunrecord.png in Resources */ = {isa = PBXBuildFile; fileRef = 3A3C37741BD48F0B00080D03 /* trunrecord.png */; };
		3A3C377B1BD48F0B00080D03 /* leaverecord.png in Resources */ = {isa = PBXBuildFile; fileRef = 3A3C37751BD48F0B00080D03 /* leaverecord.png */; };
		3A3C377C1BD48F0B00080D03 /* dateIcon.png in Resources */ = {isa = PBXBuildFile; fileRef = 3A3C37761BD48F0B00080D03 /* dateIcon.png */; };
		3A3C377D1BD48F0B00080D03 /* sleepcareblock.png in Resources */ = {isa = PBXBuildFile; fileRef = 3A3C37771BD48F0B00080D03 /* sleepcareblock.png */; };
		3A3C377E1BD48F0B00080D03 /* hrrr.png in Resources */ = {isa = PBXBuildFile; fileRef = 3A3C37781BD48F0B00080D03 /* hrrr.png */; };
		3A3C37801BD4987800080D03 /* SleepcareDetailViewModel.swift in Sources */ = {isa = PBXBuildFile; fileRef = 3A3C377F1BD4987800080D03 /* SleepcareDetailViewModel.swift */; };
		3A3C37821BD4D89A00080D03 /* comming.png in Resources */ = {isa = PBXBuildFile; fileRef = 3A3C37811BD4D89A00080D03 /* comming.png */; };
		3A3D65E41BAA8E1100CEFB25 /* MessageFactory.swift in Sources */ = {isa = PBXBuildFile; fileRef = 3A3D65E31BAA8E1100CEFB25 /* MessageFactory.swift */; };
		3A41856C1BC6618900DE6F5F /* Pager.swift in Sources */ = {isa = PBXBuildFile; fileRef = 3A41856B1BC6618900DE6F5F /* Pager.swift */; };
		3A41ADC11BA7A65A000C109B /* AppDelegate.swift in Sources */ = {isa = PBXBuildFile; fileRef = 3A41ADC01BA7A65A000C109B /* AppDelegate.swift */; };
		3A41ADC31BA7A65A000C109B /* ViewController.swift in Sources */ = {isa = PBXBuildFile; fileRef = 3A41ADC21BA7A65A000C109B /* ViewController.swift */; };
		3A41ADC81BA7A65A000C109B /* Images.xcassets in Resources */ = {isa = PBXBuildFile; fileRef = 3A41ADC71BA7A65A000C109B /* Images.xcassets */; };
		3A41ADD71BA7A65A000C109B /* ewell_sleepcareforpadTests.swift in Sources */ = {isa = PBXBuildFile; fileRef = 3A41ADD61BA7A65A000C109B /* ewell_sleepcareforpadTests.swift */; };
		3A41ADE31BA7B3D1000C109B /* LoginView.xib in Resources */ = {isa = PBXBuildFile; fileRef = 3A41ADE21BA7B3D1000C109B /* LoginView.xib */; };
		3A41ADE71BA7B425000C109B /* BaseViewController.swift in Sources */ = {isa = PBXBuildFile; fileRef = 3A41ADE51BA7B425000C109B /* BaseViewController.swift */; };
		3A41ADE81BA7B425000C109B /* LoginController.swift in Sources */ = {isa = PBXBuildFile; fileRef = 3A41ADE61BA7B425000C109B /* LoginController.swift */; };
		3A41ADEA1BA7B438000C109B /* LoginViewModel.swift in Sources */ = {isa = PBXBuildFile; fileRef = 3A41ADE91BA7B438000C109B /* LoginViewModel.swift */; };
		3A41ADF01BA7B45D000C109B /* MessageDelegate.swift in Sources */ = {isa = PBXBuildFile; fileRef = 3A41ADED1BA7B45D000C109B /* MessageDelegate.swift */; };
		3A41ADF11BA7B45D000C109B /* ReactiveCocoa.swift in Sources */ = {isa = PBXBuildFile; fileRef = 3A41ADEE1BA7B45D000C109B /* ReactiveCocoa.swift */; };
		3A4880C71BBBA61A00C60FD2 /* Popover.swift in Sources */ = {isa = PBXBuildFile; fileRef = 3A4880C61BBBA61A00C60FD2 /* Popover.swift */; };
		3A4880C91BBBA66700C60FD2 /* PopDownList.swift in Sources */ = {isa = PBXBuildFile; fileRef = 3A4880C81BBBA66700C60FD2 /* PopDownList.swift */; };
		3A4B85C61BB14D34006E4CF1 /* SleepCareBussinessManager.swift in Sources */ = {isa = PBXBuildFile; fileRef = 3A4B85C51BB14D34006E4CF1 /* SleepCareBussinessManager.swift */; };
		3A4B85C81BB14DFD006E4CF1 /* Worktask.swift in Sources */ = {isa = PBXBuildFile; fileRef = 3A4B85C71BB14DFD006E4CF1 /* Worktask.swift */; };
		3A4B85CA1BB14F28006E4CF1 /* SleepCareBussiness.swift in Sources */ = {isa = PBXBuildFile; fileRef = 3A4B85C91BB14F28006E4CF1 /* SleepCareBussiness.swift */; };
		3A4B85CC1BB150C1006E4CF1 /* Constants.swift in Sources */ = {isa = PBXBuildFile; fileRef = 3A4B85CB1BB150C1006E4CF1 /* Constants.swift */; };
		3A4CD3F81BA804D2002C8A1A /* XmppMsgManager.swift in Sources */ = {isa = PBXBuildFile; fileRef = 3A4CD3F71BA804D2002C8A1A /* XmppMsgManager.swift */; };
		3A4CD3FA1BA80536002C8A1A /* CommonHelper.swift in Sources */ = {isa = PBXBuildFile; fileRef = 3A4CD3F91BA80536002C8A1A /* CommonHelper.swift */; };
		3A4CD3FD1BA80852002C8A1A /* BaseMessage.swift in Sources */ = {isa = PBXBuildFile; fileRef = 3A4CD3FC1BA80852002C8A1A /* BaseMessage.swift */; };
		3A4CD3FF1BA808C1002C8A1A /* XmppMsgHelper.swift in Sources */ = {isa = PBXBuildFile; fileRef = 3A4CD3FE1BA808C1002C8A1A /* XmppMsgHelper.swift */; };
		3A4D17F11BAFB07400E0B862 /* BedUser.swift in Sources */ = {isa = PBXBuildFile; fileRef = 3A4D17F01BAFB07400E0B862 /* BedUser.swift */; };
		3A4D17F31BAFB83500E0B862 /* SleepCareReport.swift in Sources */ = {isa = PBXBuildFile; fileRef = 3A4D17F21BAFB83500E0B862 /* SleepCareReport.swift */; };
		3A4D17F71BAFDEFF00E0B862 /* TurnOverAnalysReport.swift in Sources */ = {isa = PBXBuildFile; fileRef = 3A4D17F61BAFDEFF00E0B862 /* TurnOverAnalysReport.swift */; };
		3A4D17F91BAFDF4800E0B862 /* TurnOverAnalysList.swift in Sources */ = {isa = PBXBuildFile; fileRef = 3A4D17F81BAFDF4800E0B862 /* TurnOverAnalysList.swift */; };
		3A4D17FB1BAFE17D00E0B862 /* AlarmInfo.swift in Sources */ = {isa = PBXBuildFile; fileRef = 3A4D17FA1BAFE17D00E0B862 /* AlarmInfo.swift */; };
		3A4D17FD1BAFE20A00E0B862 /* AlarmList.swift in Sources */ = {isa = PBXBuildFile; fileRef = 3A4D17FC1BAFE20A00E0B862 /* AlarmList.swift */; };
		3A4D17FF1BAFE33C00E0B862 /* EMServiceException.swift in Sources */ = {isa = PBXBuildFile; fileRef = 3A4D17FE1BAFE33C00E0B862 /* EMServiceException.swift */; };
		3A6360291BB2900300F7F953 /* SleepcareMainController.swift in Sources */ = {isa = PBXBuildFile; fileRef = 3A6360281BB2900300F7F953 /* SleepcareMainController.swift */; };
		3A697CC31BB3DA3000F02EF3 /* SleepCareTableView.swift in Sources */ = {isa = PBXBuildFile; fileRef = 3A697CC21BB3DA3000F02EF3 /* SleepCareTableView.swift */; };
		3A697CC51BB3E13B00F02EF3 /* SleepCareTableViewCell.swift in Sources */ = {isa = PBXBuildFile; fileRef = 3A697CC41BB3E13B00F02EF3 /* SleepCareTableViewCell.swift */; };
		3A8604511BBA6327005FC117 /* topbg.png in Resources */ = {isa = PBXBuildFile; fileRef = 3A8604501BBA6327005FC117 /* topbg.png */; };
		3A8759D51BB9362600535B3D /* SleepCareCollectionViewCell.xib in Resources */ = {isa = PBXBuildFile; fileRef = 3A8759D41BB9362600535B3D /* SleepCareCollectionViewCell.xib */; };
		3A9C12F11BC789C6008EC314 /* maintop.png in Resources */ = {isa = PBXBuildFile; fileRef = 3A9C12E01BC789C6008EC314 /* maintop.png */; };
		3A9C12F21BC789C6008EC314 /* emptyBed.png in Resources */ = {isa = PBXBuildFile; fileRef = 3A9C12E11BC789C6008EC314 /* emptyBed.png */; };
		3A9C12F31BC789C6008EC314 /* leaveBed.png in Resources */ = {isa = PBXBuildFile; fileRef = 3A9C12E21BC789C6008EC314 /* leaveBed.png */; };
		3A9C12F41BC789C6008EC314 /* leaveView.png in Resources */ = {isa = PBXBuildFile; fileRef = 3A9C12E31BC789C6008EC314 /* leaveView.png */; };
		3A9C12F51BC789C6008EC314 /* unlineView.png in Resources */ = {isa = PBXBuildFile; fileRef = 3A9C12E41BC789C6008EC314 /* unlineView.png */; };
		3A9C12F61BC789C6008EC314 /* clock.png in Resources */ = {isa = PBXBuildFile; fileRef = 3A9C12E51BC789C6008EC314 /* clock.png */; };
		3A9C12F71BC789C6008EC314 /* search.png in Resources */ = {isa = PBXBuildFile; fileRef = 3A9C12E61BC789C6008EC314 /* search.png */; };
		3A9C12F81BC789C6008EC314 /* dropdown.png in Resources */ = {isa = PBXBuildFile; fileRef = 3A9C12E71BC789C6008EC314 /* dropdown.png */; };
		3A9C12F91BC789C6008EC314 /* infoHead.png in Resources */ = {isa = PBXBuildFile; fileRef = 3A9C12E81BC789C6008EC314 /* infoHead.png */; };
		3A9C12FB1BC789C6008EC314 /* infoHeadblue.png in Resources */ = {isa = PBXBuildFile; fileRef = 3A9C12EA1BC789C6008EC314 /* infoHeadblue.png */; };
		3A9C12FC1BC789C6008EC314 /* BedFrame.png in Resources */ = {isa = PBXBuildFile; fileRef = 3A9C12EB1BC789C6008EC314 /* BedFrame.png */; };
		3A9C12FD1BC789C6008EC314 /* pagerunselected.png in Resources */ = {isa = PBXBuildFile; fileRef = 3A9C12EC1BC789C6008EC314 /* pagerunselected.png */; };
		3A9C12FE1BC789C6008EC314 /* pagerselected.png in Resources */ = {isa = PBXBuildFile; fileRef = 3A9C12ED1BC789C6008EC314 /* pagerselected.png */; };
		3A9C12FF1BC789C6008EC314 /* onBed.png in Resources */ = {isa = PBXBuildFile; fileRef = 3A9C12EE1BC789C6008EC314 /* onBed.png */; };
		3A9C13001BC789C6008EC314 /* onBedView.png in Resources */ = {isa = PBXBuildFile; fileRef = 3A9C12EF1BC789C6008EC314 /* onBedView.png */; };
		3A9C13011BC789C6008EC314 /* transbg.png in Resources */ = {isa = PBXBuildFile; fileRef = 3A9C12F01BC789C6008EC314 /* transbg.png */; };
		3AA3161B1BD0CFA500FC3C40 /* checkboxchoosed.png in Resources */ = {isa = PBXBuildFile; fileRef = 3AA3161A1BD0CFA500FC3C40 /* checkboxchoosed.png */; };
		3AA3161D1BD0DD8500FC3C40 /* sleepcare.plist in Resources */ = {isa = PBXBuildFile; fileRef = 3AA3161C1BD0DD8500FC3C40 /* sleepcare.plist */; };
		3AA4A7781BB2BF3F00B214C7 /* SleepCareReportList.swift in Sources */ = {isa = PBXBuildFile; fileRef = 3AA4A7771BB2BF3F00B214C7 /* SleepCareReportList.swift */; };
		3AB43E731BD4DB45005023D3 /* previewBtnChecked.png in Resources */ = {isa = PBXBuildFile; fileRef = 3AB43E721BD4DB45005023D3 /* previewBtnChecked.png */; };
		3AB43E751BD4DB53005023D3 /* nextBtnDisable.png in Resources */ = {isa = PBXBuildFile; fileRef = 3AB43E741BD4DB53005023D3 /* nextBtnDisable.png */; };
		3AB43E781BD4E17B005023D3 /* Date.swift in Sources */ = {isa = PBXBuildFile; fileRef = 3AB43E771BD4E17B005023D3 /* Date.swift */; };
		3AB43E8A1BD4E1B9005023D3 /* BizDayRule.swift in Sources */ = {isa = PBXBuildFile; fileRef = 3AB43E7C1BD4E1B9005023D3 /* BizDayRule.swift */; };
		3AB43E8B1BD4E1B9005023D3 /* Calendar.swift in Sources */ = {isa = PBXBuildFile; fileRef = 3AB43E7D1BD4E1B9005023D3 /* Calendar.swift */; };
		3AB43E8C1BD4E1B9005023D3 /* DateHelpers.swift in Sources */ = {isa = PBXBuildFile; fileRef = 3AB43E7E1BD4E1B9005023D3 /* DateHelpers.swift */; };
		3AB43E8D1BD4E1B9005023D3 /* DayCounter.swift in Sources */ = {isa = PBXBuildFile; fileRef = 3AB43E7F1BD4E1B9005023D3 /* DayCounter.swift */; };
		3AB43E911BD4E1B9005023D3 /* Term.swift in Sources */ = {isa = PBXBuildFile; fileRef = 3AB43E831BD4E1B9005023D3 /* Term.swift */; };
		3AFB938F1BCF96F200042AF1 /* loginBack.png in Resources */ = {isa = PBXBuildFile; fileRef = 3AFB93881BCF96F200042AF1 /* loginBack.png */; };
		3AFB93901BCF96F200042AF1 /* loginBtn.png in Resources */ = {isa = PBXBuildFile; fileRef = 3AFB93891BCF96F200042AF1 /* loginBtn.png */; };
		3AFB93911BCF96F200042AF1 /* checkbox.png in Resources */ = {isa = PBXBuildFile; fileRef = 3AFB938A1BCF96F200042AF1 /* checkbox.png */; };
		3AFB93921BCF96F200042AF1 /* loginTitle.png in Resources */ = {isa = PBXBuildFile; fileRef = 3AFB938B1BCF96F200042AF1 /* loginTitle.png */; };
		3AFB93931BCF96F200042AF1 /* textboxBorder.png in Resources */ = {isa = PBXBuildFile; fileRef = 3AFB938C1BCF96F200042AF1 /* textboxBorder.png */; };
		3AFB93941BCF96F200042AF1 /* pwdIcon.png in Resources */ = {isa = PBXBuildFile; fileRef = 3AFB938D1BCF96F200042AF1 /* pwdIcon.png */; };
		3AFB93951BCF96F200042AF1 /* userIcon.png in Resources */ = {isa = PBXBuildFile; fileRef = 3AFB938E1BCF96F200042AF1 /* userIcon.png */; };
		3AFB93971BCF999400042AF1 /* BackgroundCommon.swift in Sources */ = {isa = PBXBuildFile; fileRef = 3AFB93961BCF999400042AF1 /* BackgroundCommon.swift */; };
/* End PBXBuildFile section */

/* Begin PBXContainerItemProxy section */
		3A41ADD11BA7A65A000C109B /* PBXContainerItemProxy */ = {
			isa = PBXContainerItemProxy;
			containerPortal = 3A41ADB31BA7A65A000C109B /* Project object */;
			proxyType = 1;
			remoteGlobalIDString = 3A41ADBA1BA7A65A000C109B;
			remoteInfo = ewell.sleepcareforpad;
		};
/* End PBXContainerItemProxy section */

/* Begin PBXFileReference section */
		2C2C067A1BCF955400AA2C8D /* SleepQualityPandect.xib */ = {isa = PBXFileReference; fileEncoding = 4; lastKnownFileType = file.xib; path = SleepQualityPandect.xib; sourceTree = "<group>"; };
		2C3150A41BCDFAF300EC749E /* LeaveBedReportList.swift */ = {isa = PBXFileReference; fileEncoding = 4; lastKnownFileType = sourcecode.swift; path = LeaveBedReportList.swift; sourceTree = "<group>"; };
		2C3150A61BCDFB4500EC749E /* LeaveBedReport.swift */ = {isa = PBXFileReference; fileEncoding = 4; lastKnownFileType = sourcecode.swift; path = LeaveBedReport.swift; sourceTree = "<group>"; };
		2C37F1381BD093280034D9F1 /* SleepQualityPandectViewModel.swift */ = {isa = PBXFileReference; fileEncoding = 4; lastKnownFileType = sourcecode.swift; path = SleepQualityPandectViewModel.swift; sourceTree = "<group>"; };
		2C3BAF121BCBA387003A2F48 /* AlarmViewModel.swift */ = {isa = PBXFileReference; fileEncoding = 4; lastKnownFileType = sourcecode.swift; path = AlarmViewModel.swift; sourceTree = "<group>"; };
		2C3BAF141BCBA481003A2F48 /* AlarmView.xib */ = {isa = PBXFileReference; fileEncoding = 4; lastKnownFileType = file.xib; path = AlarmView.xib; sourceTree = "<group>"; };
		2C3BAF161BCBA4C3003A2F48 /* AlarmView.swift */ = {isa = PBXFileReference; fileEncoding = 4; lastKnownFileType = sourcecode.swift; path = AlarmView.swift; sourceTree = "<group>"; };
		2C4814E01BCCD8E500663B08 /* AlarmTableViewCell.swift */ = {isa = PBXFileReference; fileEncoding = 4; lastKnownFileType = sourcecode.swift; path = AlarmTableViewCell.swift; sourceTree = "<group>"; };
		2C4814E11BCCD8E500663B08 /* AlarmTableViewCell.xib */ = {isa = PBXFileReference; fileEncoding = 4; lastKnownFileType = file.xib; path = AlarmTableViewCell.xib; sourceTree = "<group>"; };
		2C4911BC1BD0A15400A167A9 /* SleepQualityPandectView.swift */ = {isa = PBXFileReference; fileEncoding = 4; lastKnownFileType = sourcecode.swift; path = SleepQualityPandectView.swift; sourceTree = "<group>"; };
		2C4F5FD71BCE2C70004FE6C3 /* TurnOverTableViewCell.swift */ = {isa = PBXFileReference; fileEncoding = 4; lastKnownFileType = sourcecode.swift; path = TurnOverTableViewCell.swift; sourceTree = "<group>"; };
		2C4F5FD81BCE2C70004FE6C3 /* TurnOverTableViewCell.xib */ = {isa = PBXFileReference; fileEncoding = 4; lastKnownFileType = file.xib; path = TurnOverTableViewCell.xib; sourceTree = "<group>"; };
		2C5AEC471BB397130096DF3F /* RoleList.swift */ = {isa = PBXFileReference; fileEncoding = 4; lastKnownFileType = sourcecode.swift; path = RoleList.swift; sourceTree = "<group>"; };
		2C6AE1151BD48713006FC007 /* searchBtn.png */ = {isa = PBXFileReference; lastKnownFileType = image.png; path = searchBtn.png; sourceTree = "<group>"; };
		2C6AE1161BD48713006FC007 /* searchBtnChecked.png */ = {isa = PBXFileReference; lastKnownFileType = image.png; path = searchBtnChecked.png; sourceTree = "<group>"; };
		3A2F02771BCBA4E4000B16B5 /* infoHeadred.png */ = {isa = PBXFileReference; lastKnownFileType = image.png; path = infoHeadred.png; sourceTree = "<group>"; };
		3A309C541BC607050005F475 /* SleepCareCollectionView.xib */ = {isa = PBXFileReference; fileEncoding = 4; lastKnownFileType = file.xib; path = SleepCareCollectionView.xib; sourceTree = "<group>"; };
		3A325A331BD08B7B00DE4E78 /* BaseViewModel.swift */ = {isa = PBXFileReference; fileEncoding = 4; lastKnownFileType = sourcecode.swift; path = BaseViewModel.swift; sourceTree = "<group>"; };
		3A3262D91BB90AD00002687B /* SleepCareCollectionView.swift */ = {isa = PBXFileReference; fileEncoding = 4; lastKnownFileType = sourcecode.swift; path = SleepCareCollectionView.swift; sourceTree = "<group>"; };
		3A3262DB1BB90AF40002687B /* SleepCareCollectionViewCell.swift */ = {isa = PBXFileReference; fileEncoding = 4; lastKnownFileType = sourcecode.swift; path = SleepCareCollectionViewCell.swift; sourceTree = "<group>"; };
		3A3262DD1BB912180002687B /* OSSExceptionHelper.h */ = {isa = PBXFileReference; fileEncoding = 4; lastKnownFileType = sourcecode.c.h; path = OSSExceptionHelper.h; sourceTree = "<group>"; };
		3A3262DE1BB912180002687B /* OSSExceptionHelper.m */ = {isa = PBXFileReference; fileEncoding = 4; lastKnownFileType = sourcecode.c.objc; path = OSSExceptionHelper.m; sourceTree = "<group>"; };
		3A3262DF1BB912180002687B /* OSSTry.swift */ = {isa = PBXFileReference; fileEncoding = 4; lastKnownFileType = sourcecode.swift; path = OSSTry.swift; sourceTree = "<group>"; };
		3A33EF841BAA56D700D82A4D /* MessageSubject.swift */ = {isa = PBXFileReference; fileEncoding = 4; lastKnownFileType = sourcecode.swift; path = MessageSubject.swift; sourceTree = "<group>"; };
		3A3452931BC63A5000292107 /* MainView.xib */ = {isa = PBXFileReference; fileEncoding = 4; lastKnownFileType = file.xib; path = MainView.xib; sourceTree = "<group>"; };
		3A346BF71BCCD36200E75E4E /* SleepcareMainViewModel.swift */ = {isa = PBXFileReference; fileEncoding = 4; lastKnownFileType = sourcecode.swift; path = SleepcareMainViewModel.swift; sourceTree = "<group>"; };
		3A35AB641BCCE8B000ED3293 /* SweetAlert.swift */ = {isa = PBXFileReference; fileEncoding = 4; lastKnownFileType = sourcecode.swift; path = SweetAlert.swift; sourceTree = "<group>"; };
		3A35AB661BCCECF000ED3293 /* Session.swift */ = {isa = PBXFileReference; fileEncoding = 4; lastKnownFileType = sourcecode.swift; path = Session.swift; sourceTree = "<group>"; };
		3A36B0201BA94E89000F4AED /* RealTimeDelegate.swift */ = {isa = PBXFileReference; fileEncoding = 4; lastKnownFileType = sourcecode.swift; path = RealTimeDelegate.swift; sourceTree = "<group>"; };
		3A36B0221BA96648000F4AED /* RealTimeReport.swift */ = {isa = PBXFileReference; fileEncoding = 4; lastKnownFileType = sourcecode.swift; path = RealTimeReport.swift; sourceTree = "<group>"; };
		3A37561F1BCB589600182DE4 /* DialogFrame.xib */ = {isa = PBXFileReference; fileEncoding = 4; lastKnownFileType = file.xib; path = DialogFrame.xib; sourceTree = "<group>"; };
		3A3756211BCB58F700182DE4 /* DialogFrameController.swift */ = {isa = PBXFileReference; fileEncoding = 4; lastKnownFileType = sourcecode.swift; path = DialogFrameController.swift; sourceTree = "<group>"; };
		3A3756231BCB5E7600182DE4 /* SleepCareDetail.swift */ = {isa = PBXFileReference; fileEncoding = 4; lastKnownFileType = sourcecode.swift; path = SleepCareDetail.swift; sourceTree = "<group>"; };
		3A3756251BCB5E9600182DE4 /* SleepcareList.xib */ = {isa = PBXFileReference; fileEncoding = 4; lastKnownFileType = file.xib; path = SleepcareList.xib; sourceTree = "<group>"; };
		3A376E411BABB3B700D70953 /* EMString.swift */ = {isa = PBXFileReference; fileEncoding = 4; lastKnownFileType = sourcecode.swift; path = EMString.swift; sourceTree = "<group>"; };
		3A376E431BABB81100D70953 /* EMProperties.swift */ = {isa = PBXFileReference; fileEncoding = 4; lastKnownFileType = sourcecode.swift; path = EMProperties.swift; sourceTree = "<group>"; };
		3A376E451BABBB1200D70953 /* User.swift */ = {isa = PBXFileReference; fileEncoding = 4; lastKnownFileType = sourcecode.swift; path = User.swift; sourceTree = "<group>"; };
		3A376E471BABD54200D70953 /* Role.swift */ = {isa = PBXFileReference; fileEncoding = 4; lastKnownFileType = sourcecode.swift; path = Role.swift; sourceTree = "<group>"; };
		3A376E491BABD9F400D70953 /* PartInfo.swift */ = {isa = PBXFileReference; fileEncoding = 4; lastKnownFileType = sourcecode.swift; path = PartInfo.swift; sourceTree = "<group>"; };
		3A376E4B1BABDA3B00D70953 /* Bed.swift */ = {isa = PBXFileReference; fileEncoding = 4; lastKnownFileType = sourcecode.swift; path = Bed.swift; sourceTree = "<group>"; };
		3A376E4D1BABDE3500D70953 /* SignReport.swift */ = {isa = PBXFileReference; fileEncoding = 4; lastKnownFileType = sourcecode.swift; path = SignReport.swift; sourceTree = "<group>"; };
		3A3C37711BD48BC000080D03 /* SleepcareDetail.xib */ = {isa = PBXFileReference; fileEncoding = 4; lastKnownFileType = file.xib; path = SleepcareDetail.xib; sourceTree = "<group>"; };
		3A3C37731BD48F0A00080D03 /* sleepofThisWeek.png */ = {isa = PBXFileReference; lastKnownFileType = image.png; path = sleepofThisWeek.png; sourceTree = "<group>"; };
		3A3C37741BD48F0B00080D03 /* trunrecord.png */ = {isa = PBXFileReference; lastKnownFileType = image.png; path = trunrecord.png; sourceTree = "<group>"; };
		3A3C37751BD48F0B00080D03 /* leaverecord.png */ = {isa = PBXFileReference; lastKnownFileType = image.png; path = leaverecord.png; sourceTree = "<group>"; };
		3A3C37761BD48F0B00080D03 /* dateIcon.png */ = {isa = PBXFileReference; lastKnownFileType = image.png; path = dateIcon.png; sourceTree = "<group>"; };
		3A3C37771BD48F0B00080D03 /* sleepcareblock.png */ = {isa = PBXFileReference; lastKnownFileType = image.png; path = sleepcareblock.png; sourceTree = "<group>"; };
		3A3C37781BD48F0B00080D03 /* hrrr.png */ = {isa = PBXFileReference; lastKnownFileType = image.png; path = hrrr.png; sourceTree = "<group>"; };
		3A3C377F1BD4987800080D03 /* SleepcareDetailViewModel.swift */ = {isa = PBXFileReference; fileEncoding = 4; lastKnownFileType = sourcecode.swift; path = SleepcareDetailViewModel.swift; sourceTree = "<group>"; };
		3A3C37811BD4D89A00080D03 /* comming.png */ = {isa = PBXFileReference; lastKnownFileType = image.png; path = comming.png; sourceTree = "<group>"; };
		3A3D65E31BAA8E1100CEFB25 /* MessageFactory.swift */ = {isa = PBXFileReference; fileEncoding = 4; lastKnownFileType = sourcecode.swift; path = MessageFactory.swift; sourceTree = "<group>"; };
		3A3D65E71BAAB67C00CEFB25 /* libxml2.2.dylib */ = {isa = PBXFileReference; lastKnownFileType = "compiled.mach-o.dylib"; name = libxml2.2.dylib; path = usr/lib/libxml2.2.dylib; sourceTree = SDKROOT; };
		3A41856B1BC6618900DE6F5F /* Pager.swift */ = {isa = PBXFileReference; fileEncoding = 4; lastKnownFileType = sourcecode.swift; path = Pager.swift; sourceTree = "<group>"; };
		3A41ADBB1BA7A65A000C109B /* ewell.sleepcareforpad.app */ = {isa = PBXFileReference; explicitFileType = wrapper.application; includeInIndex = 0; path = ewell.sleepcareforpad.app; sourceTree = BUILT_PRODUCTS_DIR; };
		3A41ADBF1BA7A65A000C109B /* Info.plist */ = {isa = PBXFileReference; lastKnownFileType = text.plist.xml; path = Info.plist; sourceTree = "<group>"; };
		3A41ADC01BA7A65A000C109B /* AppDelegate.swift */ = {isa = PBXFileReference; lastKnownFileType = sourcecode.swift; path = AppDelegate.swift; sourceTree = "<group>"; };
		3A41ADC21BA7A65A000C109B /* ViewController.swift */ = {isa = PBXFileReference; lastKnownFileType = sourcecode.swift; path = ViewController.swift; sourceTree = "<group>"; };
		3A41ADC71BA7A65A000C109B /* Images.xcassets */ = {isa = PBXFileReference; lastKnownFileType = folder.assetcatalog; path = Images.xcassets; sourceTree = "<group>"; };
		3A41ADCA1BA7A65A000C109B /* Base */ = {isa = PBXFileReference; lastKnownFileType = file.xib; name = Base; path = Base.lproj/LaunchScreen.xib; sourceTree = "<group>"; };
		3A41ADD01BA7A65A000C109B /* ewell.sleepcareforpadTests.xctest */ = {isa = PBXFileReference; explicitFileType = wrapper.cfbundle; includeInIndex = 0; path = ewell.sleepcareforpadTests.xctest; sourceTree = BUILT_PRODUCTS_DIR; };
		3A41ADD51BA7A65A000C109B /* Info.plist */ = {isa = PBXFileReference; lastKnownFileType = text.plist.xml; path = Info.plist; sourceTree = "<group>"; };
		3A41ADD61BA7A65A000C109B /* ewell_sleepcareforpadTests.swift */ = {isa = PBXFileReference; lastKnownFileType = sourcecode.swift; path = ewell_sleepcareforpadTests.swift; sourceTree = "<group>"; };
		3A41ADE21BA7B3D1000C109B /* LoginView.xib */ = {isa = PBXFileReference; fileEncoding = 4; lastKnownFileType = file.xib; path = LoginView.xib; sourceTree = "<group>"; };
		3A41ADE51BA7B425000C109B /* BaseViewController.swift */ = {isa = PBXFileReference; fileEncoding = 4; lastKnownFileType = sourcecode.swift; path = BaseViewController.swift; sourceTree = "<group>"; };
		3A41ADE61BA7B425000C109B /* LoginController.swift */ = {isa = PBXFileReference; fileEncoding = 4; lastKnownFileType = sourcecode.swift; path = LoginController.swift; sourceTree = "<group>"; };
		3A41ADE91BA7B438000C109B /* LoginViewModel.swift */ = {isa = PBXFileReference; fileEncoding = 4; lastKnownFileType = sourcecode.swift; path = LoginViewModel.swift; sourceTree = "<group>"; };
		3A41ADED1BA7B45D000C109B /* MessageDelegate.swift */ = {isa = PBXFileReference; fileEncoding = 4; lastKnownFileType = sourcecode.swift; name = MessageDelegate.swift; path = ewell.sleepcareforpad/MessageDelegate.swift; sourceTree = "<group>"; };
		3A41ADEE1BA7B45D000C109B /* ReactiveCocoa.swift */ = {isa = PBXFileReference; fileEncoding = 4; lastKnownFileType = sourcecode.swift; name = ReactiveCocoa.swift; path = ewell.sleepcareforpad/ReactiveCocoa.swift; sourceTree = "<group>"; };
		3A41ADF31BA7B543000C109B /* ewell.sleepcareforpad-Bridging-Header.h */ = {isa = PBXFileReference; lastKnownFileType = sourcecode.c.h; path = "ewell.sleepcareforpad-Bridging-Header.h"; sourceTree = "<group>"; };
		3A41AE1C1BA7C121000C109B /* ewell.common.framework */ = {isa = PBXFileReference; lastKnownFileType = wrapper.framework; name = ewell.common.framework; path = "ewell.common/build/Debug-iphoneos/ewell.common.framework"; sourceTree = "<group>"; };
		3A4880C61BBBA61A00C60FD2 /* Popover.swift */ = {isa = PBXFileReference; fileEncoding = 4; lastKnownFileType = sourcecode.swift; path = Popover.swift; sourceTree = "<group>"; };
		3A4880C81BBBA66700C60FD2 /* PopDownList.swift */ = {isa = PBXFileReference; fileEncoding = 4; lastKnownFileType = sourcecode.swift; path = PopDownList.swift; sourceTree = "<group>"; };
		3A4B85C51BB14D34006E4CF1 /* SleepCareBussinessManager.swift */ = {isa = PBXFileReference; fileEncoding = 4; lastKnownFileType = sourcecode.swift; path = SleepCareBussinessManager.swift; sourceTree = "<group>"; };
		3A4B85C71BB14DFD006E4CF1 /* Worktask.swift */ = {isa = PBXFileReference; fileEncoding = 4; lastKnownFileType = sourcecode.swift; path = Worktask.swift; sourceTree = "<group>"; };
		3A4B85C91BB14F28006E4CF1 /* SleepCareBussiness.swift */ = {isa = PBXFileReference; fileEncoding = 4; lastKnownFileType = sourcecode.swift; path = SleepCareBussiness.swift; sourceTree = "<group>"; };
		3A4B85CB1BB150C1006E4CF1 /* Constants.swift */ = {isa = PBXFileReference; fileEncoding = 4; lastKnownFileType = sourcecode.swift; path = Constants.swift; sourceTree = "<group>"; };
		3A4CD3EF1BA802E6002C8A1A /* common.framework */ = {isa = PBXFileReference; lastKnownFileType = wrapper.framework; name = common.framework; path = "common/build/Debug-iphoneos/common.framework"; sourceTree = "<group>"; };
		3A4CD3F71BA804D2002C8A1A /* XmppMsgManager.swift */ = {isa = PBXFileReference; fileEncoding = 4; lastKnownFileType = sourcecode.swift; path = XmppMsgManager.swift; sourceTree = "<group>"; };
		3A4CD3F91BA80536002C8A1A /* CommonHelper.swift */ = {isa = PBXFileReference; fileEncoding = 4; lastKnownFileType = sourcecode.swift; path = CommonHelper.swift; sourceTree = "<group>"; };
		3A4CD3FC1BA80852002C8A1A /* BaseMessage.swift */ = {isa = PBXFileReference; fileEncoding = 4; lastKnownFileType = sourcecode.swift; path = BaseMessage.swift; sourceTree = "<group>"; };
		3A4CD3FE1BA808C1002C8A1A /* XmppMsgHelper.swift */ = {isa = PBXFileReference; fileEncoding = 4; lastKnownFileType = sourcecode.swift; path = XmppMsgHelper.swift; sourceTree = "<group>"; };
		3A4D17F01BAFB07400E0B862 /* BedUser.swift */ = {isa = PBXFileReference; fileEncoding = 4; lastKnownFileType = sourcecode.swift; path = BedUser.swift; sourceTree = "<group>"; };
		3A4D17F21BAFB83500E0B862 /* SleepCareReport.swift */ = {isa = PBXFileReference; fileEncoding = 4; lastKnownFileType = sourcecode.swift; path = SleepCareReport.swift; sourceTree = "<group>"; };
		3A4D17F61BAFDEFF00E0B862 /* TurnOverAnalysReport.swift */ = {isa = PBXFileReference; fileEncoding = 4; lastKnownFileType = sourcecode.swift; path = TurnOverAnalysReport.swift; sourceTree = "<group>"; };
		3A4D17F81BAFDF4800E0B862 /* TurnOverAnalysList.swift */ = {isa = PBXFileReference; fileEncoding = 4; lastKnownFileType = sourcecode.swift; path = TurnOverAnalysList.swift; sourceTree = "<group>"; };
		3A4D17FA1BAFE17D00E0B862 /* AlarmInfo.swift */ = {isa = PBXFileReference; fileEncoding = 4; lastKnownFileType = sourcecode.swift; path = AlarmInfo.swift; sourceTree = "<group>"; };
		3A4D17FC1BAFE20A00E0B862 /* AlarmList.swift */ = {isa = PBXFileReference; fileEncoding = 4; lastKnownFileType = sourcecode.swift; path = AlarmList.swift; sourceTree = "<group>"; };
		3A4D17FE1BAFE33C00E0B862 /* EMServiceException.swift */ = {isa = PBXFileReference; fileEncoding = 4; lastKnownFileType = sourcecode.swift; path = EMServiceException.swift; sourceTree = "<group>"; };
		3A6360281BB2900300F7F953 /* SleepcareMainController.swift */ = {isa = PBXFileReference; fileEncoding = 4; lastKnownFileType = sourcecode.swift; path = SleepcareMainController.swift; sourceTree = "<group>"; };
		3A66E2861BD39AB900C9B6E6 /* 证书.p12 */ = {isa = PBXFileReference; lastKnownFileType = file; path = "证书.p12"; sourceTree = "<group>"; };
		3A697CC21BB3DA3000F02EF3 /* SleepCareTableView.swift */ = {isa = PBXFileReference; fileEncoding = 4; lastKnownFileType = sourcecode.swift; path = SleepCareTableView.swift; sourceTree = "<group>"; };
		3A697CC41BB3E13B00F02EF3 /* SleepCareTableViewCell.swift */ = {isa = PBXFileReference; fileEncoding = 4; lastKnownFileType = sourcecode.swift; path = SleepCareTableViewCell.swift; sourceTree = "<group>"; };
		3A8604501BBA6327005FC117 /* topbg.png */ = {isa = PBXFileReference; lastKnownFileType = image.png; path = topbg.png; sourceTree = "<group>"; };
		3A8759D41BB9362600535B3D /* SleepCareCollectionViewCell.xib */ = {isa = PBXFileReference; fileEncoding = 4; lastKnownFileType = file.xib; path = SleepCareCollectionViewCell.xib; sourceTree = "<group>"; };
		3A9C12E01BC789C6008EC314 /* maintop.png */ = {isa = PBXFileReference; lastKnownFileType = image.png; path = maintop.png; sourceTree = "<group>"; };
		3A9C12E11BC789C6008EC314 /* emptyBed.png */ = {isa = PBXFileReference; lastKnownFileType = image.png; path = emptyBed.png; sourceTree = "<group>"; };
		3A9C12E21BC789C6008EC314 /* leaveBed.png */ = {isa = PBXFileReference; lastKnownFileType = image.png; path = leaveBed.png; sourceTree = "<group>"; };
		3A9C12E31BC789C6008EC314 /* leaveView.png */ = {isa = PBXFileReference; lastKnownFileType = image.png; path = leaveView.png; sourceTree = "<group>"; };
		3A9C12E41BC789C6008EC314 /* unlineView.png */ = {isa = PBXFileReference; lastKnownFileType = image.png; path = unlineView.png; sourceTree = "<group>"; };
		3A9C12E51BC789C6008EC314 /* clock.png */ = {isa = PBXFileReference; lastKnownFileType = image.png; path = clock.png; sourceTree = "<group>"; };
		3A9C12E61BC789C6008EC314 /* search.png */ = {isa = PBXFileReference; lastKnownFileType = image.png; path = search.png; sourceTree = "<group>"; };
		3A9C12E71BC789C6008EC314 /* dropdown.png */ = {isa = PBXFileReference; lastKnownFileType = image.png; path = dropdown.png; sourceTree = "<group>"; };
		3A9C12E81BC789C6008EC314 /* infoHead.png */ = {isa = PBXFileReference; lastKnownFileType = image.png; path = infoHead.png; sourceTree = "<group>"; };
		3A9C12EA1BC789C6008EC314 /* infoHeadblue.png */ = {isa = PBXFileReference; lastKnownFileType = image.png; path = infoHeadblue.png; sourceTree = "<group>"; };
		3A9C12EB1BC789C6008EC314 /* BedFrame.png */ = {isa = PBXFileReference; lastKnownFileType = image.png; path = BedFrame.png; sourceTree = "<group>"; };
		3A9C12EC1BC789C6008EC314 /* pagerunselected.png */ = {isa = PBXFileReference; lastKnownFileType = image.png; path = pagerunselected.png; sourceTree = "<group>"; };
		3A9C12ED1BC789C6008EC314 /* pagerselected.png */ = {isa = PBXFileReference; lastKnownFileType = image.png; path = pagerselected.png; sourceTree = "<group>"; };
		3A9C12EE1BC789C6008EC314 /* onBed.png */ = {isa = PBXFileReference; lastKnownFileType = image.png; path = onBed.png; sourceTree = "<group>"; };
		3A9C12EF1BC789C6008EC314 /* onBedView.png */ = {isa = PBXFileReference; lastKnownFileType = image.png; path = onBedView.png; sourceTree = "<group>"; };
		3A9C12F01BC789C6008EC314 /* transbg.png */ = {isa = PBXFileReference; lastKnownFileType = image.png; path = transbg.png; sourceTree = "<group>"; };
		3AA3161A1BD0CFA500FC3C40 /* checkboxchoosed.png */ = {isa = PBXFileReference; lastKnownFileType = image.png; path = checkboxchoosed.png; sourceTree = "<group>"; };
		3AA3161C1BD0DD8500FC3C40 /* sleepcare.plist */ = {isa = PBXFileReference; fileEncoding = 4; lastKnownFileType = text.plist.xml; name = sleepcare.plist; path = ../sleepcare.plist; sourceTree = "<group>"; };
		3AA4A7771BB2BF3F00B214C7 /* SleepCareReportList.swift */ = {isa = PBXFileReference; fileEncoding = 4; lastKnownFileType = sourcecode.swift; path = SleepCareReportList.swift; sourceTree = "<group>"; };
		3AB43E721BD4DB45005023D3 /* previewBtnChecked.png */ = {isa = PBXFileReference; lastKnownFileType = image.png; path = previewBtnChecked.png; sourceTree = "<group>"; };
		3AB43E741BD4DB53005023D3 /* nextBtnDisable.png */ = {isa = PBXFileReference; lastKnownFileType = image.png; path = nextBtnDisable.png; sourceTree = "<group>"; };
		3AB43E771BD4E17B005023D3 /* Date.swift */ = {isa = PBXFileReference; fileEncoding = 4; lastKnownFileType = sourcecode.swift; path = Date.swift; sourceTree = "<group>"; };
		3AB43E7C1BD4E1B9005023D3 /* BizDayRule.swift */ = {isa = PBXFileReference; fileEncoding = 4; lastKnownFileType = sourcecode.swift; path = BizDayRule.swift; sourceTree = "<group>"; };
		3AB43E7D1BD4E1B9005023D3 /* Calendar.swift */ = {isa = PBXFileReference; fileEncoding = 4; lastKnownFileType = sourcecode.swift; path = Calendar.swift; sourceTree = "<group>"; };
		3AB43E7E1BD4E1B9005023D3 /* DateHelpers.swift */ = {isa = PBXFileReference; fileEncoding = 4; lastKnownFileType = sourcecode.swift; path = DateHelpers.swift; sourceTree = "<group>"; };
		3AB43E7F1BD4E1B9005023D3 /* DayCounter.swift */ = {isa = PBXFileReference; fileEncoding = 4; lastKnownFileType = sourcecode.swift; path = DayCounter.swift; sourceTree = "<group>"; };
		3AB43E831BD4E1B9005023D3 /* Term.swift */ = {isa = PBXFileReference; fileEncoding = 4; lastKnownFileType = sourcecode.swift; path = Term.swift; sourceTree = "<group>"; };
		3AFB93881BCF96F200042AF1 /* loginBack.png */ = {isa = PBXFileReference; lastKnownFileType = image.png; path = loginBack.png; sourceTree = "<group>"; };
		3AFB93891BCF96F200042AF1 /* loginBtn.png */ = {isa = PBXFileReference; lastKnownFileType = image.png; path = loginBtn.png; sourceTree = "<group>"; };
		3AFB938A1BCF96F200042AF1 /* checkbox.png */ = {isa = PBXFileReference; lastKnownFileType = image.png; path = checkbox.png; sourceTree = "<group>"; };
		3AFB938B1BCF96F200042AF1 /* loginTitle.png */ = {isa = PBXFileReference; lastKnownFileType = image.png; path = loginTitle.png; sourceTree = "<group>"; };
		3AFB938C1BCF96F200042AF1 /* textboxBorder.png */ = {isa = PBXFileReference; lastKnownFileType = image.png; path = textboxBorder.png; sourceTree = "<group>"; };
		3AFB938D1BCF96F200042AF1 /* pwdIcon.png */ = {isa = PBXFileReference; lastKnownFileType = image.png; path = pwdIcon.png; sourceTree = "<group>"; };
		3AFB938E1BCF96F200042AF1 /* userIcon.png */ = {isa = PBXFileReference; lastKnownFileType = image.png; path = userIcon.png; sourceTree = "<group>"; };
		3AFB93961BCF999400042AF1 /* BackgroundCommon.swift */ = {isa = PBXFileReference; fileEncoding = 4; lastKnownFileType = sourcecode.swift; path = BackgroundCommon.swift; sourceTree = "<group>"; };
		54127559369C5508905B3990 /* libPods.a */ = {isa = PBXFileReference; explicitFileType = archive.ar; includeInIndex = 0; path = libPods.a; sourceTree = BUILT_PRODUCTS_DIR; };
		5E7856675DBD0F8296CBE665 /* Pods.debug.xcconfig */ = {isa = PBXFileReference; includeInIndex = 1; lastKnownFileType = text.xcconfig; name = Pods.debug.xcconfig; path = "Pods/Target Support Files/Pods/Pods.debug.xcconfig"; sourceTree = "<group>"; };
		8E709AD7A0D77B12CA43D3D0 /* Pods.release.xcconfig */ = {isa = PBXFileReference; includeInIndex = 1; lastKnownFileType = text.xcconfig; name = Pods.release.xcconfig; path = "Pods/Target Support Files/Pods/Pods.release.xcconfig"; sourceTree = "<group>"; };
/* End PBXFileReference section */

/* Begin PBXFrameworksBuildPhase section */
		3A41ADB81BA7A65A000C109B /* Frameworks */ = {
			isa = PBXFrameworksBuildPhase;
			buildActionMask = 2147483647;
			files = (
				014F22D79C8AFDD24AC8065A /* libPods.a in Frameworks */,
			);
			runOnlyForDeploymentPostprocessing = 0;
		};
		3A41ADCD1BA7A65A000C109B /* Frameworks */ = {
			isa = PBXFrameworksBuildPhase;
			buildActionMask = 2147483647;
			files = (
			);
			runOnlyForDeploymentPostprocessing = 0;
		};
/* End PBXFrameworksBuildPhase section */

/* Begin PBXGroup section */
		06AD0B292D0E3508E9178FF1 /* Pods */ = {
			isa = PBXGroup;
			children = (
				5E7856675DBD0F8296CBE665 /* Pods.debug.xcconfig */,
				8E709AD7A0D77B12CA43D3D0 /* Pods.release.xcconfig */,
			);
			name = Pods;
			sourceTree = "<group>";
		};
		3A3646021BCB843E007C65EF /* CustomView */ = {
			isa = PBXGroup;
			children = (
				2C3BAF161BCBA4C3003A2F48 /* AlarmView.swift */,
				3A3756231BCB5E7600182DE4 /* SleepCareDetail.swift */,
				2C4911BC1BD0A15400A167A9 /* SleepQualityPandectView.swift */,
			);
			name = CustomView;
			sourceTree = "<group>";
		};
		3A41ADB21BA7A65A000C109B = {
			isa = PBXGroup;
			children = (
				3A66E2861BD39AB900C9B6E6 /* 证书.p12 */,
				3A4B85C41BB14C3F006E4CF1 /* IBLL */,
				3A4CD3FB1BA80826002C8A1A /* Model */,
				3A4CD3F61BA80423002C8A1A /* BLL */,
				3A4CD3F51BA80408002C8A1A /* Common */,
				3A41ADBD1BA7A65A000C109B /* ewell.sleepcareforpad */,
				3A41ADD31BA7A65A000C109B /* ewell.sleepcareforpadTests */,
				3A41ADBC1BA7A65A000C109B /* Products */,
				06AD0B292D0E3508E9178FF1 /* Pods */,
				3F28D28F10171C3606C8ADEE /* Frameworks */,
			);
			sourceTree = "<group>";
		};
		3A41ADBC1BA7A65A000C109B /* Products */ = {
			isa = PBXGroup;
			children = (
				3A41ADBB1BA7A65A000C109B /* ewell.sleepcareforpad.app */,
				3A41ADD01BA7A65A000C109B /* ewell.sleepcareforpadTests.xctest */,
			);
			name = Products;
			sourceTree = "<group>";
		};
		3A41ADBD1BA7A65A000C109B /* ewell.sleepcareforpad */ = {
			isa = PBXGroup;
			children = (
				3A3646021BCB843E007C65EF /* CustomView */,
				3AFF67A51BBA2F1D00C9CA20 /* Images */,
				3A63602A1BB2905900F7F953 /* UILib */,
				3A41ADE41BA7B3E9000C109B /* ViewController */,
				3A41ADE11BA7B3A2000C109B /* View */,
				3A41ADE01BA7B396000C109B /* ViewModel */,
				3A41ADC01BA7A65A000C109B /* AppDelegate.swift */,
				3A41ADC21BA7A65A000C109B /* ViewController.swift */,
				3A41ADC71BA7A65A000C109B /* Images.xcassets */,
				3A41ADC91BA7A65A000C109B /* LaunchScreen.xib */,
				3A41ADBE1BA7A65A000C109B /* Supporting Files */,
				3A41ADF31BA7B543000C109B /* ewell.sleepcareforpad-Bridging-Header.h */,
			);
			path = ewell.sleepcareforpad;
			sourceTree = "<group>";
		};
		3A41ADBE1BA7A65A000C109B /* Supporting Files */ = {
			isa = PBXGroup;
			children = (
				3AA3161C1BD0DD8500FC3C40 /* sleepcare.plist */,
				3A41ADBF1BA7A65A000C109B /* Info.plist */,
			);
			name = "Supporting Files";
			sourceTree = "<group>";
		};
		3A41ADD31BA7A65A000C109B /* ewell.sleepcareforpadTests */ = {
			isa = PBXGroup;
			children = (
				3A41ADD61BA7A65A000C109B /* ewell_sleepcareforpadTests.swift */,
				3A41ADD41BA7A65A000C109B /* Supporting Files */,
			);
			path = ewell.sleepcareforpadTests;
			sourceTree = "<group>";
		};
		3A41ADD41BA7A65A000C109B /* Supporting Files */ = {
			isa = PBXGroup;
			children = (
				3A41ADD51BA7A65A000C109B /* Info.plist */,
			);
			name = "Supporting Files";
			sourceTree = "<group>";
		};
		3A41ADE01BA7B396000C109B /* ViewModel */ = {
			isa = PBXGroup;
			children = (
				2C37F1381BD093280034D9F1 /* SleepQualityPandectViewModel.swift */,
				2C3BAF121BCBA387003A2F48 /* AlarmViewModel.swift */,
				3A41ADE91BA7B438000C109B /* LoginViewModel.swift */,
				3A346BF71BCCD36200E75E4E /* SleepcareMainViewModel.swift */,
				3A325A331BD08B7B00DE4E78 /* BaseViewModel.swift */,
				3A3C377F1BD4987800080D03 /* SleepcareDetailViewModel.swift */,
			);
			name = ViewModel;
			sourceTree = "<group>";
		};
		3A41ADE11BA7B3A2000C109B /* View */ = {
			isa = PBXGroup;
			children = (
				3A4D17EF1BAF921300E0B862 /* pad */,
			);
			name = View;
			sourceTree = "<group>";
		};
		3A41ADE41BA7B3E9000C109B /* ViewController */ = {
			isa = PBXGroup;
			children = (
				3A41ADE51BA7B425000C109B /* BaseViewController.swift */,
				3A41ADE61BA7B425000C109B /* LoginController.swift */,
				3A6360281BB2900300F7F953 /* SleepcareMainController.swift */,
				3A3756211BCB58F700182DE4 /* DialogFrameController.swift */,
			);
			name = ViewController;
			sourceTree = "<group>";
		};
		3A4B85C41BB14C3F006E4CF1 /* IBLL */ = {
			isa = PBXGroup;
			children = (
				3A4B85C51BB14D34006E4CF1 /* SleepCareBussinessManager.swift */,
			);
			name = IBLL;
			sourceTree = "<group>";
		};
		3A4CD3F51BA80408002C8A1A /* Common */ = {
			isa = PBXGroup;
			children = (
				3AB43E761BD4E16B005023D3 /* Date */,
				3A35AB641BCCE8B000ED3293 /* SweetAlert.swift */,
				3A3262DD1BB912180002687B /* OSSExceptionHelper.h */,
				3A3262DE1BB912180002687B /* OSSExceptionHelper.m */,
				3A3262DF1BB912180002687B /* OSSTry.swift */,
				3A41ADED1BA7B45D000C109B /* MessageDelegate.swift */,
				3A41ADEE1BA7B45D000C109B /* ReactiveCocoa.swift */,
				3A4CD3F71BA804D2002C8A1A /* XmppMsgManager.swift */,
				3A4CD3F91BA80536002C8A1A /* CommonHelper.swift */,
				3A4CD3FE1BA808C1002C8A1A /* XmppMsgHelper.swift */,
				3A36B0201BA94E89000F4AED /* RealTimeDelegate.swift */,
				3A35AB661BCCECF000ED3293 /* Session.swift */,
			);
			name = Common;
			sourceTree = "<group>";
		};
		3A4CD3F61BA80423002C8A1A /* BLL */ = {
			isa = PBXGroup;
			children = (
				3A4B85C91BB14F28006E4CF1 /* SleepCareBussiness.swift */,
			);
			name = BLL;
			sourceTree = "<group>";
		};
		3A4CD3FB1BA80826002C8A1A /* Model */ = {
			isa = PBXGroup;
			children = (
				3AA4A7771BB2BF3F00B214C7 /* SleepCareReportList.swift */,
				3A4CD3FC1BA80852002C8A1A /* BaseMessage.swift */,
				3A36B0221BA96648000F4AED /* RealTimeReport.swift */,
				3A33EF841BAA56D700D82A4D /* MessageSubject.swift */,
				3A3D65E31BAA8E1100CEFB25 /* MessageFactory.swift */,
				3A376E411BABB3B700D70953 /* EMString.swift */,
				3A376E431BABB81100D70953 /* EMProperties.swift */,
				3A376E451BABBB1200D70953 /* User.swift */,
				3A376E471BABD54200D70953 /* Role.swift */,
				3A376E491BABD9F400D70953 /* PartInfo.swift */,
				3A376E4B1BABDA3B00D70953 /* Bed.swift */,
				3A376E4D1BABDE3500D70953 /* SignReport.swift */,
				3A4D17F01BAFB07400E0B862 /* BedUser.swift */,
				3A4D17F21BAFB83500E0B862 /* SleepCareReport.swift */,
				3A4D17F61BAFDEFF00E0B862 /* TurnOverAnalysReport.swift */,
				3A4D17F81BAFDF4800E0B862 /* TurnOverAnalysList.swift */,
				3A4D17FA1BAFE17D00E0B862 /* AlarmInfo.swift */,
				3A4D17FC1BAFE20A00E0B862 /* AlarmList.swift */,
				3A4D17FE1BAFE33C00E0B862 /* EMServiceException.swift */,
				3A4B85C71BB14DFD006E4CF1 /* Worktask.swift */,
				3A4B85CB1BB150C1006E4CF1 /* Constants.swift */,
				2C5AEC471BB397130096DF3F /* RoleList.swift */,
				2C3150A41BCDFAF300EC749E /* LeaveBedReportList.swift */,
				2C3150A61BCDFB4500EC749E /* LeaveBedReport.swift */,
			);
			name = Model;
			sourceTree = "<group>";
		};
		3A4D17EF1BAF921300E0B862 /* pad */ = {
			isa = PBXGroup;
			children = (
				2C3BAF141BCBA481003A2F48 /* AlarmView.xib */,
				3A41ADE21BA7B3D1000C109B /* LoginView.xib */,
				3A3452931BC63A5000292107 /* MainView.xib */,
				3A37561F1BCB589600182DE4 /* DialogFrame.xib */,
				3A3756251BCB5E9600182DE4 /* SleepcareList.xib */,
				2C2C067A1BCF955400AA2C8D /* SleepQualityPandect.xib */,
				3A3C37711BD48BC000080D03 /* SleepcareDetail.xib */,
			);
			name = pad;
			sourceTree = "<group>";
		};
		3A63602A1BB2905900F7F953 /* UILib */ = {
			isa = PBXGroup;
			children = (
				3A4880C61BBBA61A00C60FD2 /* Popover.swift */,
				3A697CC21BB3DA3000F02EF3 /* SleepCareTableView.swift */,
				3A697CC41BB3E13B00F02EF3 /* SleepCareTableViewCell.swift */,
				3A3262D91BB90AD00002687B /* SleepCareCollectionView.swift */,
				3A3262DB1BB90AF40002687B /* SleepCareCollectionViewCell.swift */,
				3A8759D41BB9362600535B3D /* SleepCareCollectionViewCell.xib */,
				3A4880C81BBBA66700C60FD2 /* PopDownList.swift */,
				3A309C541BC607050005F475 /* SleepCareCollectionView.xib */,
				3A41856B1BC6618900DE6F5F /* Pager.swift */,
				2C4814E01BCCD8E500663B08 /* AlarmTableViewCell.swift */,
				2C4814E11BCCD8E500663B08 /* AlarmTableViewCell.xib */,
				2C4F5FD71BCE2C70004FE6C3 /* TurnOverTableViewCell.swift */,
				2C4F5FD81BCE2C70004FE6C3 /* TurnOverTableViewCell.xib */,
				3AFB93961BCF999400042AF1 /* BackgroundCommon.swift */,
			);
			name = UILib;
			sourceTree = "<group>";
		};
		3AB43E761BD4E16B005023D3 /* Date */ = {
			isa = PBXGroup;
			children = (
				3AB43E7C1BD4E1B9005023D3 /* BizDayRule.swift */,
				3AB43E7D1BD4E1B9005023D3 /* Calendar.swift */,
				3AB43E7E1BD4E1B9005023D3 /* DateHelpers.swift */,
				3AB43E7F1BD4E1B9005023D3 /* DayCounter.swift */,
				3AB43E831BD4E1B9005023D3 /* Term.swift */,
				3AB43E771BD4E17B005023D3 /* Date.swift */,
			);
			name = Date;
			sourceTree = "<group>";
		};
		3AFF67A51BBA2F1D00C9CA20 /* Images */ = {
			isa = PBXGroup;
			children = (
				3AFF67A61BBA2F2500C9CA20 /* Pad */,
			);
			name = Images;
			sourceTree = "<group>";
		};
		3AFF67A61BBA2F2500C9CA20 /* Pad */ = {
			isa = PBXGroup;
			children = (
				3AB43E741BD4DB53005023D3 /* nextBtnDisable.png */,
				3AB43E721BD4DB45005023D3 /* previewBtnChecked.png */,
				3A3C37811BD4D89A00080D03 /* comming.png */,
				3A3C37731BD48F0A00080D03 /* sleepofThisWeek.png */,
				3A3C37741BD48F0B00080D03 /* trunrecord.png */,
				3A3C37751BD48F0B00080D03 /* leaverecord.png */,
				3A3C37761BD48F0B00080D03 /* dateIcon.png */,
				3A3C37771BD48F0B00080D03 /* sleepcareblock.png */,
				3A3C37781BD48F0B00080D03 /* hrrr.png */,
				2C6AE1151BD48713006FC007 /* searchBtn.png */,
				2C6AE1161BD48713006FC007 /* searchBtnChecked.png */,
				3AA3161A1BD0CFA500FC3C40 /* checkboxchoosed.png */,
				3AFB93881BCF96F200042AF1 /* loginBack.png */,
				3AFB93891BCF96F200042AF1 /* loginBtn.png */,
				3AFB938A1BCF96F200042AF1 /* checkbox.png */,
				3AFB938B1BCF96F200042AF1 /* loginTitle.png */,
				3AFB938C1BCF96F200042AF1 /* textboxBorder.png */,
				3AFB938D1BCF96F200042AF1 /* pwdIcon.png */,
				3AFB938E1BCF96F200042AF1 /* userIcon.png */,
				3A2F02771BCBA4E4000B16B5 /* infoHeadred.png */,
				3A9C12E01BC789C6008EC314 /* maintop.png */,
				3A9C12E11BC789C6008EC314 /* emptyBed.png */,
				3A9C12E21BC789C6008EC314 /* leaveBed.png */,
				3A9C12E31BC789C6008EC314 /* leaveView.png */,
				3A9C12E41BC789C6008EC314 /* unlineView.png */,
				3A9C12E51BC789C6008EC314 /* clock.png */,
				3A9C12E61BC789C6008EC314 /* search.png */,
				3A9C12E71BC789C6008EC314 /* dropdown.png */,
				3A9C12E81BC789C6008EC314 /* infoHead.png */,
				3A9C12EA1BC789C6008EC314 /* infoHeadblue.png */,
				3A9C12EB1BC789C6008EC314 /* BedFrame.png */,
				3A9C12EC1BC789C6008EC314 /* pagerunselected.png */,
				3A9C12ED1BC789C6008EC314 /* pagerselected.png */,
				3A9C12EE1BC789C6008EC314 /* onBed.png */,
				3A9C12EF1BC789C6008EC314 /* onBedView.png */,
				3A9C12F01BC789C6008EC314 /* transbg.png */,
				3A8604501BBA6327005FC117 /* topbg.png */,
			);
			name = Pad;
			sourceTree = "<group>";
		};
		3F28D28F10171C3606C8ADEE /* Frameworks */ = {
			isa = PBXGroup;
			children = (
				3A3D65E71BAAB67C00CEFB25 /* libxml2.2.dylib */,
				3A4CD3EF1BA802E6002C8A1A /* common.framework */,
				3A41AE1C1BA7C121000C109B /* ewell.common.framework */,
				54127559369C5508905B3990 /* libPods.a */,
			);
			name = Frameworks;
			sourceTree = "<group>";
		};
/* End PBXGroup section */

/* Begin PBXNativeTarget section */
		3A41ADBA1BA7A65A000C109B /* ewell.sleepcareforpad */ = {
			isa = PBXNativeTarget;
			buildConfigurationList = 3A41ADDA1BA7A65A000C109B /* Build configuration list for PBXNativeTarget "ewell.sleepcareforpad" */;
			buildPhases = (
				94B8FF2FEC56491759EB62A4 /* Check Pods Manifest.lock */,
				3A41ADB71BA7A65A000C109B /* Sources */,
				3A41ADB81BA7A65A000C109B /* Frameworks */,
				3A41ADB91BA7A65A000C109B /* Resources */,
				8C7EF80D5231F3785268B921 /* Copy Pods Resources */,
			);
			buildRules = (
			);
			dependencies = (
			);
			name = ewell.sleepcareforpad;
			productName = ewell.sleepcareforpad;
			productReference = 3A41ADBB1BA7A65A000C109B /* ewell.sleepcareforpad.app */;
			productType = "com.apple.product-type.application";
		};
		3A41ADCF1BA7A65A000C109B /* ewell.sleepcareforpadTests */ = {
			isa = PBXNativeTarget;
			buildConfigurationList = 3A41ADDD1BA7A65A000C109B /* Build configuration list for PBXNativeTarget "ewell.sleepcareforpadTests" */;
			buildPhases = (
				3A41ADCC1BA7A65A000C109B /* Sources */,
				3A41ADCD1BA7A65A000C109B /* Frameworks */,
				3A41ADCE1BA7A65A000C109B /* Resources */,
			);
			buildRules = (
			);
			dependencies = (
				3A41ADD21BA7A65A000C109B /* PBXTargetDependency */,
			);
			name = ewell.sleepcareforpadTests;
			productName = ewell.sleepcareforpadTests;
			productReference = 3A41ADD01BA7A65A000C109B /* ewell.sleepcareforpadTests.xctest */;
			productType = "com.apple.product-type.bundle.unit-test";
		};
/* End PBXNativeTarget section */

/* Begin PBXProject section */
		3A41ADB31BA7A65A000C109B /* Project object */ = {
			isa = PBXProject;
			attributes = {
				LastUpgradeCheck = 0630;
				ORGANIZATIONNAME = djg;
				TargetAttributes = {
					3A41ADBA1BA7A65A000C109B = {
						CreatedOnToolsVersion = 6.3;
						DevelopmentTeam = YU3566C3NH;
					};
					3A41ADCF1BA7A65A000C109B = {
						CreatedOnToolsVersion = 6.3;
						TestTargetID = 3A41ADBA1BA7A65A000C109B;
					};
				};
			};
			buildConfigurationList = 3A41ADB61BA7A65A000C109B /* Build configuration list for PBXProject "ewell.sleepcareforpad" */;
			compatibilityVersion = "Xcode 3.2";
			developmentRegion = English;
			hasScannedForEncodings = 0;
			knownRegions = (
				en,
				Base,
			);
			mainGroup = 3A41ADB21BA7A65A000C109B;
			productRefGroup = 3A41ADBC1BA7A65A000C109B /* Products */;
			projectDirPath = "";
			projectRoot = "";
			targets = (
				3A41ADBA1BA7A65A000C109B /* ewell.sleepcareforpad */,
				3A41ADCF1BA7A65A000C109B /* ewell.sleepcareforpadTests */,
			);
		};
/* End PBXProject section */

/* Begin PBXResourcesBuildPhase section */
		3A41ADB91BA7A65A000C109B /* Resources */ = {
			isa = PBXResourcesBuildPhase;
			buildActionMask = 2147483647;
			files = (
				3AFB93941BCF96F200042AF1 /* pwdIcon.png in Resources */,
				3A9C12FC1BC789C6008EC314 /* BedFrame.png in Resources */,
				3A3C377E1BD48F0B00080D03 /* hrrr.png in Resources */,
				3A41ADE31BA7B3D1000C109B /* LoginView.xib in Resources */,
				2C6AE1181BD48713006FC007 /* searchBtnChecked.png in Resources */,
				3A3C377C1BD48F0B00080D03 /* dateIcon.png in Resources */,
				3A9C12FD1BC789C6008EC314 /* pagerunselected.png in Resources */,
				3A3756201BCB589600182DE4 /* DialogFrame.xib in Resources */,
				2C2C067B1BCF955400AA2C8D /* SleepQualityPandect.xib in Resources */,
				3A9C13001BC789C6008EC314 /* onBedView.png in Resources */,
				2C3BAF151BCBA481003A2F48 /* AlarmView.xib in Resources */,
				3AFB93911BCF96F200042AF1 /* checkbox.png in Resources */,
				3AB43E731BD4DB45005023D3 /* previewBtnChecked.png in Resources */,
				2C6AE1171BD48713006FC007 /* searchBtn.png in Resources */,
				3A9C12FE1BC789C6008EC314 /* pagerselected.png in Resources */,
				3AFB93901BCF96F200042AF1 /* loginBtn.png in Resources */,
				3AFB93931BCF96F200042AF1 /* textboxBorder.png in Resources */,
				3AA3161B1BD0CFA500FC3C40 /* checkboxchoosed.png in Resources */,
				2C4814E31BCCD8E500663B08 /* AlarmTableViewCell.xib in Resources */,
				3A41ADC81BA7A65A000C109B /* Images.xcassets in Resources */,
				3A9C12FF1BC789C6008EC314 /* onBed.png in Resources */,
				3A9C12F91BC789C6008EC314 /* infoHead.png in Resources */,
				3A8604511BBA6327005FC117 /* topbg.png in Resources */,
				3A9C12F21BC789C6008EC314 /* emptyBed.png in Resources */,
				3A3C377A1BD48F0B00080D03 /* trunrecord.png in Resources */,
				3AFB938F1BCF96F200042AF1 /* loginBack.png in Resources */,
				3AFB93951BCF96F200042AF1 /* userIcon.png in Resources */,
				3A3452941BC63A5000292107 /* MainView.xib in Resources */,
				3A9C12FB1BC789C6008EC314 /* infoHeadblue.png in Resources */,
				3A9C12F61BC789C6008EC314 /* clock.png in Resources */,
				3A8759D51BB9362600535B3D /* SleepCareCollectionViewCell.xib in Resources */,
				3A9C12F51BC789C6008EC314 /* unlineView.png in Resources */,
				3AFB93921BCF96F200042AF1 /* loginTitle.png in Resources */,
				3AA3161D1BD0DD8500FC3C40 /* sleepcare.plist in Resources */,
				2C4F5FDA1BCE2C70004FE6C3 /* TurnOverTableViewCell.xib in Resources */,
				3A9C13011BC789C6008EC314 /* transbg.png in Resources */,
				3A9C12F71BC789C6008EC314 /* search.png in Resources */,
				3A3756261BCB5E9600182DE4 /* SleepcareList.xib in Resources */,
				3A9C12F41BC789C6008EC314 /* leaveView.png in Resources */,
				3A9C12F11BC789C6008EC314 /* maintop.png in Resources */,
				3A3C377B1BD48F0B00080D03 /* leaverecord.png in Resources */,
				3A3C37821BD4D89A00080D03 /* comming.png in Resources */,
				3AB43E751BD4DB53005023D3 /* nextBtnDisable.png in Resources */,
				3A2F02781BCBA4E4000B16B5 /* infoHeadred.png in Resources */,
				3A3C377D1BD48F0B00080D03 /* sleepcareblock.png in Resources */,
				3A9C12F81BC789C6008EC314 /* dropdown.png in Resources */,
				3A309C551BC607050005F475 /* SleepCareCollectionView.xib in Resources */,
				3A9C12F31BC789C6008EC314 /* leaveBed.png in Resources */,
			);
			runOnlyForDeploymentPostprocessing = 0;
		};
		3A41ADCE1BA7A65A000C109B /* Resources */ = {
			isa = PBXResourcesBuildPhase;
			buildActionMask = 2147483647;
			files = (
			);
			runOnlyForDeploymentPostprocessing = 0;
		};
/* End PBXResourcesBuildPhase section */

/* Begin PBXShellScriptBuildPhase section */
		8C7EF80D5231F3785268B921 /* Copy Pods Resources */ = {
			isa = PBXShellScriptBuildPhase;
			buildActionMask = 2147483647;
			files = (
			);
			inputPaths = (
			);
			name = "Copy Pods Resources";
			outputPaths = (
			);
			runOnlyForDeploymentPostprocessing = 0;
			shellPath = /bin/sh;
			shellScript = "\"${SRCROOT}/Pods/Target Support Files/Pods/Pods-resources.sh\"\n";
			showEnvVarsInLog = 0;
		};
		94B8FF2FEC56491759EB62A4 /* Check Pods Manifest.lock */ = {
			isa = PBXShellScriptBuildPhase;
			buildActionMask = 2147483647;
			files = (
			);
			inputPaths = (
			);
			name = "Check Pods Manifest.lock";
			outputPaths = (
			);
			runOnlyForDeploymentPostprocessing = 0;
			shellPath = /bin/sh;
			shellScript = "diff \"${PODS_ROOT}/../Podfile.lock\" \"${PODS_ROOT}/Manifest.lock\" > /dev/null\nif [[ $? != 0 ]] ; then\n    cat << EOM\nerror: The sandbox is not in sync with the Podfile.lock. Run 'pod install' or update your CocoaPods installation.\nEOM\n    exit 1\nfi\n";
			showEnvVarsInLog = 0;
		};
/* End PBXShellScriptBuildPhase section */

/* Begin PBXSourcesBuildPhase section */
		3A41ADB71BA7A65A000C109B /* Sources */ = {
			isa = PBXSourcesBuildPhase;
			buildActionMask = 2147483647;
			files = (
				3A697CC31BB3DA3000F02EF3 /* SleepCareTableView.swift in Sources */,
				3A376E441BABB81100D70953 /* EMProperties.swift in Sources */,
				3A4D17FD1BAFE20A00E0B862 /* AlarmList.swift in Sources */,
				3A4D17F71BAFDEFF00E0B862 /* TurnOverAnalysReport.swift in Sources */,
				3A4D17F31BAFB83500E0B862 /* SleepCareReport.swift in Sources */,
				3A4CD3F81BA804D2002C8A1A /* XmppMsgManager.swift in Sources */,
				3A4CD3FF1BA808C1002C8A1A /* XmppMsgHelper.swift in Sources */,
				3A41ADF01BA7B45D000C109B /* MessageDelegate.swift in Sources */,
				3A4B85C61BB14D34006E4CF1 /* SleepCareBussinessManager.swift in Sources */,
				3A3D65E41BAA8E1100CEFB25 /* MessageFactory.swift in Sources */,
				3AB43E8B1BD4E1B9005023D3 /* Calendar.swift in Sources */,
				3A41ADC31BA7A65A000C109B /* ViewController.swift in Sources */,
				3A4B85CA1BB14F28006E4CF1 /* SleepCareBussiness.swift in Sources */,
				2C3BAF171BCBA4C3003A2F48 /* AlarmView.swift in Sources */,
				3A6360291BB2900300F7F953 /* SleepcareMainController.swift in Sources */,
				3A376E4E1BABDE3500D70953 /* SignReport.swift in Sources */,
				3A3262E11BB912180002687B /* OSSTry.swift in Sources */,
				3A4880C91BBBA66700C60FD2 /* PopDownList.swift in Sources */,
				3A41ADE81BA7B425000C109B /* LoginController.swift in Sources */,
				2C37F1391BD093280034D9F1 /* SleepQualityPandectViewModel.swift in Sources */,
				3A3C37801BD4987800080D03 /* SleepcareDetailViewModel.swift in Sources */,
				3A3756221BCB58F700182DE4 /* DialogFrameController.swift in Sources */,
				3A4CD3FD1BA80852002C8A1A /* BaseMessage.swift in Sources */,
				3A35AB671BCCECF000ED3293 /* Session.swift in Sources */,
				3A4D17F11BAFB07400E0B862 /* BedUser.swift in Sources */,
				3A376E4C1BABDA3B00D70953 /* Bed.swift in Sources */,
				3A325A341BD08B7B00DE4E78 /* BaseViewModel.swift in Sources */,
				3A3262E01BB912180002687B /* OSSExceptionHelper.m in Sources */,
				3AB43E911BD4E1B9005023D3 /* Term.swift in Sources */,
				3AB43E8A1BD4E1B9005023D3 /* BizDayRule.swift in Sources */,
				3AB43E781BD4E17B005023D3 /* Date.swift in Sources */,
				3A41ADC11BA7A65A000C109B /* AppDelegate.swift in Sources */,
				3A4D17FB1BAFE17D00E0B862 /* AlarmInfo.swift in Sources */,
				3A4D17F91BAFDF4800E0B862 /* TurnOverAnalysList.swift in Sources */,
				3A36B0211BA94E89000F4AED /* RealTimeDelegate.swift in Sources */,
				3A33EF851BAA56D700D82A4D /* MessageSubject.swift in Sources */,
				3A697CC51BB3E13B00F02EF3 /* SleepCareTableViewCell.swift in Sources */,
				3A376E421BABB3B700D70953 /* EMString.swift in Sources */,
				3AA4A7781BB2BF3F00B214C7 /* SleepCareReportList.swift in Sources */,
				3A4CD3FA1BA80536002C8A1A /* CommonHelper.swift in Sources */,
				3A4B85CC1BB150C1006E4CF1 /* Constants.swift in Sources */,
				3AB43E8C1BD4E1B9005023D3 /* DateHelpers.swift in Sources */,
				3A36B0231BA96648000F4AED /* RealTimeReport.swift in Sources */,
				2C3150A51BCDFAF300EC749E /* LeaveBedReportList.swift in Sources */,
				3A41ADEA1BA7B438000C109B /* LoginViewModel.swift in Sources */,
				2C4814E21BCCD8E500663B08 /* AlarmTableViewCell.swift in Sources */,
				3A4880C71BBBA61A00C60FD2 /* Popover.swift in Sources */,
				3AB43E8D1BD4E1B9005023D3 /* DayCounter.swift in Sources */,
				3A41ADF11BA7B45D000C109B /* ReactiveCocoa.swift in Sources */,
				3A4D17FF1BAFE33C00E0B862 /* EMServiceException.swift in Sources */,
				3A35AB651BCCE8B000ED3293 /* SweetAlert.swift in Sources */,
				3A41856C1BC6618900DE6F5F /* Pager.swift in Sources */,
				3A41ADE71BA7B425000C109B /* BaseViewController.swift in Sources */,
				3A346BF81BCCD36200E75E4E /* SleepcareMainViewModel.swift in Sources */,
				3A4B85C81BB14DFD006E4CF1 /* Worktask.swift in Sources */,
				2C4F5FD91BCE2C70004FE6C3 /* TurnOverTableViewCell.swift in Sources */,
				2C3BAF131BCBA387003A2F48 /* AlarmViewModel.swift in Sources */,
				3A3262DC1BB90AF40002687B /* SleepCareCollectionViewCell.swift in Sources */,
				3A3262DA1BB90AD00002687B /* SleepCareCollectionView.swift in Sources */,
				3A3756241BCB5E7600182DE4 /* SleepCareDetail.swift in Sources */,
				3A376E461BABBB1200D70953 /* User.swift in Sources */,
				3A376E481BABD54200D70953 /* Role.swift in Sources */,
				2C3150A71BCDFB4500EC749E /* LeaveBedReport.swift in Sources */,
				2C4911BD1BD0A15400A167A9 /* SleepQualityPandectView.swift in Sources */,
				3A376E4A1BABD9F400D70953 /* PartInfo.swift in Sources */,
				3AFB93971BCF999400042AF1 /* BackgroundCommon.swift in Sources */,
				2C5AEC481BB397130096DF3F /* RoleList.swift in Sources */,
			);
			runOnlyForDeploymentPostprocessing = 0;
		};
		3A41ADCC1BA7A65A000C109B /* Sources */ = {
			isa = PBXSourcesBuildPhase;
			buildActionMask = 2147483647;
			files = (
				3A41ADD71BA7A65A000C109B /* ewell_sleepcareforpadTests.swift in Sources */,
			);
			runOnlyForDeploymentPostprocessing = 0;
		};
/* End PBXSourcesBuildPhase section */

/* Begin PBXTargetDependency section */
		3A41ADD21BA7A65A000C109B /* PBXTargetDependency */ = {
			isa = PBXTargetDependency;
			target = 3A41ADBA1BA7A65A000C109B /* ewell.sleepcareforpad */;
			targetProxy = 3A41ADD11BA7A65A000C109B /* PBXContainerItemProxy */;
		};
/* End PBXTargetDependency section */

/* Begin PBXVariantGroup section */
		3A41ADC91BA7A65A000C109B /* LaunchScreen.xib */ = {
			isa = PBXVariantGroup;
			children = (
				3A41ADCA1BA7A65A000C109B /* Base */,
			);
			name = LaunchScreen.xib;
			sourceTree = "<group>";
		};
/* End PBXVariantGroup section */

/* Begin XCBuildConfiguration section */
		3A41ADD81BA7A65A000C109B /* Debug */ = {
			isa = XCBuildConfiguration;
			buildSettings = {
				ALWAYS_SEARCH_USER_PATHS = NO;
				CLANG_CXX_LANGUAGE_STANDARD = "gnu++0x";
				CLANG_CXX_LIBRARY = "libc++";
				CLANG_ENABLE_MODULES = YES;
				CLANG_ENABLE_OBJC_ARC = YES;
				CLANG_WARN_BOOL_CONVERSION = YES;
				CLANG_WARN_CONSTANT_CONVERSION = YES;
				CLANG_WARN_DIRECT_OBJC_ISA_USAGE = YES_ERROR;
				CLANG_WARN_EMPTY_BODY = YES;
				CLANG_WARN_ENUM_CONVERSION = YES;
				CLANG_WARN_INT_CONVERSION = YES;
				CLANG_WARN_OBJC_ROOT_CLASS = YES_ERROR;
				CLANG_WARN_UNREACHABLE_CODE = YES;
				CLANG_WARN__DUPLICATE_METHOD_MATCH = YES;
				"CODE_SIGN_IDENTITY[sdk=iphoneos*]" = "iPhone Developer";
				COPY_PHASE_STRIP = NO;
				DEBUG_INFORMATION_FORMAT = "dwarf-with-dsym";
				ENABLE_STRICT_OBJC_MSGSEND = YES;
				GCC_C_LANGUAGE_STANDARD = gnu99;
				GCC_DYNAMIC_NO_PIC = NO;
				GCC_NO_COMMON_BLOCKS = YES;
				GCC_OPTIMIZATION_LEVEL = 0;
				GCC_PREPROCESSOR_DEFINITIONS = (
					"DEBUG=1",
					"$(inherited)",
				);
				GCC_SYMBOLS_PRIVATE_EXTERN = NO;
				GCC_WARN_64_TO_32_BIT_CONVERSION = YES;
				GCC_WARN_ABOUT_RETURN_TYPE = YES_ERROR;
				GCC_WARN_UNDECLARED_SELECTOR = YES;
				GCC_WARN_UNINITIALIZED_AUTOS = YES_AGGRESSIVE;
				GCC_WARN_UNUSED_FUNCTION = YES;
				GCC_WARN_UNUSED_VARIABLE = YES;
				IPHONEOS_DEPLOYMENT_TARGET = 8.3;
				MTL_ENABLE_DEBUG_INFO = YES;
				ONLY_ACTIVE_ARCH = YES;
				SDKROOT = iphoneos;
				SWIFT_OPTIMIZATION_LEVEL = "-Onone";
			};
			name = Debug;
		};
		3A41ADD91BA7A65A000C109B /* Release */ = {
			isa = XCBuildConfiguration;
			buildSettings = {
				ALWAYS_SEARCH_USER_PATHS = NO;
				CLANG_CXX_LANGUAGE_STANDARD = "gnu++0x";
				CLANG_CXX_LIBRARY = "libc++";
				CLANG_ENABLE_MODULES = YES;
				CLANG_ENABLE_OBJC_ARC = YES;
				CLANG_WARN_BOOL_CONVERSION = YES;
				CLANG_WARN_CONSTANT_CONVERSION = YES;
				CLANG_WARN_DIRECT_OBJC_ISA_USAGE = YES_ERROR;
				CLANG_WARN_EMPTY_BODY = YES;
				CLANG_WARN_ENUM_CONVERSION = YES;
				CLANG_WARN_INT_CONVERSION = YES;
				CLANG_WARN_OBJC_ROOT_CLASS = YES_ERROR;
				CLANG_WARN_UNREACHABLE_CODE = YES;
				CLANG_WARN__DUPLICATE_METHOD_MATCH = YES;
				"CODE_SIGN_IDENTITY[sdk=iphoneos*]" = "iPhone Developer";
				COPY_PHASE_STRIP = NO;
				DEBUG_INFORMATION_FORMAT = "dwarf-with-dsym";
				ENABLE_NS_ASSERTIONS = NO;
				ENABLE_STRICT_OBJC_MSGSEND = YES;
				GCC_C_LANGUAGE_STANDARD = gnu99;
				GCC_NO_COMMON_BLOCKS = YES;
				GCC_WARN_64_TO_32_BIT_CONVERSION = YES;
				GCC_WARN_ABOUT_RETURN_TYPE = YES_ERROR;
				GCC_WARN_UNDECLARED_SELECTOR = YES;
				GCC_WARN_UNINITIALIZED_AUTOS = YES_AGGRESSIVE;
				GCC_WARN_UNUSED_FUNCTION = YES;
				GCC_WARN_UNUSED_VARIABLE = YES;
				IPHONEOS_DEPLOYMENT_TARGET = 8.3;
				MTL_ENABLE_DEBUG_INFO = NO;
				SDKROOT = iphoneos;
				VALIDATE_PRODUCT = YES;
			};
			name = Release;
		};
		3A41ADDB1BA7A65A000C109B /* Debug */ = {
			isa = XCBuildConfiguration;
			baseConfigurationReference = 5E7856675DBD0F8296CBE665 /* Pods.debug.xcconfig */;
			buildSettings = {
				ASSETCATALOG_COMPILER_APPICON_NAME = AppIcon;
				CLANG_ENABLE_MODULES = YES;
				CLANG_ENABLE_OBJC_ARC = YES;
				CODE_SIGN_IDENTITY = "iPhone Developer";
				"CODE_SIGN_IDENTITY[sdk=iphoneos*]" = "iPhone Developer";
				FRAMEWORK_SEARCH_PATHS = (
					"$(inherited)",
					"$(PROJECT_DIR)/ewell.common/build/Debug-iphoneos",
					"$(PROJECT_DIR)/common/build/Debug-iphoneos",
				);
				HEADER_SEARCH_PATHS = (
					"$(inherited)",
					"$(SDKROOT)/usr/include/libxml2/**",
					"$(PODS_ROOT)/XMPPFramework/module",
					"$(SDKROOT)/usr/include/libresolv",
					"$(inherited)",
					"\"${PODS_ROOT}/Headers/Public\"",
					"\"${PODS_ROOT}/Headers/Public/AFNetworking\"",
					"\"${PODS_ROOT}/Headers/Public/CocoaAsyncSocket\"",
					"\"${PODS_ROOT}/Headers/Public/CocoaLumberjack\"",
					"\"${PODS_ROOT}/Headers/Public/ReactiveCocoa\"",
					"\"${PODS_ROOT}/Headers/Public/XMPPFramework\"",
					"$(inherited)",
					"$(SDKROOT)/usr/include/libxml2",
					"$(PODS_ROOT)/XMPPFramework/module",
					"$(SDKROOT)/usr/include/libresolv",
					"$(inherited)",
					"$(SDKROOT)/usr/include/libxml2",
					"$(PODS_ROOT)/XMPPFramework/module",
					"$(SDKROOT)/usr/include/libresolv",
				);
				INFOPLIST_FILE = ewell.sleepcareforpad/Info.plist;
				IPHONEOS_DEPLOYMENT_TARGET = 7.1;
				LD_RUNPATH_SEARCH_PATHS = "$(inherited) @executable_path/Frameworks";
				PRODUCT_NAME = "$(TARGET_NAME)";
				PROVISIONING_PROFILE = "";
				SWIFT_OBJC_BRIDGING_HEADER = "ewell.sleepcareforpad/ewell.sleepcareforpad-Bridging-Header.h";
				SWIFT_OPTIMIZATION_LEVEL = "-Onone";
				TARGETED_DEVICE_FAMILY = "1,2";
			};
			name = Debug;
		};
		3A41ADDC1BA7A65A000C109B /* Release */ = {
			isa = XCBuildConfiguration;
			baseConfigurationReference = 8E709AD7A0D77B12CA43D3D0 /* Pods.release.xcconfig */;
			buildSettings = {
				ASSETCATALOG_COMPILER_APPICON_NAME = AppIcon;
				CLANG_ENABLE_MODULES = YES;
				CLANG_ENABLE_OBJC_ARC = YES;
				CODE_SIGN_IDENTITY = "iPhone Developer";
				"CODE_SIGN_IDENTITY[sdk=iphoneos*]" = "iPhone Developer";
				FRAMEWORK_SEARCH_PATHS = (
					"$(inherited)",
					"$(PROJECT_DIR)/ewell.common/build/Debug-iphoneos",
					"$(PROJECT_DIR)/common/build/Debug-iphoneos",
				);
				HEADER_SEARCH_PATHS = (
					"$(inherited)",
					"$(SDKROOT)/usr/include/libxml2/**",
					"$(PODS_ROOT)/XMPPFramework/module",
					"$(SDKROOT)/usr/include/libresolv",
					"$(inherited)",
					"\"${PODS_ROOT}/Headers/Public\"",
					"\"${PODS_ROOT}/Headers/Public/AFNetworking\"",
					"\"${PODS_ROOT}/Headers/Public/CocoaAsyncSocket\"",
					"\"${PODS_ROOT}/Headers/Public/CocoaLumberjack\"",
					"\"${PODS_ROOT}/Headers/Public/ReactiveCocoa\"",
					"\"${PODS_ROOT}/Headers/Public/XMPPFramework\"",
					"$(inherited)",
					"$(SDKROOT)/usr/include/libxml2",
					"$(PODS_ROOT)/XMPPFramework/module",
					"$(SDKROOT)/usr/include/libresolv",
					"$(inherited)",
					"$(SDKROOT)/usr/include/libxml2",
					"$(PODS_ROOT)/XMPPFramework/module",
					"$(SDKROOT)/usr/include/libresolv",
				);
				INFOPLIST_FILE = ewell.sleepcareforpad/Info.plist;
				IPHONEOS_DEPLOYMENT_TARGET = 7.1;
				LD_RUNPATH_SEARCH_PATHS = "$(inherited) @executable_path/Frameworks";
				PRODUCT_NAME = "$(TARGET_NAME)";
				PROVISIONING_PROFILE = "";
				SWIFT_OBJC_BRIDGING_HEADER = "ewell.sleepcareforpad/ewell.sleepcareforpad-Bridging-Header.h";
				TARGETED_DEVICE_FAMILY = "1,2";
			};
			name = Release;
		};
		3A41ADDE1BA7A65A000C109B /* Debug */ = {
			isa = XCBuildConfiguration;
			buildSettings = {
				BUNDLE_LOADER = "$(TEST_HOST)";
				FRAMEWORK_SEARCH_PATHS = (
					"$(SDKROOT)/Developer/Library/Frameworks",
					"$(inherited)",
				);
				GCC_PREPROCESSOR_DEFINITIONS = (
					"DEBUG=1",
					"$(inherited)",
				);
				INFOPLIST_FILE = ewell.sleepcareforpadTests/Info.plist;
				LD_RUNPATH_SEARCH_PATHS = "$(inherited) @executable_path/Frameworks @loader_path/Frameworks";
				PRODUCT_NAME = "$(TARGET_NAME)";
				TEST_HOST = "$(BUILT_PRODUCTS_DIR)/ewell.sleepcareforpad.app/ewell.sleepcareforpad";
			};
			name = Debug;
		};
		3A41ADDF1BA7A65A000C109B /* Release */ = {
			isa = XCBuildConfiguration;
			buildSettings = {
				BUNDLE_LOADER = "$(TEST_HOST)";
				FRAMEWORK_SEARCH_PATHS = (
					"$(SDKROOT)/Developer/Library/Frameworks",
					"$(inherited)",
				);
				INFOPLIST_FILE = ewell.sleepcareforpadTests/Info.plist;
				LD_RUNPATH_SEARCH_PATHS = "$(inherited) @executable_path/Frameworks @loader_path/Frameworks";
				PRODUCT_NAME = "$(TARGET_NAME)";
				TEST_HOST = "$(BUILT_PRODUCTS_DIR)/ewell.sleepcareforpad.app/ewell.sleepcareforpad";
			};
			name = Release;
		};
/* End XCBuildConfiguration section */

/* Begin XCConfigurationList section */
		3A41ADB61BA7A65A000C109B /* Build configuration list for PBXProject "ewell.sleepcareforpad" */ = {
			isa = XCConfigurationList;
			buildConfigurations = (
				3A41ADD81BA7A65A000C109B /* Debug */,
				3A41ADD91BA7A65A000C109B /* Release */,
			);
			defaultConfigurationIsVisible = 0;
			defaultConfigurationName = Release;
		};
		3A41ADDA1BA7A65A000C109B /* Build configuration list for PBXNativeTarget "ewell.sleepcareforpad" */ = {
			isa = XCConfigurationList;
			buildConfigurations = (
				3A41ADDB1BA7A65A000C109B /* Debug */,
				3A41ADDC1BA7A65A000C109B /* Release */,
			);
			defaultConfigurationIsVisible = 0;
			defaultConfigurationName = Release;
		};
		3A41ADDD1BA7A65A000C109B /* Build configuration list for PBXNativeTarget "ewell.sleepcareforpadTests" */ = {
			isa = XCConfigurationList;
			buildConfigurations = (
				3A41ADDE1BA7A65A000C109B /* Debug */,
				3A41ADDF1BA7A65A000C109B /* Release */,
			);
			defaultConfigurationIsVisible = 0;
			defaultConfigurationName = Release;
		};
/* End XCConfigurationList section */
	};
	rootObject = 3A41ADB31BA7A65A000C109B /* Project object */;
}
